PODS:
  - gtm-http-fetcher (1.0.141)
  - gtm-oauth2 (1.0.126):
    - gtm-http-fetcher (~> 1.0.141)
  - Obj-C-FusionTables (2.0.1):
    - gtm-oauth2 (~> 1.0.126)

DEPENDENCIES:
  - Obj-C-FusionTables

SPEC CHECKSUMS:
  gtm-http-fetcher: 6d4617e7d343b6e4c082b777541c334eb6f5d81e
  gtm-oauth2: 2a18b824e4f8a02df6cfe987beb59ae9d9697f9d
  Obj-C-FusionTables: da30e6ee711f5319479aee3ba4501429e29f8386

PODFILE CHECKSUM: fd2ba130d9b4fae2082cd8035484d64070b9c056

COCOAPODS: 1.0.0.beta.2
