PODS:
  - gtm-http-fetcher (1.0.141)
  - gtm-oauth2 (1.0.126):
    - gtm-http-fetcher (~> 1.0.141)

DEPENDENCIES:
  - gtm-oauth2 (~> 1.0.126)

SPEC CHECKSUMS:
  gtm-http-fetcher: 6d4617e7d343b6e4c082b777541c334eb6f5d81e
  gtm-oauth2: 2a18b824e4f8a02df6cfe987beb59ae9d9697f9d

PODFILE CHECKSUM: 0ceee9bb899022aee5be08657a868d31d7bb87a8

COCOAPODS: 1.0.0.beta.2
