// !$*UTF8*$!
{
	archiveVersion = 1;
	classes = {
	};
	objectVersion = 46;
	objects = {

/* Begin PBXBuildFile section */
		5704C5B317AFDC0F0026A12D /* fusion_tables_img@2x.png in Resources */ = {isa = PBXBuildFile; fileRef = 5704C5B217AFDC0F0026A12D /* fusion_tables_img@2x.png */; };
		570E673317B92D5100EB8425 /* ObjCFusionTablesFTAPIResourceTests.m in Sources */ = {isa = PBXBuildFile; fileRef = 570E673217B92D5100EB8425 /* ObjCFusionTablesFTAPIResourceTests.m */; };
		57124BDA17B0D3BF0003A1F9 /* AppGeneralServicesController.m in Sources */ = {isa = PBXBuildFile; fileRef = 57124BD917B0D3BF0003A1F9 /* AppGeneralServicesController.m */; };
		57124BDD17B0D50F0003A1F9 /* DefaultTheme.m in Sources */ = {isa = PBXBuildFile; fileRef = 57124BDC17B0D50F0003A1F9 /* DefaultTheme.m */; };
		57124BE017B0D5260003A1F9 /* TintedTheme.m in Sources */ = {isa = PBXBuildFile; fileRef = 57124BDF17B0D5260003A1F9 /* TintedTheme.m */; };
		57124BE417B0D64A0003A1F9 /* custom-back-btn@2x.png in Resources */ = {isa = PBXBuildFile; fileRef = 57124BE217B0D64A0003A1F9 /* custom-back-btn@2x.png */; };
		57124BE717B0D78F0003A1F9 /* QuartzCore.framework in Frameworks */ = {isa = PBXBuildFile; fileRef = 57124BE617B0D78F0003A1F9 /* QuartzCore.framework */; };
		57124BEB17B0DAA40003A1F9 /* done-editing@2x.png in Resources */ = {isa = PBXBuildFile; fileRef = 57124BE917B0DAA40003A1F9 /* done-editing@2x.png */; };
		57124BED17B0DC590003A1F9 /* start-editing@2x.png in Resources */ = {isa = PBXBuildFile; fileRef = 57124BEC17B0DC590003A1F9 /* start-editing@2x.png */; };
		57124BEF17B0DDE40003A1F9 /* add-icon@2x.png in Resources */ = {isa = PBXBuildFile; fileRef = 57124BEE17B0DDE40003A1F9 /* add-icon@2x.png */; };
		57162A5117AE4DBA007DDDD2 /* FusionTablesViewController.m in Sources */ = {isa = PBXBuildFile; fileRef = 57162A4F17AE4DBA007DDDD2 /* FusionTablesViewController.m */; };
		57162A5217AE4DBA007DDDD2 /* FusionTablesViewController.xib in Resources */ = {isa = PBXBuildFile; fileRef = 57162A5017AE4DBA007DDDD2 /* FusionTablesViewController.xib */; };
		5778303E17B9FBDC002A5CF6 /* FTResourceTestBase.m in Sources */ = {isa = PBXBuildFile; fileRef = 5778303D17B9FBDC002A5CF6 /* FTResourceTestBase.m */; };
		578180E017AA995A00434135 /* GTMHTTPFetcher.m in Sources */ = {isa = PBXBuildFile; fileRef = 578180D817AA995A00434135 /* GTMHTTPFetcher.m */; settings = {COMPILER_FLAGS = "-fno-objc-arc"; }; };
		578180E117AA995A00434135 /* GTMOAuth2Authentication.m in Sources */ = {isa = PBXBuildFile; fileRef = 578180DA17AA995A00434135 /* GTMOAuth2Authentication.m */; settings = {COMPILER_FLAGS = "-fno-objc-arc"; }; };
		578180E217AA995A00434135 /* GTMOAuth2SignIn.m in Sources */ = {isa = PBXBuildFile; fileRef = 578180DC17AA995A00434135 /* GTMOAuth2SignIn.m */; settings = {COMPILER_FLAGS = "-fno-objc-arc"; }; };
		578180E317AA995A00434135 /* GTMOAuth2ViewControllerTouch.m in Sources */ = {isa = PBXBuildFile; fileRef = 578180DE17AA995A00434135 /* GTMOAuth2ViewControllerTouch.m */; settings = {COMPILER_FLAGS = "-fno-objc-arc"; }; };
		578180E417AA995A00434135 /* GTMOAuth2ViewTouch.xib in Resources */ = {isa = PBXBuildFile; fileRef = 578180DF17AA995A00434135 /* GTMOAuth2ViewTouch.xib */; };
		578180E817ABF19700434135 /* MessageUI.framework in Frameworks */ = {isa = PBXBuildFile; fileRef = 578180E717ABF19700434135 /* MessageUI.framework */; };
		578CE61B17BE8D6D003CFD0A /* FTSQLQueryResource.m in Sources */ = {isa = PBXBuildFile; fileRef = 578CE61A17BE8D6D003CFD0A /* FTSQLQueryResource.m */; };
		578CE61E17BF5A02003CFD0A /* FTSQLQuery.m in Sources */ = {isa = PBXBuildFile; fileRef = 578CE61D17BF5A02003CFD0A /* FTSQLQuery.m */; };
		578CE62117BF9C08003CFD0A /* ObjCFusionTablesSQLQueryResourceTests.m in Sources */ = {isa = PBXBuildFile; fileRef = 578CE62017BF9C08003CFD0A /* ObjCFusionTablesSQLQueryResourceTests.m */; };
		57A7DE9317AA37FB00E74167 /* UIKit.framework in Frameworks */ = {isa = PBXBuildFile; fileRef = 57A7DE9217AA37FB00E74167 /* UIKit.framework */; };
		57A7DE9517AA37FB00E74167 /* Foundation.framework in Frameworks */ = {isa = PBXBuildFile; fileRef = 57A7DE9417AA37FB00E74167 /* Foundation.framework */; };
		57A7DE9717AA37FB00E74167 /* CoreGraphics.framework in Frameworks */ = {isa = PBXBuildFile; fileRef = 57A7DE9617AA37FB00E74167 /* CoreGraphics.framework */; };
		57A7DE9D17AA37FB00E74167 /* InfoPlist.strings in Resources */ = {isa = PBXBuildFile; fileRef = 57A7DE9B17AA37FB00E74167 /* InfoPlist.strings */; };
		57A7DE9F17AA37FB00E74167 /* main.m in Sources */ = {isa = PBXBuildFile; fileRef = 57A7DE9E17AA37FB00E74167 /* main.m */; };
		57A7DEA517AA37FB00E74167 /* Default.png in Resources */ = {isa = PBXBuildFile; fileRef = 57A7DEA417AA37FB00E74167 /* Default.png */; };
		57A7DEA717AA37FB00E74167 /* Default@2x.png in Resources */ = {isa = PBXBuildFile; fileRef = 57A7DEA617AA37FB00E74167 /* Default@2x.png */; };
		57A7DEA917AA37FB00E74167 /* Default-568h@2x.png in Resources */ = {isa = PBXBuildFile; fileRef = 57A7DEA817AA37FB00E74167 /* Default-568h@2x.png */; };
		57A7DEB717AA37FB00E74167 /* SenTestingKit.framework in Frameworks */ = {isa = PBXBuildFile; fileRef = 57A7DEB617AA37FB00E74167 /* SenTestingKit.framework */; };
		57A7DEB817AA37FB00E74167 /* UIKit.framework in Frameworks */ = {isa = PBXBuildFile; fileRef = 57A7DE9217AA37FB00E74167 /* UIKit.framework */; };
		57A7DEB917AA37FB00E74167 /* Foundation.framework in Frameworks */ = {isa = PBXBuildFile; fileRef = 57A7DE9417AA37FB00E74167 /* Foundation.framework */; };
		57A7DEC117AA37FB00E74167 /* InfoPlist.strings in Resources */ = {isa = PBXBuildFile; fileRef = 57A7DEBF17AA37FB00E74167 /* InfoPlist.strings */; };
		57A7DECF17AA385A00E74167 /* AppDelegate.m in Sources */ = {isa = PBXBuildFile; fileRef = 57A7DECE17AA385A00E74167 /* AppDelegate.m */; };
		57A7DED317AA387A00E74167 /* GoogleServicesHelper.m in Sources */ = {isa = PBXBuildFile; fileRef = 57A7DED217AA387A00E74167 /* GoogleServicesHelper.m */; };
		57A7DED917AA394700E74167 /* sampleInsertData.plist in Resources */ = {isa = PBXBuildFile; fileRef = 57A7DED717AA394700E74167 /* sampleInsertData.plist */; };
		57A7DEDA17AA394700E74167 /* sampleUpdateData.plist in Resources */ = {isa = PBXBuildFile; fileRef = 57A7DED817AA394700E74167 /* sampleUpdateData.plist */; };
		57A7DEEA17AA39A900E74167 /* SampleViewControllerFTBaseSection.m in Sources */ = {isa = PBXBuildFile; fileRef = 57A7DEE117AA39A900E74167 /* SampleViewControllerFTBaseSection.m */; };
		57A7DEEC17AA39A900E74167 /* SampleViewControllerFTStylingSection.m in Sources */ = {isa = PBXBuildFile; fileRef = 57A7DEE517AA39A900E74167 /* SampleViewControllerFTStylingSection.m */; };
		57A7DEED17AA39A900E74167 /* SampleViewControllerInsertFTRowsSection.m in Sources */ = {isa = PBXBuildFile; fileRef = 57A7DEE717AA39A900E74167 /* SampleViewControllerInsertFTRowsSection.m */; };
		57A7DEEE17AA39A900E74167 /* SampleViewControllerFTSharingSection.m in Sources */ = {isa = PBXBuildFile; fileRef = 57A7DEE917AA39A900E74167 /* SampleViewControllerFTSharingSection.m */; };
		57A7DEF417AA39C000E74167 /* SampleViewControllerUIController.m in Sources */ = {isa = PBXBuildFile; fileRef = 57A7DEF017AA39C000E74167 /* SampleViewControllerUIController.m */; };
		57A7DEF517AA39C000E74167 /* SampleViewController.m in Sources */ = {isa = PBXBuildFile; fileRef = 57A7DEF217AA39C000E74167 /* SampleViewController.m */; };
		57A7DEFF17AA3A0900E74167 /* GroupedTableSectionController.m in Sources */ = {isa = PBXBuildFile; fileRef = 57A7DEF917AA3A0900E74167 /* GroupedTableSectionController.m */; };
		57A7DF0017AA3A0900E74167 /* GroupedTableUIController.m in Sources */ = {isa = PBXBuildFile; fileRef = 57A7DEFB17AA3A0900E74167 /* GroupedTableUIController.m */; };
		57A7DF0117AA3A0900E74167 /* GroupedTableViewController.m in Sources */ = {isa = PBXBuildFile; fileRef = 57A7DEFD17AA3A0900E74167 /* GroupedTableViewController.m */; };
		57A7DF0217AA3A0900E74167 /* GroupedTableViewController.xib in Resources */ = {isa = PBXBuildFile; fileRef = 57A7DEFE17AA3A0900E74167 /* GroupedTableViewController.xib */; };
		57A7DF1017AA3A1F00E74167 /* GoogleAPIKeys.plist in Resources */ = {isa = PBXBuildFile; fileRef = 57A7DF0317AA3A1F00E74167 /* GoogleAPIKeys.plist */; };
		57A7DF1117AA3A1F00E74167 /* GoogleAuthorizationController.m in Sources */ = {isa = PBXBuildFile; fileRef = 57A7DF0517AA3A1F00E74167 /* GoogleAuthorizationController.m */; };
		57A7DF1217AA3A1F00E74167 /* FTAPIResource.m in Sources */ = {isa = PBXBuildFile; fileRef = 57A7DF0717AA3A1F00E74167 /* FTAPIResource.m */; };
		57A7DF1317AA3A1F00E74167 /* FTTable.m in Sources */ = {isa = PBXBuildFile; fileRef = 57A7DF0917AA3A1F00E74167 /* FTTable.m */; };
		57A7DF1417AA3A1F00E74167 /* FTStyle.m in Sources */ = {isa = PBXBuildFile; fileRef = 57A7DF0B17AA3A1F00E74167 /* FTStyle.m */; };
		57A7DF1517AA3A1F00E74167 /* FTTemplate.m in Sources */ = {isa = PBXBuildFile; fileRef = 57A7DF0D17AA3A1F00E74167 /* FTTemplate.m */; };
		57A7DF2D17AA3A8900E74167 /* CellAccessoryActionBtnPressed.png in Resources */ = {isa = PBXBuildFile; fileRef = 57A7DF2717AA3A8900E74167 /* CellAccessoryActionBtnPressed.png */; };
		57A7DF2E17AA3A8900E74167 /* CellAccessoryActionBtn.png in Resources */ = {isa = PBXBuildFile; fileRef = 57A7DF2817AA3A8900E74167 /* CellAccessoryActionBtn.png */; };
		57A7DF2F17AA3A8900E74167 /* CellAccessoryActionBtnPressed@2x.png in Resources */ = {isa = PBXBuildFile; fileRef = 57A7DF2917AA3A8900E74167 /* CellAccessoryActionBtnPressed@2x.png */; };
		57A7DF3017AA3A8900E74167 /* CellAccessoryActionBtn@2x.png in Resources */ = {isa = PBXBuildFile; fileRef = 57A7DF2A17AA3A8900E74167 /* CellAccessoryActionBtn@2x.png */; };
		57A7DF3117AA3A8900E74167 /* GenericButtonNormal@2x.png in Resources */ = {isa = PBXBuildFile; fileRef = 57A7DF2B17AA3A8900E74167 /* GenericButtonNormal@2x.png */; };
		57A7DF3217AA3A8900E74167 /* GenericButtonPushed@2x.png in Resources */ = {isa = PBXBuildFile; fileRef = 57A7DF2C17AA3A8900E74167 /* GenericButtonPushed@2x.png */; };
		57A7DF3417AA3AA700E74167 /* SystemConfiguration.framework in Frameworks */ = {isa = PBXBuildFile; fileRef = 57A7DF3317AA3AA700E74167 /* SystemConfiguration.framework */; };
		57A7DF3617AA3AAE00E74167 /* Security.framework in Frameworks */ = {isa = PBXBuildFile; fileRef = 57A7DF3517AA3AAE00E74167 /* Security.framework */; };
		57F0B16D17B0EBAA00302E3C /* AppIconsController.m in Sources */ = {isa = PBXBuildFile; fileRef = 57F0B16C17B0EBAA00302E3C /* AppIconsController.m */; };
		57FBFBC617AD6B9B00A275BA /* FTSQLQueryBuilder.m in Sources */ = {isa = PBXBuildFile; fileRef = 57FBFBC517AD6B9B00A275BA /* FTSQLQueryBuilder.m */; };
/* End PBXBuildFile section */

/* Begin PBXContainerItemProxy section */
		57A7DEBA17AA37FB00E74167 /* PBXContainerItemProxy */ = {
			isa = PBXContainerItemProxy;
			containerPortal = 57A7DE8717AA37FA00E74167 /* Project object */;
			proxyType = 1;
			remoteGlobalIDString = 57A7DE8E17AA37FB00E74167;
			remoteInfo = "Obj-C-FusionTables";
		};
/* End PBXContainerItemProxy section */

/* Begin PBXFileReference section */
		5704C5B217AFDC0F0026A12D /* fusion_tables_img@2x.png */ = {isa = PBXFileReference; lastKnownFileType = image.png; path = "fusion_tables_img@2x.png"; sourceTree = "<group>"; };
		570E673117B92D5100EB8425 /* ObjCFusionTablesFTAPIResourceTests.h */ = {isa = PBXFileReference; fileEncoding = 4; lastKnownFileType = sourcecode.c.h; path = ObjCFusionTablesFTAPIResourceTests.h; sourceTree = "<group>"; };
		570E673217B92D5100EB8425 /* ObjCFusionTablesFTAPIResourceTests.m */ = {isa = PBXFileReference; fileEncoding = 4; lastKnownFileType = sourcecode.c.objc; path = ObjCFusionTablesFTAPIResourceTests.m; sourceTree = "<group>"; };
		57124BD817B0D3BF0003A1F9 /* AppGeneralServicesController.h */ = {isa = PBXFileReference; fileEncoding = 4; lastKnownFileType = sourcecode.c.h; path = AppGeneralServicesController.h; sourceTree = "<group>"; };
		57124BD917B0D3BF0003A1F9 /* AppGeneralServicesController.m */ = {isa = PBXFileReference; fileEncoding = 4; lastKnownFileType = sourcecode.c.objc; path = AppGeneralServicesController.m; sourceTree = "<group>"; };
		57124BDB17B0D50F0003A1F9 /* DefaultTheme.h */ = {isa = PBXFileReference; fileEncoding = 4; lastKnownFileType = sourcecode.c.h; path = DefaultTheme.h; sourceTree = "<group>"; };
		57124BDC17B0D50F0003A1F9 /* DefaultTheme.m */ = {isa = PBXFileReference; fileEncoding = 4; lastKnownFileType = sourcecode.c.objc; path = DefaultTheme.m; sourceTree = "<group>"; };
		57124BDE17B0D5260003A1F9 /* TintedTheme.h */ = {isa = PBXFileReference; fileEncoding = 4; lastKnownFileType = sourcecode.c.h; path = TintedTheme.h; sourceTree = "<group>"; };
		57124BDF17B0D5260003A1F9 /* TintedTheme.m */ = {isa = PBXFileReference; fileEncoding = 4; lastKnownFileType = sourcecode.c.objc; path = TintedTheme.m; sourceTree = "<group>"; };
		57124BE217B0D64A0003A1F9 /* custom-back-btn@2x.png */ = {isa = PBXFileReference; lastKnownFileType = image.png; path = "custom-back-btn@2x.png"; sourceTree = "<group>"; };
		57124BE617B0D78F0003A1F9 /* QuartzCore.framework */ = {isa = PBXFileReference; lastKnownFileType = wrapper.framework; name = QuartzCore.framework; path = System/Library/Frameworks/QuartzCore.framework; sourceTree = SDKROOT; };
		57124BE917B0DAA40003A1F9 /* done-editing@2x.png */ = {isa = PBXFileReference; lastKnownFileType = image.png; path = "done-editing@2x.png"; sourceTree = "<group>"; };
		57124BEC17B0DC590003A1F9 /* start-editing@2x.png */ = {isa = PBXFileReference; lastKnownFileType = image.png; path = "start-editing@2x.png"; sourceTree = "<group>"; };
		57124BEE17B0DDE40003A1F9 /* add-icon@2x.png */ = {isa = PBXFileReference; lastKnownFileType = image.png; path = "add-icon@2x.png"; sourceTree = "<group>"; };
		57162A4E17AE4DBA007DDDD2 /* FusionTablesViewController.h */ = {isa = PBXFileReference; fileEncoding = 4; lastKnownFileType = sourcecode.c.h; path = FusionTablesViewController.h; sourceTree = "<group>"; };
		57162A4F17AE4DBA007DDDD2 /* FusionTablesViewController.m */ = {isa = PBXFileReference; fileEncoding = 4; lastKnownFileType = sourcecode.c.objc; path = FusionTablesViewController.m; sourceTree = "<group>"; };
		57162A5017AE4DBA007DDDD2 /* FusionTablesViewController.xib */ = {isa = PBXFileReference; fileEncoding = 4; lastKnownFileType = file.xib; path = FusionTablesViewController.xib; sourceTree = "<group>"; };
		5778303C17B9FBDC002A5CF6 /* FTResourceTestBase.h */ = {isa = PBXFileReference; fileEncoding = 4; lastKnownFileType = sourcecode.c.h; path = FTResourceTestBase.h; sourceTree = "<group>"; };
		5778303D17B9FBDC002A5CF6 /* FTResourceTestBase.m */ = {isa = PBXFileReference; fileEncoding = 4; lastKnownFileType = sourcecode.c.objc; path = FTResourceTestBase.m; sourceTree = "<group>"; };
		578180D717AA995A00434135 /* GTMHTTPFetcher.h */ = {isa = PBXFileReference; fileEncoding = 4; lastKnownFileType = sourcecode.c.h; path = GTMHTTPFetcher.h; sourceTree = "<group>"; };
		578180D817AA995A00434135 /* GTMHTTPFetcher.m */ = {isa = PBXFileReference; fileEncoding = 4; lastKnownFileType = sourcecode.c.objc; path = GTMHTTPFetcher.m; sourceTree = "<group>"; };
		578180D917AA995A00434135 /* GTMOAuth2Authentication.h */ = {isa = PBXFileReference; fileEncoding = 4; lastKnownFileType = sourcecode.c.h; path = GTMOAuth2Authentication.h; sourceTree = "<group>"; };
		578180DA17AA995A00434135 /* GTMOAuth2Authentication.m */ = {isa = PBXFileReference; fileEncoding = 4; lastKnownFileType = sourcecode.c.objc; path = GTMOAuth2Authentication.m; sourceTree = "<group>"; };
		578180DB17AA995A00434135 /* GTMOAuth2SignIn.h */ = {isa = PBXFileReference; fileEncoding = 4; lastKnownFileType = sourcecode.c.h; path = GTMOAuth2SignIn.h; sourceTree = "<group>"; };
		578180DC17AA995A00434135 /* GTMOAuth2SignIn.m */ = {isa = PBXFileReference; fileEncoding = 4; lastKnownFileType = sourcecode.c.objc; path = GTMOAuth2SignIn.m; sourceTree = "<group>"; };
		578180DD17AA995A00434135 /* GTMOAuth2ViewControllerTouch.h */ = {isa = PBXFileReference; fileEncoding = 4; lastKnownFileType = sourcecode.c.h; path = GTMOAuth2ViewControllerTouch.h; sourceTree = "<group>"; };
		578180DE17AA995A00434135 /* GTMOAuth2ViewControllerTouch.m */ = {isa = PBXFileReference; fileEncoding = 4; lastKnownFileType = sourcecode.c.objc; path = GTMOAuth2ViewControllerTouch.m; sourceTree = "<group>"; };
		578180DF17AA995A00434135 /* GTMOAuth2ViewTouch.xib */ = {isa = PBXFileReference; fileEncoding = 4; lastKnownFileType = file.xib; path = GTMOAuth2ViewTouch.xib; sourceTree = "<group>"; };
		578180E717ABF19700434135 /* MessageUI.framework */ = {isa = PBXFileReference; lastKnownFileType = wrapper.framework; name = MessageUI.framework; path = System/Library/Frameworks/MessageUI.framework; sourceTree = SDKROOT; };
		578CE61917BE8D6C003CFD0A /* FTSQLQueryResource.h */ = {isa = PBXFileReference; fileEncoding = 4; lastKnownFileType = sourcecode.c.h; path = FTSQLQueryResource.h; sourceTree = "<group>"; };
		578CE61A17BE8D6D003CFD0A /* FTSQLQueryResource.m */ = {isa = PBXFileReference; fileEncoding = 4; lastKnownFileType = sourcecode.c.objc; path = FTSQLQueryResource.m; sourceTree = "<group>"; };
		578CE61C17BF5A01003CFD0A /* FTSQLQuery.h */ = {isa = PBXFileReference; fileEncoding = 4; lastKnownFileType = sourcecode.c.h; path = FTSQLQuery.h; sourceTree = "<group>"; };
		578CE61D17BF5A02003CFD0A /* FTSQLQuery.m */ = {isa = PBXFileReference; fileEncoding = 4; lastKnownFileType = sourcecode.c.objc; path = FTSQLQuery.m; sourceTree = "<group>"; };
		578CE61F17BF9C08003CFD0A /* ObjCFusionTablesSQLQueryResourceTests.h */ = {isa = PBXFileReference; fileEncoding = 4; lastKnownFileType = sourcecode.c.h; path = ObjCFusionTablesSQLQueryResourceTests.h; sourceTree = "<group>"; };
		578CE62017BF9C08003CFD0A /* ObjCFusionTablesSQLQueryResourceTests.m */ = {isa = PBXFileReference; fileEncoding = 4; lastKnownFileType = sourcecode.c.objc; path = ObjCFusionTablesSQLQueryResourceTests.m; sourceTree = "<group>"; };
		57A7DE8F17AA37FB00E74167 /* Obj-C-FusionTables.app */ = {isa = PBXFileReference; explicitFileType = wrapper.application; includeInIndex = 0; path = "Obj-C-FusionTables.app"; sourceTree = BUILT_PRODUCTS_DIR; };
		57A7DE9217AA37FB00E74167 /* UIKit.framework */ = {isa = PBXFileReference; lastKnownFileType = wrapper.framework; name = UIKit.framework; path = System/Library/Frameworks/UIKit.framework; sourceTree = SDKROOT; };
		57A7DE9417AA37FB00E74167 /* Foundation.framework */ = {isa = PBXFileReference; lastKnownFileType = wrapper.framework; name = Foundation.framework; path = System/Library/Frameworks/Foundation.framework; sourceTree = SDKROOT; };
		57A7DE9617AA37FB00E74167 /* CoreGraphics.framework */ = {isa = PBXFileReference; lastKnownFileType = wrapper.framework; name = CoreGraphics.framework; path = System/Library/Frameworks/CoreGraphics.framework; sourceTree = SDKROOT; };
		57A7DE9A17AA37FB00E74167 /* Obj-C-FusionTables-Info.plist */ = {isa = PBXFileReference; lastKnownFileType = text.plist.xml; path = "Obj-C-FusionTables-Info.plist"; sourceTree = "<group>"; };
		57A7DE9C17AA37FB00E74167 /* en */ = {isa = PBXFileReference; lastKnownFileType = text.plist.strings; name = en; path = en.lproj/InfoPlist.strings; sourceTree = "<group>"; };
		57A7DE9E17AA37FB00E74167 /* main.m */ = {isa = PBXFileReference; lastKnownFileType = sourcecode.c.objc; path = main.m; sourceTree = "<group>"; };
		57A7DEA017AA37FB00E74167 /* Obj-C-FusionTables-Prefix.pch */ = {isa = PBXFileReference; lastKnownFileType = sourcecode.c.h; path = "Obj-C-FusionTables-Prefix.pch"; sourceTree = "<group>"; };
		57A7DEA417AA37FB00E74167 /* Default.png */ = {isa = PBXFileReference; lastKnownFileType = image.png; path = Default.png; sourceTree = "<group>"; };
		57A7DEA617AA37FB00E74167 /* Default@2x.png */ = {isa = PBXFileReference; lastKnownFileType = image.png; path = "Default@2x.png"; sourceTree = "<group>"; };
		57A7DEA817AA37FB00E74167 /* Default-568h@2x.png */ = {isa = PBXFileReference; lastKnownFileType = image.png; path = "Default-568h@2x.png"; sourceTree = "<group>"; };
		57A7DEB517AA37FB00E74167 /* Obj-C-FusionTablesTests.octest */ = {isa = PBXFileReference; explicitFileType = wrapper.cfbundle; includeInIndex = 0; path = "Obj-C-FusionTablesTests.octest"; sourceTree = BUILT_PRODUCTS_DIR; };
		57A7DEB617AA37FB00E74167 /* SenTestingKit.framework */ = {isa = PBXFileReference; lastKnownFileType = wrapper.framework; name = SenTestingKit.framework; path = Library/Frameworks/SenTestingKit.framework; sourceTree = DEVELOPER_DIR; };
		57A7DEBE17AA37FB00E74167 /* Obj-C-FusionTablesTests-Info.plist */ = {isa = PBXFileReference; lastKnownFileType = text.plist.xml; path = "Obj-C-FusionTablesTests-Info.plist"; sourceTree = "<group>"; };
		57A7DEC017AA37FB00E74167 /* en */ = {isa = PBXFileReference; lastKnownFileType = text.plist.strings; name = en; path = en.lproj/InfoPlist.strings; sourceTree = "<group>"; };
		57A7DECD17AA385A00E74167 /* AppDelegate.h */ = {isa = PBXFileReference; fileEncoding = 4; lastKnownFileType = sourcecode.c.h; path = AppDelegate.h; sourceTree = "<group>"; };
		57A7DECE17AA385A00E74167 /* AppDelegate.m */ = {isa = PBXFileReference; fileEncoding = 4; lastKnownFileType = sourcecode.c.objc; path = AppDelegate.m; sourceTree = "<group>"; };
		57A7DED117AA387A00E74167 /* GoogleServicesHelper.h */ = {isa = PBXFileReference; fileEncoding = 4; lastKnownFileType = sourcecode.c.h; path = GoogleServicesHelper.h; sourceTree = "<group>"; };
		57A7DED217AA387A00E74167 /* GoogleServicesHelper.m */ = {isa = PBXFileReference; fileEncoding = 4; lastKnownFileType = sourcecode.c.objc; path = GoogleServicesHelper.m; sourceTree = "<group>"; };
		57A7DED717AA394700E74167 /* sampleInsertData.plist */ = {isa = PBXFileReference; fileEncoding = 4; lastKnownFileType = text.plist.xml; path = sampleInsertData.plist; sourceTree = "<group>"; };
		57A7DED817AA394700E74167 /* sampleUpdateData.plist */ = {isa = PBXFileReference; fileEncoding = 4; lastKnownFileType = text.plist.xml; path = sampleUpdateData.plist; sourceTree = "<group>"; };
		57A7DEE017AA39A900E74167 /* SampleViewControllerFTBaseSection.h */ = {isa = PBXFileReference; fileEncoding = 4; lastKnownFileType = sourcecode.c.h; path = SampleViewControllerFTBaseSection.h; sourceTree = "<group>"; };
		57A7DEE117AA39A900E74167 /* SampleViewControllerFTBaseSection.m */ = {isa = PBXFileReference; fileEncoding = 4; lastKnownFileType = sourcecode.c.objc; path = SampleViewControllerFTBaseSection.m; sourceTree = "<group>"; };
		57A7DEE417AA39A900E74167 /* SampleViewControllerFTStylingSection.h */ = {isa = PBXFileReference; fileEncoding = 4; lastKnownFileType = sourcecode.c.h; path = SampleViewControllerFTStylingSection.h; sourceTree = "<group>"; };
		57A7DEE517AA39A900E74167 /* SampleViewControllerFTStylingSection.m */ = {isa = PBXFileReference; fileEncoding = 4; lastKnownFileType = sourcecode.c.objc; path = SampleViewControllerFTStylingSection.m; sourceTree = "<group>"; };
		57A7DEE617AA39A900E74167 /* SampleViewControllerInsertFTRowsSection.h */ = {isa = PBXFileReference; fileEncoding = 4; lastKnownFileType = sourcecode.c.h; path = SampleViewControllerInsertFTRowsSection.h; sourceTree = "<group>"; };
		57A7DEE717AA39A900E74167 /* SampleViewControllerInsertFTRowsSection.m */ = {isa = PBXFileReference; fileEncoding = 4; lastKnownFileType = sourcecode.c.objc; path = SampleViewControllerInsertFTRowsSection.m; sourceTree = "<group>"; };
		57A7DEE817AA39A900E74167 /* SampleViewControllerFTSharingSection.h */ = {isa = PBXFileReference; fileEncoding = 4; lastKnownFileType = sourcecode.c.h; path = SampleViewControllerFTSharingSection.h; sourceTree = "<group>"; };
		57A7DEE917AA39A900E74167 /* SampleViewControllerFTSharingSection.m */ = {isa = PBXFileReference; fileEncoding = 4; lastKnownFileType = sourcecode.c.objc; path = SampleViewControllerFTSharingSection.m; sourceTree = "<group>"; };
		57A7DEEF17AA39C000E74167 /* SampleViewControllerUIController.h */ = {isa = PBXFileReference; fileEncoding = 4; lastKnownFileType = sourcecode.c.h; path = SampleViewControllerUIController.h; sourceTree = "<group>"; };
		57A7DEF017AA39C000E74167 /* SampleViewControllerUIController.m */ = {isa = PBXFileReference; fileEncoding = 4; lastKnownFileType = sourcecode.c.objc; path = SampleViewControllerUIController.m; sourceTree = "<group>"; };
		57A7DEF117AA39C000E74167 /* SampleViewController.h */ = {isa = PBXFileReference; fileEncoding = 4; lastKnownFileType = sourcecode.c.h; path = SampleViewController.h; sourceTree = "<group>"; };
		57A7DEF217AA39C000E74167 /* SampleViewController.m */ = {isa = PBXFileReference; fileEncoding = 4; lastKnownFileType = sourcecode.c.objc; path = SampleViewController.m; sourceTree = "<group>"; };
		57A7DEF817AA3A0900E74167 /* GroupedTableSectionController.h */ = {isa = PBXFileReference; fileEncoding = 4; lastKnownFileType = sourcecode.c.h; path = GroupedTableSectionController.h; sourceTree = "<group>"; };
		57A7DEF917AA3A0900E74167 /* GroupedTableSectionController.m */ = {isa = PBXFileReference; fileEncoding = 4; lastKnownFileType = sourcecode.c.objc; path = GroupedTableSectionController.m; sourceTree = "<group>"; };
		57A7DEFA17AA3A0900E74167 /* GroupedTableUIController.h */ = {isa = PBXFileReference; fileEncoding = 4; lastKnownFileType = sourcecode.c.h; path = GroupedTableUIController.h; sourceTree = "<group>"; };
		57A7DEFB17AA3A0900E74167 /* GroupedTableUIController.m */ = {isa = PBXFileReference; fileEncoding = 4; lastKnownFileType = sourcecode.c.objc; path = GroupedTableUIController.m; sourceTree = "<group>"; };
		57A7DEFC17AA3A0900E74167 /* GroupedTableViewController.h */ = {isa = PBXFileReference; fileEncoding = 4; lastKnownFileType = sourcecode.c.h; path = GroupedTableViewController.h; sourceTree = "<group>"; };
		57A7DEFD17AA3A0900E74167 /* GroupedTableViewController.m */ = {isa = PBXFileReference; fileEncoding = 4; lastKnownFileType = sourcecode.c.objc; path = GroupedTableViewController.m; sourceTree = "<group>"; };
		57A7DEFE17AA3A0900E74167 /* GroupedTableViewController.xib */ = {isa = PBXFileReference; fileEncoding = 4; lastKnownFileType = file.xib; path = GroupedTableViewController.xib; sourceTree = "<group>"; };
		57A7DF0317AA3A1F00E74167 /* GoogleAPIKeys.plist */ = {isa = PBXFileReference; fileEncoding = 4; lastKnownFileType = text.plist.xml; path = GoogleAPIKeys.plist; sourceTree = "<group>"; };
		57A7DF0417AA3A1F00E74167 /* GoogleAuthorizationController.h */ = {isa = PBXFileReference; fileEncoding = 4; lastKnownFileType = sourcecode.c.h; path = GoogleAuthorizationController.h; sourceTree = "<group>"; };
		57A7DF0517AA3A1F00E74167 /* GoogleAuthorizationController.m */ = {isa = PBXFileReference; fileEncoding = 4; lastKnownFileType = sourcecode.c.objc; path = GoogleAuthorizationController.m; sourceTree = "<group>"; };
		57A7DF0617AA3A1F00E74167 /* FTAPIResource.h */ = {isa = PBXFileReference; fileEncoding = 4; lastKnownFileType = sourcecode.c.h; path = FTAPIResource.h; sourceTree = "<group>"; };
		57A7DF0717AA3A1F00E74167 /* FTAPIResource.m */ = {isa = PBXFileReference; fileEncoding = 4; lastKnownFileType = sourcecode.c.objc; path = FTAPIResource.m; sourceTree = "<group>"; };
		57A7DF0817AA3A1F00E74167 /* FTTable.h */ = {isa = PBXFileReference; fileEncoding = 4; lastKnownFileType = sourcecode.c.h; path = FTTable.h; sourceTree = "<group>"; };
		57A7DF0917AA3A1F00E74167 /* FTTable.m */ = {isa = PBXFileReference; fileEncoding = 4; lastKnownFileType = sourcecode.c.objc; path = FTTable.m; sourceTree = "<group>"; };
		57A7DF0A17AA3A1F00E74167 /* FTStyle.h */ = {isa = PBXFileReference; fileEncoding = 4; lastKnownFileType = sourcecode.c.h; path = FTStyle.h; sourceTree = "<group>"; };
		57A7DF0B17AA3A1F00E74167 /* FTStyle.m */ = {isa = PBXFileReference; fileEncoding = 4; lastKnownFileType = sourcecode.c.objc; path = FTStyle.m; sourceTree = "<group>"; };
		57A7DF0C17AA3A1F00E74167 /* FTTemplate.h */ = {isa = PBXFileReference; fileEncoding = 4; lastKnownFileType = sourcecode.c.h; path = FTTemplate.h; sourceTree = "<group>"; };
		57A7DF0D17AA3A1F00E74167 /* FTTemplate.m */ = {isa = PBXFileReference; fileEncoding = 4; lastKnownFileType = sourcecode.c.objc; path = FTTemplate.m; sourceTree = "<group>"; };
		57A7DF2717AA3A8900E74167 /* CellAccessoryActionBtnPressed.png */ = {isa = PBXFileReference; lastKnownFileType = image.png; path = CellAccessoryActionBtnPressed.png; sourceTree = "<group>"; };
		57A7DF2817AA3A8900E74167 /* CellAccessoryActionBtn.png */ = {isa = PBXFileReference; lastKnownFileType = image.png; path = CellAccessoryActionBtn.png; sourceTree = "<group>"; };
		57A7DF2917AA3A8900E74167 /* CellAccessoryActionBtnPressed@2x.png */ = {isa = PBXFileReference; lastKnownFileType = image.png; path = "CellAccessoryActionBtnPressed@2x.png"; sourceTree = "<group>"; };
		57A7DF2A17AA3A8900E74167 /* CellAccessoryActionBtn@2x.png */ = {isa = PBXFileReference; lastKnownFileType = image.png; path = "CellAccessoryActionBtn@2x.png"; sourceTree = "<group>"; };
		57A7DF2B17AA3A8900E74167 /* GenericButtonNormal@2x.png */ = {isa = PBXFileReference; lastKnownFileType = image.png; path = "GenericButtonNormal@2x.png"; sourceTree = "<group>"; };
		57A7DF2C17AA3A8900E74167 /* GenericButtonPushed@2x.png */ = {isa = PBXFileReference; lastKnownFileType = image.png; path = "GenericButtonPushed@2x.png"; sourceTree = "<group>"; };
		57A7DF3317AA3AA700E74167 /* SystemConfiguration.framework */ = {isa = PBXFileReference; lastKnownFileType = wrapper.framework; name = SystemConfiguration.framework; path = System/Library/Frameworks/SystemConfiguration.framework; sourceTree = SDKROOT; };
		57A7DF3517AA3AAE00E74167 /* Security.framework */ = {isa = PBXFileReference; lastKnownFileType = wrapper.framework; name = Security.framework; path = System/Library/Frameworks/Security.framework; sourceTree = SDKROOT; };
		57F0B16B17B0EBAA00302E3C /* AppIconsController.h */ = {isa = PBXFileReference; fileEncoding = 4; lastKnownFileType = sourcecode.c.h; path = AppIconsController.h; sourceTree = "<group>"; };
		57F0B16C17B0EBAA00302E3C /* AppIconsController.m */ = {isa = PBXFileReference; fileEncoding = 4; lastKnownFileType = sourcecode.c.objc; path = AppIconsController.m; sourceTree = "<group>"; };
		57FAD01B17BA0F500055BE35 /* Cocoa.framework */ = {isa = PBXFileReference; lastKnownFileType = wrapper.framework; name = Cocoa.framework; path = Library/Frameworks/Cocoa.framework; sourceTree = DEVELOPER_DIR; };
		57FAD01E17BA0F500055BE35 /* AppKit.framework */ = {isa = PBXFileReference; lastKnownFileType = wrapper.framework; name = AppKit.framework; path = Library/Frameworks/AppKit.framework; sourceTree = SDKROOT; };
		57FAD01F17BA0F500055BE35 /* CoreData.framework */ = {isa = PBXFileReference; lastKnownFileType = wrapper.framework; name = CoreData.framework; path = Library/Frameworks/CoreData.framework; sourceTree = SDKROOT; };
		57FAD02017BA0F500055BE35 /* Foundation.framework */ = {isa = PBXFileReference; lastKnownFileType = wrapper.framework; name = Foundation.framework; path = Library/Frameworks/Foundation.framework; sourceTree = SDKROOT; };
		57FBFBC417AD6B9B00A275BA /* FTSQLQueryBuilder.h */ = {isa = PBXFileReference; fileEncoding = 4; lastKnownFileType = sourcecode.c.h; path = FTSQLQueryBuilder.h; sourceTree = "<group>"; };
		57FBFBC517AD6B9B00A275BA /* FTSQLQueryBuilder.m */ = {isa = PBXFileReference; fileEncoding = 4; lastKnownFileType = sourcecode.c.objc; path = FTSQLQueryBuilder.m; sourceTree = "<group>"; };
/* End PBXFileReference section */

/* Begin PBXFrameworksBuildPhase section */
		57A7DE8C17AA37FB00E74167 /* Frameworks */ = {
			isa = PBXFrameworksBuildPhase;
			buildActionMask = 2147483647;
			files = (
				57124BE717B0D78F0003A1F9 /* QuartzCore.framework in Frameworks */,
				578180E817ABF19700434135 /* MessageUI.framework in Frameworks */,
				57A7DF3617AA3AAE00E74167 /* Security.framework in Frameworks */,
				57A7DF3417AA3AA700E74167 /* SystemConfiguration.framework in Frameworks */,
				57A7DE9317AA37FB00E74167 /* UIKit.framework in Frameworks */,
				57A7DE9517AA37FB00E74167 /* Foundation.framework in Frameworks */,
				57A7DE9717AA37FB00E74167 /* CoreGraphics.framework in Frameworks */,
			);
			runOnlyForDeploymentPostprocessing = 0;
		};
		57A7DEB117AA37FB00E74167 /* Frameworks */ = {
			isa = PBXFrameworksBuildPhase;
			buildActionMask = 2147483647;
			files = (
				57A7DEB717AA37FB00E74167 /* SenTestingKit.framework in Frameworks */,
				57A7DEB817AA37FB00E74167 /* UIKit.framework in Frameworks */,
				57A7DEB917AA37FB00E74167 /* Foundation.framework in Frameworks */,
			);
			runOnlyForDeploymentPostprocessing = 0;
		};
/* End PBXFrameworksBuildPhase section */

/* Begin PBXGroup section */
		57124BD717B0D33B0003A1F9 /* App Services */ = {
			isa = PBXGroup;
			children = (
				57F0B16A17B0EAFC00302E3C /* Icons Controller */,
				57124BE117B0D52C0003A1F9 /* Themes */,
				57124BD817B0D3BF0003A1F9 /* AppGeneralServicesController.h */,
				57124BD917B0D3BF0003A1F9 /* AppGeneralServicesController.m */,
			);
			name = "App Services";
			sourceTree = "<group>";
		};
		57124BE117B0D52C0003A1F9 /* Themes */ = {
			isa = PBXGroup;
			children = (
				57124BDB17B0D50F0003A1F9 /* DefaultTheme.h */,
				57124BDC17B0D50F0003A1F9 /* DefaultTheme.m */,
				57124BDE17B0D5260003A1F9 /* TintedTheme.h */,
				57124BDF17B0D5260003A1F9 /* TintedTheme.m */,
			);
			name = Themes;
			sourceTree = "<group>";
		};
		57A7DE8617AA37FA00E74167 = {
			isa = PBXGroup;
			children = (
				57A7DE9817AA37FB00E74167 /* Obj-C-FusionTables */,
				57A7DEBC17AA37FB00E74167 /* Obj-C-FusionTablesTests */,
				57A7DE9117AA37FB00E74167 /* Frameworks */,
				57A7DE9017AA37FB00E74167 /* Products */,
			);
			sourceTree = "<group>";
		};
		57A7DE9017AA37FB00E74167 /* Products */ = {
			isa = PBXGroup;
			children = (
				57A7DE8F17AA37FB00E74167 /* Obj-C-FusionTables.app */,
				57A7DEB517AA37FB00E74167 /* Obj-C-FusionTablesTests.octest */,
			);
			name = Products;
			sourceTree = "<group>";
		};
		57A7DE9117AA37FB00E74167 /* Frameworks */ = {
			isa = PBXGroup;
			children = (
				57124BE617B0D78F0003A1F9 /* QuartzCore.framework */,
				578180E717ABF19700434135 /* MessageUI.framework */,
				57A7DF3517AA3AAE00E74167 /* Security.framework */,
				57A7DF3317AA3AA700E74167 /* SystemConfiguration.framework */,
				57A7DE9217AA37FB00E74167 /* UIKit.framework */,
				57A7DE9417AA37FB00E74167 /* Foundation.framework */,
				57A7DE9617AA37FB00E74167 /* CoreGraphics.framework */,
				57A7DEB617AA37FB00E74167 /* SenTestingKit.framework */,
				57FAD01B17BA0F500055BE35 /* Cocoa.framework */,
				57FAD01D17BA0F500055BE35 /* Other Frameworks */,
			);
			name = Frameworks;
			sourceTree = "<group>";
		};
		57A7DE9817AA37FB00E74167 /* Obj-C-FusionTables */ = {
			isa = PBXGroup;
			children = (
				57A7DECD17AA385A00E74167 /* AppDelegate.h */,
				57A7DECE17AA385A00E74167 /* AppDelegate.m */,
				57A7DED417AA38C900E74167 /* Obj-C-Fusion Tables Base */,
				57A7DED517AA38EA00E74167 /* Example */,
				57A7DEF717AA39ED00E74167 /* GroupedUITableViews */,
				57A7DE9917AA37FB00E74167 /* Supporting Files */,
			);
			path = "Obj-C-FusionTables";
			sourceTree = "<group>";
		};
		57A7DE9917AA37FB00E74167 /* Supporting Files */ = {
			isa = PBXGroup;
			children = (
				57A7DF2617AA3A7700E74167 /* Resources */,
				57A7DE9A17AA37FB00E74167 /* Obj-C-FusionTables-Info.plist */,
				57A7DE9B17AA37FB00E74167 /* InfoPlist.strings */,
				57A7DE9E17AA37FB00E74167 /* main.m */,
				57A7DEA017AA37FB00E74167 /* Obj-C-FusionTables-Prefix.pch */,
				57A7DEA417AA37FB00E74167 /* Default.png */,
				57A7DEA617AA37FB00E74167 /* Default@2x.png */,
				57A7DEA817AA37FB00E74167 /* Default-568h@2x.png */,
			);
			name = "Supporting Files";
			sourceTree = "<group>";
		};
		57A7DEBC17AA37FB00E74167 /* Obj-C-FusionTablesTests */ = {
			isa = PBXGroup;
			children = (
				57A7DEBD17AA37FB00E74167 /* Supporting Files */,
				5778303C17B9FBDC002A5CF6 /* FTResourceTestBase.h */,
				5778303D17B9FBDC002A5CF6 /* FTResourceTestBase.m */,
				570E673117B92D5100EB8425 /* ObjCFusionTablesFTAPIResourceTests.h */,
				570E673217B92D5100EB8425 /* ObjCFusionTablesFTAPIResourceTests.m */,
				578CE61F17BF9C08003CFD0A /* ObjCFusionTablesSQLQueryResourceTests.h */,
				578CE62017BF9C08003CFD0A /* ObjCFusionTablesSQLQueryResourceTests.m */,
			);
			path = "Obj-C-FusionTablesTests";
			sourceTree = "<group>";
		};
		57A7DEBD17AA37FB00E74167 /* Supporting Files */ = {
			isa = PBXGroup;
			children = (
				57A7DEBE17AA37FB00E74167 /* Obj-C-FusionTablesTests-Info.plist */,
				57A7DEBF17AA37FB00E74167 /* InfoPlist.strings */,
			);
			name = "Supporting Files";
			sourceTree = "<group>";
		};
		57A7DED417AA38C900E74167 /* Obj-C-Fusion Tables Base */ = {
			isa = PBXGroup;
			children = (
				57A7DF1717AA3A2500E74167 /* Google Toolbox */,
				57A7DF0317AA3A1F00E74167 /* GoogleAPIKeys.plist */,
				57A7DF0417AA3A1F00E74167 /* GoogleAuthorizationController.h */,
				57A7DF0517AA3A1F00E74167 /* GoogleAuthorizationController.m */,
				57A7DED117AA387A00E74167 /* GoogleServicesHelper.h */,
				57A7DED217AA387A00E74167 /* GoogleServicesHelper.m */,
				57A7DF0617AA3A1F00E74167 /* FTAPIResource.h */,
				57A7DF0717AA3A1F00E74167 /* FTAPIResource.m */,
				57A7DF0817AA3A1F00E74167 /* FTTable.h */,
				57A7DF0917AA3A1F00E74167 /* FTTable.m */,
				57A7DF0A17AA3A1F00E74167 /* FTStyle.h */,
				57A7DF0B17AA3A1F00E74167 /* FTStyle.m */,
				57A7DF0C17AA3A1F00E74167 /* FTTemplate.h */,
				57A7DF0D17AA3A1F00E74167 /* FTTemplate.m */,
				578CE61917BE8D6C003CFD0A /* FTSQLQueryResource.h */,
				578CE61A17BE8D6D003CFD0A /* FTSQLQueryResource.m */,
				578CE61C17BF5A01003CFD0A /* FTSQLQuery.h */,
				578CE61D17BF5A02003CFD0A /* FTSQLQuery.m */,
				57FBFBC417AD6B9B00A275BA /* FTSQLQueryBuilder.h */,
				57FBFBC517AD6B9B00A275BA /* FTSQLQueryBuilder.m */,
			);
			name = "Obj-C-Fusion Tables Base";
			sourceTree = "<group>";
		};
		57A7DED517AA38EA00E74167 /* Example */ = {
			isa = PBXGroup;
			children = (
				57124BD717B0D33B0003A1F9 /* App Services */,
				57BD698817B77B1F003EF96C /* View Controllers */,
				57A7DED617AA392800E74167 /* Sample Data */,
			);
			name = Example;
			sourceTree = "<group>";
		};
		57A7DED617AA392800E74167 /* Sample Data */ = {
			isa = PBXGroup;
			children = (
				57A7DED717AA394700E74167 /* sampleInsertData.plist */,
				57A7DED817AA394700E74167 /* sampleUpdateData.plist */,
			);
			name = "Sample Data";
			sourceTree = "<group>";
		};
		57A7DEDC17AA396000E74167 /* UI Sections */ = {
			isa = PBXGroup;
			children = (
				57A7DEE017AA39A900E74167 /* SampleViewControllerFTBaseSection.h */,
				57A7DEE117AA39A900E74167 /* SampleViewControllerFTBaseSection.m */,
				57A7DEE417AA39A900E74167 /* SampleViewControllerFTStylingSection.h */,
				57A7DEE517AA39A900E74167 /* SampleViewControllerFTStylingSection.m */,
				57A7DEE617AA39A900E74167 /* SampleViewControllerInsertFTRowsSection.h */,
				57A7DEE717AA39A900E74167 /* SampleViewControllerInsertFTRowsSection.m */,
				57A7DEE817AA39A900E74167 /* SampleViewControllerFTSharingSection.h */,
				57A7DEE917AA39A900E74167 /* SampleViewControllerFTSharingSection.m */,
			);
			name = "UI Sections";
			sourceTree = "<group>";
		};
		57A7DEF717AA39ED00E74167 /* GroupedUITableViews */ = {
			isa = PBXGroup;
			children = (
				57A7DEF817AA3A0900E74167 /* GroupedTableSectionController.h */,
				57A7DEF917AA3A0900E74167 /* GroupedTableSectionController.m */,
				57A7DEFA17AA3A0900E74167 /* GroupedTableUIController.h */,
				57A7DEFB17AA3A0900E74167 /* GroupedTableUIController.m */,
				57A7DEFC17AA3A0900E74167 /* GroupedTableViewController.h */,
				57A7DEFD17AA3A0900E74167 /* GroupedTableViewController.m */,
				57A7DEFE17AA3A0900E74167 /* GroupedTableViewController.xib */,
			);
			name = GroupedUITableViews;
			sourceTree = "<group>";
		};
		57A7DF1717AA3A2500E74167 /* Google Toolbox */ = {
			isa = PBXGroup;
			children = (
				578180D717AA995A00434135 /* GTMHTTPFetcher.h */,
				578180D817AA995A00434135 /* GTMHTTPFetcher.m */,
				578180D917AA995A00434135 /* GTMOAuth2Authentication.h */,
				578180DA17AA995A00434135 /* GTMOAuth2Authentication.m */,
				578180DB17AA995A00434135 /* GTMOAuth2SignIn.h */,
				578180DC17AA995A00434135 /* GTMOAuth2SignIn.m */,
				578180DD17AA995A00434135 /* GTMOAuth2ViewControllerTouch.h */,
				578180DE17AA995A00434135 /* GTMOAuth2ViewControllerTouch.m */,
				578180DF17AA995A00434135 /* GTMOAuth2ViewTouch.xib */,
			);
			name = "Google Toolbox";
			sourceTree = "<group>";
		};
		57A7DF2617AA3A7700E74167 /* Resources */ = {
			isa = PBXGroup;
			children = (
			);
			name = Resources;
			sourceTree = "<group>";
		};
		57BD698817B77B1F003EF96C /* View Controllers */ = {
			isa = PBXGroup;
			children = (
				57BD698917B77B55003EF96C /* Master */,
				57BD698A17B77B68003EF96C /* Detail */,
			);
			name = "View Controllers";
			sourceTree = "<group>";
		};
		57BD698917B77B55003EF96C /* Master */ = {
			isa = PBXGroup;
			children = (
				57162A4E17AE4DBA007DDDD2 /* FusionTablesViewController.h */,
				57162A4F17AE4DBA007DDDD2 /* FusionTablesViewController.m */,
				57162A5017AE4DBA007DDDD2 /* FusionTablesViewController.xib */,
			);
			name = Master;
			sourceTree = "<group>";
		};
		57BD698A17B77B68003EF96C /* Detail */ = {
			isa = PBXGroup;
			children = (
				57A7DEDC17AA396000E74167 /* UI Sections */,
				57A7DEEF17AA39C000E74167 /* SampleViewControllerUIController.h */,
				57A7DEF017AA39C000E74167 /* SampleViewControllerUIController.m */,
				57A7DEF117AA39C000E74167 /* SampleViewController.h */,
				57A7DEF217AA39C000E74167 /* SampleViewController.m */,
			);
			name = Detail;
			sourceTree = "<group>";
		};
		57F0B16A17B0EAFC00302E3C /* Icons Controller */ = {
			isa = PBXGroup;
			children = (
				57F0B16E17B0ECEE00302E3C /* Icons */,
				57F0B16B17B0EBAA00302E3C /* AppIconsController.h */,
				57F0B16C17B0EBAA00302E3C /* AppIconsController.m */,
			);
			name = "Icons Controller";
			sourceTree = "<group>";
		};
		57F0B16E17B0ECEE00302E3C /* Icons */ = {
			isa = PBXGroup;
			children = (
				57124BE217B0D64A0003A1F9 /* custom-back-btn@2x.png */,
				57124BEE17B0DDE40003A1F9 /* add-icon@2x.png */,
				57124BEC17B0DC590003A1F9 /* start-editing@2x.png */,
				57124BE917B0DAA40003A1F9 /* done-editing@2x.png */,
				5704C5B217AFDC0F0026A12D /* fusion_tables_img@2x.png */,
				57A7DF2817AA3A8900E74167 /* CellAccessoryActionBtn.png */,
				57A7DF2717AA3A8900E74167 /* CellAccessoryActionBtnPressed.png */,
				57A7DF2A17AA3A8900E74167 /* CellAccessoryActionBtn@2x.png */,
				57A7DF2917AA3A8900E74167 /* CellAccessoryActionBtnPressed@2x.png */,
				57A7DF2B17AA3A8900E74167 /* GenericButtonNormal@2x.png */,
				57A7DF2C17AA3A8900E74167 /* GenericButtonPushed@2x.png */,
			);
			name = Icons;
			sourceTree = "<group>";
		};
		57FAD01D17BA0F500055BE35 /* Other Frameworks */ = {
			isa = PBXGroup;
			children = (
				57FAD01E17BA0F500055BE35 /* AppKit.framework */,
				57FAD01F17BA0F500055BE35 /* CoreData.framework */,
				57FAD02017BA0F500055BE35 /* Foundation.framework */,
			);
			name = "Other Frameworks";
			sourceTree = "<group>";
		};
/* End PBXGroup section */

/* Begin PBXNativeTarget section */
		57A7DE8E17AA37FB00E74167 /* Obj-C-FusionTables */ = {
			isa = PBXNativeTarget;
			buildConfigurationList = 57A7DEC717AA37FB00E74167 /* Build configuration list for PBXNativeTarget "Obj-C-FusionTables" */;
			buildPhases = (
				57A7DE8B17AA37FB00E74167 /* Sources */,
				57A7DE8C17AA37FB00E74167 /* Frameworks */,
				57A7DE8D17AA37FB00E74167 /* Resources */,
			);
			buildRules = (
			);
			dependencies = (
			);
			name = "Obj-C-FusionTables";
			productName = "Obj-C-FusionTables";
			productReference = 57A7DE8F17AA37FB00E74167 /* Obj-C-FusionTables.app */;
			productType = "com.apple.product-type.application";
		};
		57A7DEB417AA37FB00E74167 /* Obj-C-FusionTablesTests */ = {
			isa = PBXNativeTarget;
			buildConfigurationList = 57A7DECA17AA37FB00E74167 /* Build configuration list for PBXNativeTarget "Obj-C-FusionTablesTests" */;
			buildPhases = (
				57A7DEB017AA37FB00E74167 /* Sources */,
				57A7DEB117AA37FB00E74167 /* Frameworks */,
				57A7DEB217AA37FB00E74167 /* Resources */,
				57A7DEB317AA37FB00E74167 /* ShellScript */,
			);
			buildRules = (
			);
			dependencies = (
				57A7DEBB17AA37FB00E74167 /* PBXTargetDependency */,
			);
			name = "Obj-C-FusionTablesTests";
			productName = "Obj-C-FusionTablesTests";
			productReference = 57A7DEB517AA37FB00E74167 /* Obj-C-FusionTablesTests.octest */;
			productType = "com.apple.product-type.bundle";
		};
/* End PBXNativeTarget section */

/* Begin PBXProject section */
		57A7DE8717AA37FA00E74167 /* Project object */ = {
			isa = PBXProject;
			attributes = {
				LastUpgradeCheck = 0460;
				ORGANIZATIONNAME = "Arseniy Kuznetsov";
			};
			buildConfigurationList = 57A7DE8A17AA37FA00E74167 /* Build configuration list for PBXProject "Obj-C-FusionTables" */;
			compatibilityVersion = "Xcode 3.2";
			developmentRegion = English;
			hasScannedForEncodings = 0;
			knownRegions = (
				en,
			);
			mainGroup = 57A7DE8617AA37FA00E74167;
			productRefGroup = 57A7DE9017AA37FB00E74167 /* Products */;
			projectDirPath = "";
			projectRoot = "";
			targets = (
				57A7DE8E17AA37FB00E74167 /* Obj-C-FusionTables */,
				57A7DEB417AA37FB00E74167 /* Obj-C-FusionTablesTests */,
			);
		};
/* End PBXProject section */

/* Begin PBXResourcesBuildPhase section */
		57A7DE8D17AA37FB00E74167 /* Resources */ = {
			isa = PBXResourcesBuildPhase;
			buildActionMask = 2147483647;
			files = (
				57A7DE9D17AA37FB00E74167 /* InfoPlist.strings in Resources */,
				57A7DEA517AA37FB00E74167 /* Default.png in Resources */,
				57A7DEA717AA37FB00E74167 /* Default@2x.png in Resources */,
				57A7DEA917AA37FB00E74167 /* Default-568h@2x.png in Resources */,
				57A7DED917AA394700E74167 /* sampleInsertData.plist in Resources */,
				57A7DEDA17AA394700E74167 /* sampleUpdateData.plist in Resources */,
				57A7DF0217AA3A0900E74167 /* GroupedTableViewController.xib in Resources */,
				57A7DF1017AA3A1F00E74167 /* GoogleAPIKeys.plist in Resources */,
				57A7DF2D17AA3A8900E74167 /* CellAccessoryActionBtnPressed.png in Resources */,
				57A7DF2E17AA3A8900E74167 /* CellAccessoryActionBtn.png in Resources */,
				57A7DF2F17AA3A8900E74167 /* CellAccessoryActionBtnPressed@2x.png in Resources */,
				57A7DF3017AA3A8900E74167 /* CellAccessoryActionBtn@2x.png in Resources */,
				57A7DF3117AA3A8900E74167 /* GenericButtonNormal@2x.png in Resources */,
				57A7DF3217AA3A8900E74167 /* GenericButtonPushed@2x.png in Resources */,
				578180E417AA995A00434135 /* GTMOAuth2ViewTouch.xib in Resources */,
				57162A5217AE4DBA007DDDD2 /* FusionTablesViewController.xib in Resources */,
				5704C5B317AFDC0F0026A12D /* fusion_tables_img@2x.png in Resources */,
				57124BE417B0D64A0003A1F9 /* custom-back-btn@2x.png in Resources */,
				57124BEB17B0DAA40003A1F9 /* done-editing@2x.png in Resources */,
				57124BED17B0DC590003A1F9 /* start-editing@2x.png in Resources */,
				57124BEF17B0DDE40003A1F9 /* add-icon@2x.png in Resources */,
			);
			runOnlyForDeploymentPostprocessing = 0;
		};
		57A7DEB217AA37FB00E74167 /* Resources */ = {
			isa = PBXResourcesBuildPhase;
			buildActionMask = 2147483647;
			files = (
				57A7DEC117AA37FB00E74167 /* InfoPlist.strings in Resources */,
			);
			runOnlyForDeploymentPostprocessing = 0;
		};
/* End PBXResourcesBuildPhase section */

/* Begin PBXShellScriptBuildPhase section */
		57A7DEB317AA37FB00E74167 /* ShellScript */ = {
			isa = PBXShellScriptBuildPhase;
			buildActionMask = 2147483647;
			files = (
			);
			inputPaths = (
			);
			outputPaths = (
			);
			runOnlyForDeploymentPostprocessing = 0;
			shellPath = /bin/sh;
			shellScript = "# Run the unit tests in this test bundle.\n\"${SYSTEM_DEVELOPER_DIR}/Tools/RunUnitTests\"\n";
		};
/* End PBXShellScriptBuildPhase section */

/* Begin PBXSourcesBuildPhase section */
		57A7DE8B17AA37FB00E74167 /* Sources */ = {
			isa = PBXSourcesBuildPhase;
			buildActionMask = 2147483647;
			files = (
				57A7DE9F17AA37FB00E74167 /* main.m in Sources */,
				57A7DECF17AA385A00E74167 /* AppDelegate.m in Sources */,
				57A7DED317AA387A00E74167 /* GoogleServicesHelper.m in Sources */,
				57A7DEEA17AA39A900E74167 /* SampleViewControllerFTBaseSection.m in Sources */,
				57A7DEEC17AA39A900E74167 /* SampleViewControllerFTStylingSection.m in Sources */,
				57A7DEED17AA39A900E74167 /* SampleViewControllerInsertFTRowsSection.m in Sources */,
				57A7DEEE17AA39A900E74167 /* SampleViewControllerFTSharingSection.m in Sources */,
				57A7DEF417AA39C000E74167 /* SampleViewControllerUIController.m in Sources */,
				57A7DEF517AA39C000E74167 /* SampleViewController.m in Sources */,
				57A7DEFF17AA3A0900E74167 /* GroupedTableSectionController.m in Sources */,
				57A7DF0017AA3A0900E74167 /* GroupedTableUIController.m in Sources */,
				57A7DF0117AA3A0900E74167 /* GroupedTableViewController.m in Sources */,
				57A7DF1117AA3A1F00E74167 /* GoogleAuthorizationController.m in Sources */,
				57A7DF1217AA3A1F00E74167 /* FTAPIResource.m in Sources */,
				57A7DF1317AA3A1F00E74167 /* FTTable.m in Sources */,
				57A7DF1417AA3A1F00E74167 /* FTStyle.m in Sources */,
				57A7DF1517AA3A1F00E74167 /* FTTemplate.m in Sources */,
				578180E017AA995A00434135 /* GTMHTTPFetcher.m in Sources */,
				578180E117AA995A00434135 /* GTMOAuth2Authentication.m in Sources */,
				578180E217AA995A00434135 /* GTMOAuth2SignIn.m in Sources */,
				578180E317AA995A00434135 /* GTMOAuth2ViewControllerTouch.m in Sources */,
				57FBFBC617AD6B9B00A275BA /* FTSQLQueryBuilder.m in Sources */,
				57162A5117AE4DBA007DDDD2 /* FusionTablesViewController.m in Sources */,
				57124BDA17B0D3BF0003A1F9 /* AppGeneralServicesController.m in Sources */,
				57124BDD17B0D50F0003A1F9 /* DefaultTheme.m in Sources */,
				57124BE017B0D5260003A1F9 /* TintedTheme.m in Sources */,
				57F0B16D17B0EBAA00302E3C /* AppIconsController.m in Sources */,
				578CE61B17BE8D6D003CFD0A /* FTSQLQueryResource.m in Sources */,
				578CE61E17BF5A02003CFD0A /* FTSQLQuery.m in Sources */,
			);
			runOnlyForDeploymentPostprocessing = 0;
		};
		57A7DEB017AA37FB00E74167 /* Sources */ = {
			isa = PBXSourcesBuildPhase;
			buildActionMask = 2147483647;
			files = (
				570E673317B92D5100EB8425 /* ObjCFusionTablesFTAPIResourceTests.m in Sources */,
				5778303E17B9FBDC002A5CF6 /* FTResourceTestBase.m in Sources */,
				578CE62117BF9C08003CFD0A /* ObjCFusionTablesSQLQueryResourceTests.m in Sources */,
			);
			runOnlyForDeploymentPostprocessing = 0;
		};
/* End PBXSourcesBuildPhase section */

/* Begin PBXTargetDependency section */
		57A7DEBB17AA37FB00E74167 /* PBXTargetDependency */ = {
			isa = PBXTargetDependency;
			target = 57A7DE8E17AA37FB00E74167 /* Obj-C-FusionTables */;
			targetProxy = 57A7DEBA17AA37FB00E74167 /* PBXContainerItemProxy */;
		};
/* End PBXTargetDependency section */

/* Begin PBXVariantGroup section */
		57A7DE9B17AA37FB00E74167 /* InfoPlist.strings */ = {
			isa = PBXVariantGroup;
			children = (
				57A7DE9C17AA37FB00E74167 /* en */,
			);
			name = InfoPlist.strings;
			sourceTree = "<group>";
		};
		57A7DEBF17AA37FB00E74167 /* InfoPlist.strings */ = {
			isa = PBXVariantGroup;
			children = (
				57A7DEC017AA37FB00E74167 /* en */,
			);
			name = InfoPlist.strings;
			sourceTree = "<group>";
		};
/* End PBXVariantGroup section */

/* Begin XCBuildConfiguration section */
		57A7DEC517AA37FB00E74167 /* Debug */ = {
			isa = XCBuildConfiguration;
			buildSettings = {
				ALWAYS_SEARCH_USER_PATHS = NO;
				CLANG_CXX_LANGUAGE_STANDARD = "gnu++0x";
				CLANG_CXX_LIBRARY = "libc++";
				CLANG_ENABLE_OBJC_ARC = YES;
				CLANG_WARN_CONSTANT_CONVERSION = YES;
				CLANG_WARN_EMPTY_BODY = YES;
				CLANG_WARN_ENUM_CONVERSION = YES;
				CLANG_WARN_INT_CONVERSION = YES;
				CLANG_WARN__DUPLICATE_METHOD_MATCH = YES;
				CODE_SIGN_IDENTITY = "iPhone Developer: Arseniy Kuznetsov (FS7C2LRYG7)";
				"CODE_SIGN_IDENTITY[sdk=iphoneos*]" = "iPhone Developer: Arseniy Kuznetsov (FS7C2LRYG7)";
				COPY_PHASE_STRIP = NO;
				GCC_C_LANGUAGE_STANDARD = gnu99;
				GCC_DYNAMIC_NO_PIC = NO;
				GCC_OPTIMIZATION_LEVEL = 0;
				GCC_PREPROCESSOR_DEFINITIONS = (
					"DEBUG=1",
					"$(inherited)",
				);
				GCC_SYMBOLS_PRIVATE_EXTERN = NO;
				GCC_WARN_ABOUT_RETURN_TYPE = YES;
				GCC_WARN_UNINITIALIZED_AUTOS = YES;
				GCC_WARN_UNUSED_VARIABLE = YES;
				IPHONEOS_DEPLOYMENT_TARGET = 6.1;
				ONLY_ACTIVE_ARCH = YES;
				PROVISIONING_PROFILE = "BF9654DC-3492-49F8-BB14-2ABCE2009FB0";
				"PROVISIONING_PROFILE[sdk=iphoneos*]" = "BF9654DC-3492-49F8-BB14-2ABCE2009FB0";
				SDKROOT = iphoneos;
			};
			name = Debug;
		};
		57A7DEC617AA37FB00E74167 /* Release */ = {
			isa = XCBuildConfiguration;
			buildSettings = {
				ALWAYS_SEARCH_USER_PATHS = NO;
				CLANG_CXX_LANGUAGE_STANDARD = "gnu++0x";
				CLANG_CXX_LIBRARY = "libc++";
				CLANG_ENABLE_OBJC_ARC = YES;
				CLANG_WARN_CONSTANT_CONVERSION = YES;
				CLANG_WARN_EMPTY_BODY = YES;
				CLANG_WARN_ENUM_CONVERSION = YES;
				CLANG_WARN_INT_CONVERSION = YES;
				CLANG_WARN__DUPLICATE_METHOD_MATCH = YES;
				CODE_SIGN_IDENTITY = "iPhone Developer: Arseniy Kuznetsov (FS7C2LRYG7)";
				"CODE_SIGN_IDENTITY[sdk=iphoneos*]" = "iPhone Distribution: Arseniy Kuznetsov (73TM6WSTY5)";
				COPY_PHASE_STRIP = YES;
				GCC_C_LANGUAGE_STANDARD = gnu99;
				GCC_WARN_ABOUT_RETURN_TYPE = YES;
				GCC_WARN_UNINITIALIZED_AUTOS = YES;
				GCC_WARN_UNUSED_VARIABLE = YES;
				IPHONEOS_DEPLOYMENT_TARGET = 6.1;
				OTHER_CFLAGS = "-DNS_BLOCK_ASSERTIONS=1";
				PROVISIONING_PROFILE = "BF9654DC-3492-49F8-BB14-2ABCE2009FB0";
				"PROVISIONING_PROFILE[sdk=iphoneos*]" = "8F82E8D2-6885-4054-83A3-47D7C8AD7FA2";
				SDKROOT = iphoneos;
				VALIDATE_PRODUCT = YES;
			};
			name = Release;
		};
		57A7DEC817AA37FB00E74167 /* Debug */ = {
			isa = XCBuildConfiguration;
			buildSettings = {
				GCC_PRECOMPILE_PREFIX_HEADER = YES;
				GCC_PREFIX_HEADER = "Obj-C-FusionTables/Obj-C-FusionTables-Prefix.pch";
				INFOPLIST_FILE = "Obj-C-FusionTables/Obj-C-FusionTables-Info.plist";
				PRODUCT_NAME = "$(TARGET_NAME)";
				WRAPPER_EXTENSION = app;
			};
			name = Debug;
		};
		57A7DEC917AA37FB00E74167 /* Release */ = {
			isa = XCBuildConfiguration;
			buildSettings = {
				GCC_PRECOMPILE_PREFIX_HEADER = YES;
				GCC_PREFIX_HEADER = "Obj-C-FusionTables/Obj-C-FusionTables-Prefix.pch";
				INFOPLIST_FILE = "Obj-C-FusionTables/Obj-C-FusionTables-Info.plist";
				PRODUCT_NAME = "$(TARGET_NAME)";
				WRAPPER_EXTENSION = app;
			};
			name = Release;
		};
		57A7DECB17AA37FB00E74167 /* Debug */ = {
			isa = XCBuildConfiguration;
			buildSettings = {
				BUNDLE_LOADER = "$(BUILT_PRODUCTS_DIR)/Obj-C-FusionTables.app/Obj-C-FusionTables";
				FRAMEWORK_SEARCH_PATHS = (
					"\"$(SDKROOT)/Developer/Library/Frameworks\"",
					"\"$(DEVELOPER_LIBRARY_DIR)/Frameworks\"",
				);
				GCC_PRECOMPILE_PREFIX_HEADER = YES;
				GCC_PREFIX_HEADER = "Obj-C-FusionTables/Obj-C-FusionTables-Prefix.pch";
				INFOPLIST_FILE = "Obj-C-FusionTablesTests/Obj-C-FusionTablesTests-Info.plist";
				PRODUCT_NAME = "$(TARGET_NAME)";
				TEST_HOST = "$(BUNDLE_LOADER)";
				WRAPPER_EXTENSION = octest;
			};
			name = Debug;
		};
		57A7DECC17AA37FB00E74167 /* Release */ = {
			isa = XCBuildConfiguration;
			buildSettings = {
				BUNDLE_LOADER = "$(BUILT_PRODUCTS_DIR)/Obj-C-FusionTables.app/Obj-C-FusionTables";
				FRAMEWORK_SEARCH_PATHS = (
					"\"$(SDKROOT)/Developer/Library/Frameworks\"",
					"\"$(DEVELOPER_LIBRARY_DIR)/Frameworks\"",
				);
				GCC_PRECOMPILE_PREFIX_HEADER = YES;
				GCC_PREFIX_HEADER = "Obj-C-FusionTables/Obj-C-FusionTables-Prefix.pch";
				INFOPLIST_FILE = "Obj-C-FusionTablesTests/Obj-C-FusionTablesTests-Info.plist";
				PRODUCT_NAME = "$(TARGET_NAME)";
				TEST_HOST = "$(BUNDLE_LOADER)";
				WRAPPER_EXTENSION = octest;
			};
			name = Release;
		};
/* End XCBuildConfiguration section */

/* Begin XCConfigurationList section */
		57A7DE8A17AA37FA00E74167 /* Build configuration list for PBXProject "Obj-C-FusionTables" */ = {
			isa = XCConfigurationList;
			buildConfigurations = (
				57A7DEC517AA37FB00E74167 /* Debug */,
				57A7DEC617AA37FB00E74167 /* Release */,
			);
			defaultConfigurationIsVisible = 0;
			defaultConfigurationName = Release;
		};
		57A7DEC717AA37FB00E74167 /* Build configuration list for PBXNativeTarget "Obj-C-FusionTables" */ = {
			isa = XCConfigurationList;
			buildConfigurations = (
				57A7DEC817AA37FB00E74167 /* Debug */,
				57A7DEC917AA37FB00E74167 /* Release */,
			);
			defaultConfigurationIsVisible = 0;
			defaultConfigurationName = Release;
		};
		57A7DECA17AA37FB00E74167 /* Build configuration list for PBXNativeTarget "Obj-C-FusionTablesTests" */ = {
			isa = XCConfigurationList;
			buildConfigurations = (
				57A7DECB17AA37FB00E74167 /* Debug */,
				57A7DECC17AA37FB00E74167 /* Release */,
			);
			defaultConfigurationIsVisible = 0;
			defaultConfigurationName = Release;
		};
/* End XCConfigurationList section */
	};
	rootObject = 57A7DE8717AA37FA00E74167 /* Project object */;
}
