// !$*UTF8*$!
{
	archiveVersion = 1;
	classes = {
	};
	objectVersion = 46;
	objects = {

/* Begin PBXBuildFile section */
		57A7DE9317AA37FB00E74167 /* UIKit.framework in Frameworks */ = {isa = PBXBuildFile; fileRef = 57A7DE9217AA37FB00E74167 /* UIKit.framework */; };
		57A7DE9517AA37FB00E74167 /* Foundation.framework in Frameworks */ = {isa = PBXBuildFile; fileRef = 57A7DE9417AA37FB00E74167 /* Foundation.framework */; };
		57A7DE9717AA37FB00E74167 /* CoreGraphics.framework in Frameworks */ = {isa = PBXBuildFile; fileRef = 57A7DE9617AA37FB00E74167 /* CoreGraphics.framework */; };
		57A7DE9D17AA37FB00E74167 /* InfoPlist.strings in Resources */ = {isa = PBXBuildFile; fileRef = 57A7DE9B17AA37FB00E74167 /* InfoPlist.strings */; };
		57A7DE9F17AA37FB00E74167 /* main.m in Sources */ = {isa = PBXBuildFile; fileRef = 57A7DE9E17AA37FB00E74167 /* main.m */; };
		57A7DEA517AA37FB00E74167 /* Default.png in Resources */ = {isa = PBXBuildFile; fileRef = 57A7DEA417AA37FB00E74167 /* Default.png */; };
		57A7DEA717AA37FB00E74167 /* Default@2x.png in Resources */ = {isa = PBXBuildFile; fileRef = 57A7DEA617AA37FB00E74167 /* Default@2x.png */; };
		57A7DEA917AA37FB00E74167 /* Default-568h@2x.png in Resources */ = {isa = PBXBuildFile; fileRef = 57A7DEA817AA37FB00E74167 /* Default-568h@2x.png */; };
		57A7DEB717AA37FB00E74167 /* SenTestingKit.framework in Frameworks */ = {isa = PBXBuildFile; fileRef = 57A7DEB617AA37FB00E74167 /* SenTestingKit.framework */; };
		57A7DEB817AA37FB00E74167 /* UIKit.framework in Frameworks */ = {isa = PBXBuildFile; fileRef = 57A7DE9217AA37FB00E74167 /* UIKit.framework */; };
		57A7DEB917AA37FB00E74167 /* Foundation.framework in Frameworks */ = {isa = PBXBuildFile; fileRef = 57A7DE9417AA37FB00E74167 /* Foundation.framework */; };
		57A7DEC117AA37FB00E74167 /* InfoPlist.strings in Resources */ = {isa = PBXBuildFile; fileRef = 57A7DEBF17AA37FB00E74167 /* InfoPlist.strings */; };
		57A7DEC417AA37FB00E74167 /* Obj_C_FusionTablesTests.m in Sources */ = {isa = PBXBuildFile; fileRef = 57A7DEC317AA37FB00E74167 /* Obj_C_FusionTablesTests.m */; };
		57A7DECF17AA385A00E74167 /* AppDelegate.m in Sources */ = {isa = PBXBuildFile; fileRef = 57A7DECE17AA385A00E74167 /* AppDelegate.m */; };
		57A7DED317AA387A00E74167 /* AppGeneralServicesController.m in Sources */ = {isa = PBXBuildFile; fileRef = 57A7DED217AA387A00E74167 /* AppGeneralServicesController.m */; };
		57A7DED917AA394700E74167 /* sampleInsertData.plist in Resources */ = {isa = PBXBuildFile; fileRef = 57A7DED717AA394700E74167 /* sampleInsertData.plist */; };
		57A7DEDA17AA394700E74167 /* sampleUpdateData.plist in Resources */ = {isa = PBXBuildFile; fileRef = 57A7DED817AA394700E74167 /* sampleUpdateData.plist */; };
		57A7DEDF17AA399B00E74167 /* SampleFTQueryBuilder.m in Sources */ = {isa = PBXBuildFile; fileRef = 57A7DEDE17AA399B00E74167 /* SampleFTQueryBuilder.m */; };
		57A7DEEA17AA39A900E74167 /* SampleViewControllerFTBaseSection.m in Sources */ = {isa = PBXBuildFile; fileRef = 57A7DEE117AA39A900E74167 /* SampleViewControllerFTBaseSection.m */; };
		57A7DEEB17AA39A900E74167 /* SampleViewControllerFTCreateSection.m in Sources */ = {isa = PBXBuildFile; fileRef = 57A7DEE317AA39A900E74167 /* SampleViewControllerFTCreateSection.m */; };
		57A7DEEC17AA39A900E74167 /* SampleViewControllerFTStylingSection.m in Sources */ = {isa = PBXBuildFile; fileRef = 57A7DEE517AA39A900E74167 /* SampleViewControllerFTStylingSection.m */; };
		57A7DEED17AA39A900E74167 /* SampleViewControllerInsertFTRowsSection.m in Sources */ = {isa = PBXBuildFile; fileRef = 57A7DEE717AA39A900E74167 /* SampleViewControllerInsertFTRowsSection.m */; };
		57A7DEEE17AA39A900E74167 /* SampleViewControllerFTSharingSection.m in Sources */ = {isa = PBXBuildFile; fileRef = 57A7DEE917AA39A900E74167 /* SampleViewControllerFTSharingSection.m */; };
		57A7DEF417AA39C000E74167 /* SampleViewControllerUIController.m in Sources */ = {isa = PBXBuildFile; fileRef = 57A7DEF017AA39C000E74167 /* SampleViewControllerUIController.m */; };
		57A7DEF517AA39C000E74167 /* SampleViewController.m in Sources */ = {isa = PBXBuildFile; fileRef = 57A7DEF217AA39C000E74167 /* SampleViewController.m */; };
		57A7DEFF17AA3A0900E74167 /* GroupedTableSectionController.m in Sources */ = {isa = PBXBuildFile; fileRef = 57A7DEF917AA3A0900E74167 /* GroupedTableSectionController.m */; };
		57A7DF0017AA3A0900E74167 /* GroupedTableUIController.m in Sources */ = {isa = PBXBuildFile; fileRef = 57A7DEFB17AA3A0900E74167 /* GroupedTableUIController.m */; };
		57A7DF0117AA3A0900E74167 /* GroupedTableViewController.m in Sources */ = {isa = PBXBuildFile; fileRef = 57A7DEFD17AA3A0900E74167 /* GroupedTableViewController.m */; };
		57A7DF0217AA3A0900E74167 /* GroupedTableViewController.xib in Resources */ = {isa = PBXBuildFile; fileRef = 57A7DEFE17AA3A0900E74167 /* GroupedTableViewController.xib */; };
		57A7DF1017AA3A1F00E74167 /* GoogleAPIKeys.plist in Resources */ = {isa = PBXBuildFile; fileRef = 57A7DF0317AA3A1F00E74167 /* GoogleAPIKeys.plist */; };
		57A7DF1117AA3A1F00E74167 /* GoogleAuthorizationController.m in Sources */ = {isa = PBXBuildFile; fileRef = 57A7DF0517AA3A1F00E74167 /* GoogleAuthorizationController.m */; };
		57A7DF1217AA3A1F00E74167 /* FTResource.m in Sources */ = {isa = PBXBuildFile; fileRef = 57A7DF0717AA3A1F00E74167 /* FTResource.m */; };
		57A7DF1317AA3A1F00E74167 /* FTTable.m in Sources */ = {isa = PBXBuildFile; fileRef = 57A7DF0917AA3A1F00E74167 /* FTTable.m */; };
		57A7DF1417AA3A1F00E74167 /* FTStyle.m in Sources */ = {isa = PBXBuildFile; fileRef = 57A7DF0B17AA3A1F00E74167 /* FTStyle.m */; };
		57A7DF1517AA3A1F00E74167 /* FTTemplate.m in Sources */ = {isa = PBXBuildFile; fileRef = 57A7DF0D17AA3A1F00E74167 /* FTTemplate.m */; };
		57A7DF1617AA3A1F00E74167 /* FTQueryBuilder.m in Sources */ = {isa = PBXBuildFile; fileRef = 57A7DF0F17AA3A1F00E74167 /* FTQueryBuilder.m */; };
		57A7DF2D17AA3A8900E74167 /* CellAccessoryViewButton.png in Resources */ = {isa = PBXBuildFile; fileRef = 57A7DF2717AA3A8900E74167 /* CellAccessoryViewButton.png */; };
		57A7DF2E17AA3A8900E74167 /* CellAccessoryViewButtonHighlighted.png in Resources */ = {isa = PBXBuildFile; fileRef = 57A7DF2817AA3A8900E74167 /* CellAccessoryViewButtonHighlighted.png */; };
		57A7DF2F17AA3A8900E74167 /* CellAccessoryViewButton@2x.png in Resources */ = {isa = PBXBuildFile; fileRef = 57A7DF2917AA3A8900E74167 /* CellAccessoryViewButton@2x.png */; };
		57A7DF3017AA3A8900E74167 /* CellAccessoryViewButtonHighlighted@2x.png in Resources */ = {isa = PBXBuildFile; fileRef = 57A7DF2A17AA3A8900E74167 /* CellAccessoryViewButtonHighlighted@2x.png */; };
		57A7DF3117AA3A8900E74167 /* GenericButtonNormal_54.png in Resources */ = {isa = PBXBuildFile; fileRef = 57A7DF2B17AA3A8900E74167 /* GenericButtonNormal_54.png */; };
		57A7DF3217AA3A8900E74167 /* GenericButtonPushed_54.png in Resources */ = {isa = PBXBuildFile; fileRef = 57A7DF2C17AA3A8900E74167 /* GenericButtonPushed_54.png */; };
		57A7DF3417AA3AA700E74167 /* SystemConfiguration.framework in Frameworks */ = {isa = PBXBuildFile; fileRef = 57A7DF3317AA3AA700E74167 /* SystemConfiguration.framework */; };
		57A7DF3617AA3AAE00E74167 /* Security.framework in Frameworks */ = {isa = PBXBuildFile; fileRef = 57A7DF3517AA3AAE00E74167 /* Security.framework */; };
		57B2125A17AA5F1C00041BCB /* GTLDriveAbout.m in Sources */ = {isa = PBXBuildFile; fileRef = 57B2123717AA5F1C00041BCB /* GTLDriveAbout.m */; };
		57B2125B17AA5F1C00041BCB /* GTLDriveApp.m in Sources */ = {isa = PBXBuildFile; fileRef = 57B2123917AA5F1C00041BCB /* GTLDriveApp.m */; };
		57B2125C17AA5F1C00041BCB /* GTLDriveAppList.m in Sources */ = {isa = PBXBuildFile; fileRef = 57B2123B17AA5F1C00041BCB /* GTLDriveAppList.m */; };
		57B2125D17AA5F1C00041BCB /* GTLDriveChange.m in Sources */ = {isa = PBXBuildFile; fileRef = 57B2123D17AA5F1C00041BCB /* GTLDriveChange.m */; };
		57B2125E17AA5F1C00041BCB /* GTLDriveChangeList.m in Sources */ = {isa = PBXBuildFile; fileRef = 57B2123F17AA5F1C00041BCB /* GTLDriveChangeList.m */; };
		57B2125F17AA5F1C00041BCB /* GTLDriveChildList.m in Sources */ = {isa = PBXBuildFile; fileRef = 57B2124117AA5F1C00041BCB /* GTLDriveChildList.m */; };
		57B2126017AA5F1C00041BCB /* GTLDriveChildReference.m in Sources */ = {isa = PBXBuildFile; fileRef = 57B2124317AA5F1C00041BCB /* GTLDriveChildReference.m */; };
		57B2126117AA5F1C00041BCB /* GTLDriveConstants.m in Sources */ = {isa = PBXBuildFile; fileRef = 57B2124517AA5F1C00041BCB /* GTLDriveConstants.m */; };
		57B2126217AA5F1C00041BCB /* GTLDriveFile.m in Sources */ = {isa = PBXBuildFile; fileRef = 57B2124717AA5F1C00041BCB /* GTLDriveFile.m */; };
		57B2126317AA5F1C00041BCB /* GTLDriveFileList.m in Sources */ = {isa = PBXBuildFile; fileRef = 57B2124917AA5F1C00041BCB /* GTLDriveFileList.m */; };
		57B2126417AA5F1C00041BCB /* GTLDriveParentList.m in Sources */ = {isa = PBXBuildFile; fileRef = 57B2124B17AA5F1C00041BCB /* GTLDriveParentList.m */; };
		57B2126517AA5F1C00041BCB /* GTLDriveParentReference.m in Sources */ = {isa = PBXBuildFile; fileRef = 57B2124D17AA5F1C00041BCB /* GTLDriveParentReference.m */; };
		57B2126617AA5F1C00041BCB /* GTLDrivePermission.m in Sources */ = {isa = PBXBuildFile; fileRef = 57B2124F17AA5F1C00041BCB /* GTLDrivePermission.m */; };
		57B2126717AA5F1C00041BCB /* GTLDrivePermissionList.m in Sources */ = {isa = PBXBuildFile; fileRef = 57B2125117AA5F1C00041BCB /* GTLDrivePermissionList.m */; };
		57B2126817AA5F1C00041BCB /* GTLDriveRevision.m in Sources */ = {isa = PBXBuildFile; fileRef = 57B2125317AA5F1C00041BCB /* GTLDriveRevision.m */; };
		57B2126917AA5F1C00041BCB /* GTLDriveRevisionList.m in Sources */ = {isa = PBXBuildFile; fileRef = 57B2125517AA5F1C00041BCB /* GTLDriveRevisionList.m */; };
		57B2126A17AA5F1C00041BCB /* GTLQueryDrive.m in Sources */ = {isa = PBXBuildFile; fileRef = 57B2125717AA5F1C00041BCB /* GTLQueryDrive.m */; };
		57B2126B17AA5F1C00041BCB /* GTLServiceDrive.m in Sources */ = {isa = PBXBuildFile; fileRef = 57B2125917AA5F1C00041BCB /* GTLServiceDrive.m */; };
		57B212AA17AA5F3700041BCB /* GTLObject.m in Sources */ = {isa = PBXBuildFile; fileRef = 57B2126E17AA5F3700041BCB /* GTLObject.m */; settings = {COMPILER_FLAGS = "-fno-objc-arc"; }; };
		57B212AB17AA5F3700041BCB /* GTLQuery.m in Sources */ = {isa = PBXBuildFile; fileRef = 57B2127017AA5F3700041BCB /* GTLQuery.m */; settings = {COMPILER_FLAGS = "-fno-objc-arc"; }; };
		57B212AC17AA5F3700041BCB /* GTLBatchQuery.m in Sources */ = {isa = PBXBuildFile; fileRef = 57B2127217AA5F3700041BCB /* GTLBatchQuery.m */; settings = {COMPILER_FLAGS = "-fno-objc-arc"; }; };
		57B212AD17AA5F3700041BCB /* GTLService.m in Sources */ = {isa = PBXBuildFile; fileRef = 57B2127417AA5F3700041BCB /* GTLService.m */; settings = {COMPILER_FLAGS = "-fno-objc-arc"; }; };
		57B212AE17AA5F3700041BCB /* GTLBatchResult.m in Sources */ = {isa = PBXBuildFile; fileRef = 57B2127617AA5F3700041BCB /* GTLBatchResult.m */; settings = {COMPILER_FLAGS = "-fno-objc-arc"; }; };
		57B212AF17AA5F3700041BCB /* GTLUploadParameters.m in Sources */ = {isa = PBXBuildFile; fileRef = 57B2127817AA5F3700041BCB /* GTLUploadParameters.m */; settings = {COMPILER_FLAGS = "-fno-objc-arc"; }; };
		57B212B017AA5F3700041BCB /* GTLDateTime.m in Sources */ = {isa = PBXBuildFile; fileRef = 57B2127A17AA5F3700041BCB /* GTLDateTime.m */; settings = {COMPILER_FLAGS = "-fno-objc-arc"; }; };
		57B212B117AA5F3700041BCB /* GTLErrorObject.m in Sources */ = {isa = PBXBuildFile; fileRef = 57B2127C17AA5F3700041BCB /* GTLErrorObject.m */; settings = {COMPILER_FLAGS = "-fno-objc-arc"; }; };
		57B212B217AA5F3700041BCB /* GTLRuntimeCommon.m in Sources */ = {isa = PBXBuildFile; fileRef = 57B2127E17AA5F3700041BCB /* GTLRuntimeCommon.m */; settings = {COMPILER_FLAGS = "-fno-objc-arc"; }; };
		57B212B317AA5F3700041BCB /* GTLFramework.m in Sources */ = {isa = PBXBuildFile; fileRef = 57B2128017AA5F3700041BCB /* GTLFramework.m */; settings = {COMPILER_FLAGS = "-fno-objc-arc"; }; };
		57B212B417AA5F3700041BCB /* GTLJSONParser.m in Sources */ = {isa = PBXBuildFile; fileRef = 57B2128217AA5F3700041BCB /* GTLJSONParser.m */; settings = {COMPILER_FLAGS = "-fno-objc-arc"; }; };
		57B212B517AA5F3700041BCB /* GTLUtilities.m in Sources */ = {isa = PBXBuildFile; fileRef = 57B2128517AA5F3700041BCB /* GTLUtilities.m */; settings = {COMPILER_FLAGS = "-fno-objc-arc"; }; };
		57B212B617AA5F3700041BCB /* GTLBase64.m in Sources */ = {isa = PBXBuildFile; fileRef = 57B2128717AA5F3700041BCB /* GTLBase64.m */; settings = {COMPILER_FLAGS = "-fno-objc-arc"; }; };
		57B212B717AA5F3700041BCB /* GTMHTTPFetcherService.m in Sources */ = {isa = PBXBuildFile; fileRef = 57B2128917AA5F3700041BCB /* GTMHTTPFetcherService.m */; settings = {COMPILER_FLAGS = "-fno-objc-arc"; }; };
		57B212B817AA5F3700041BCB /* GTMHTTPFetcher.m in Sources */ = {isa = PBXBuildFile; fileRef = 57B2128B17AA5F3700041BCB /* GTMHTTPFetcher.m */; settings = {COMPILER_FLAGS = "-fno-objc-arc"; }; };
		57B212B917AA5F3700041BCB /* GTMHTTPFetcherLogging.m in Sources */ = {isa = PBXBuildFile; fileRef = 57B2128D17AA5F3700041BCB /* GTMHTTPFetcherLogging.m */; settings = {COMPILER_FLAGS = "-fno-objc-arc"; }; };
		57B212BA17AA5F3700041BCB /* GTMHTTPFetchHistory.m in Sources */ = {isa = PBXBuildFile; fileRef = 57B2128F17AA5F3700041BCB /* GTMHTTPFetchHistory.m */; settings = {COMPILER_FLAGS = "-fno-objc-arc"; }; };
		57B212BB17AA5F3700041BCB /* GTMHTTPUploadFetcher.m in Sources */ = {isa = PBXBuildFile; fileRef = 57B2129117AA5F3700041BCB /* GTMHTTPUploadFetcher.m */; settings = {COMPILER_FLAGS = "-fno-objc-arc"; }; };
		57B212BD17AA5F3700041BCB /* GTMMIMEDocument.m in Sources */ = {isa = PBXBuildFile; fileRef = 57B2129517AA5F3700041BCB /* GTMMIMEDocument.m */; settings = {COMPILER_FLAGS = "-fno-objc-arc"; }; };
		57B212BE17AA5F3700041BCB /* GTMReadMonitorInputStream.m in Sources */ = {isa = PBXBuildFile; fileRef = 57B2129717AA5F3700041BCB /* GTMReadMonitorInputStream.m */; settings = {COMPILER_FLAGS = "-fno-objc-arc"; }; };
		57B212BF17AA5F3700041BCB /* SBJsonBase.m in Sources */ = {isa = PBXBuildFile; fileRef = 57B2129B17AA5F3700041BCB /* SBJsonBase.m */; settings = {COMPILER_FLAGS = "-fno-objc-arc"; }; };
		57B212C017AA5F3700041BCB /* SBJsonParser.m in Sources */ = {isa = PBXBuildFile; fileRef = 57B2129D17AA5F3700041BCB /* SBJsonParser.m */; settings = {COMPILER_FLAGS = "-fno-objc-arc"; }; };
		57B212C117AA5F3700041BCB /* SBJsonWriter.m in Sources */ = {isa = PBXBuildFile; fileRef = 57B2129F17AA5F3700041BCB /* SBJsonWriter.m */; settings = {COMPILER_FLAGS = "-fno-objc-arc"; }; };
		57B212C217AA5F3700041BCB /* GTMOAuth2Authentication.m in Sources */ = {isa = PBXBuildFile; fileRef = 57B212A117AA5F3700041BCB /* GTMOAuth2Authentication.m */; settings = {COMPILER_FLAGS = "-fno-objc-arc"; }; };
		57B212C317AA5F3700041BCB /* GTMOAuth2SignIn.m in Sources */ = {isa = PBXBuildFile; fileRef = 57B212A317AA5F3700041BCB /* GTMOAuth2SignIn.m */; settings = {COMPILER_FLAGS = "-fno-objc-arc"; }; };
		57B212C417AA5F3700041BCB /* GTMOAuth2Window.xib in Resources */ = {isa = PBXBuildFile; fileRef = 57B212A417AA5F3700041BCB /* GTMOAuth2Window.xib */; };
		57B212C517AA5F3700041BCB /* GTMOAuth2WindowController.m in Sources */ = {isa = PBXBuildFile; fileRef = 57B212A617AA5F3700041BCB /* GTMOAuth2WindowController.m */; settings = {COMPILER_FLAGS = "-fno-objc-arc"; }; };
		57B212C617AA5F3700041BCB /* GTMOAuth2ViewControllerTouch.m in Sources */ = {isa = PBXBuildFile; fileRef = 57B212A817AA5F3700041BCB /* GTMOAuth2ViewControllerTouch.m */; settings = {COMPILER_FLAGS = "-fno-objc-arc"; }; };
		57B212C717AA5F3700041BCB /* GTMOAuth2ViewTouch.xib in Resources */ = {isa = PBXBuildFile; fileRef = 57B212A917AA5F3700041BCB /* GTMOAuth2ViewTouch.xib */; };
		57B212CA17AA61E000041BCB /* GTMGatherInputStream.m in Sources */ = {isa = PBXBuildFile; fileRef = 57B212C917AA61E000041BCB /* GTMGatherInputStream.m */; settings = {COMPILER_FLAGS = "-fno-objc-arc"; }; };
/* End PBXBuildFile section */

/* Begin PBXContainerItemProxy section */
		57A7DEBA17AA37FB00E74167 /* PBXContainerItemProxy */ = {
			isa = PBXContainerItemProxy;
			containerPortal = 57A7DE8717AA37FA00E74167 /* Project object */;
			proxyType = 1;
			remoteGlobalIDString = 57A7DE8E17AA37FB00E74167;
			remoteInfo = "Obj-C-FusionTables";
		};
/* End PBXContainerItemProxy section */

/* Begin PBXFileReference section */
		57A7DE8F17AA37FB00E74167 /* Obj-C-FusionTables.app */ = {isa = PBXFileReference; explicitFileType = wrapper.application; includeInIndex = 0; path = "Obj-C-FusionTables.app"; sourceTree = BUILT_PRODUCTS_DIR; };
		57A7DE9217AA37FB00E74167 /* UIKit.framework */ = {isa = PBXFileReference; lastKnownFileType = wrapper.framework; name = UIKit.framework; path = System/Library/Frameworks/UIKit.framework; sourceTree = SDKROOT; };
		57A7DE9417AA37FB00E74167 /* Foundation.framework */ = {isa = PBXFileReference; lastKnownFileType = wrapper.framework; name = Foundation.framework; path = System/Library/Frameworks/Foundation.framework; sourceTree = SDKROOT; };
		57A7DE9617AA37FB00E74167 /* CoreGraphics.framework */ = {isa = PBXFileReference; lastKnownFileType = wrapper.framework; name = CoreGraphics.framework; path = System/Library/Frameworks/CoreGraphics.framework; sourceTree = SDKROOT; };
		57A7DE9A17AA37FB00E74167 /* Obj-C-FusionTables-Info.plist */ = {isa = PBXFileReference; lastKnownFileType = text.plist.xml; path = "Obj-C-FusionTables-Info.plist"; sourceTree = "<group>"; };
		57A7DE9C17AA37FB00E74167 /* en */ = {isa = PBXFileReference; lastKnownFileType = text.plist.strings; name = en; path = en.lproj/InfoPlist.strings; sourceTree = "<group>"; };
		57A7DE9E17AA37FB00E74167 /* main.m */ = {isa = PBXFileReference; lastKnownFileType = sourcecode.c.objc; path = main.m; sourceTree = "<group>"; };
		57A7DEA017AA37FB00E74167 /* Obj-C-FusionTables-Prefix.pch */ = {isa = PBXFileReference; lastKnownFileType = sourcecode.c.h; path = "Obj-C-FusionTables-Prefix.pch"; sourceTree = "<group>"; };
		57A7DEA417AA37FB00E74167 /* Default.png */ = {isa = PBXFileReference; lastKnownFileType = image.png; path = Default.png; sourceTree = "<group>"; };
		57A7DEA617AA37FB00E74167 /* Default@2x.png */ = {isa = PBXFileReference; lastKnownFileType = image.png; path = "Default@2x.png"; sourceTree = "<group>"; };
		57A7DEA817AA37FB00E74167 /* Default-568h@2x.png */ = {isa = PBXFileReference; lastKnownFileType = image.png; path = "Default-568h@2x.png"; sourceTree = "<group>"; };
		57A7DEB517AA37FB00E74167 /* Obj-C-FusionTablesTests.octest */ = {isa = PBXFileReference; explicitFileType = wrapper.cfbundle; includeInIndex = 0; path = "Obj-C-FusionTablesTests.octest"; sourceTree = BUILT_PRODUCTS_DIR; };
		57A7DEB617AA37FB00E74167 /* SenTestingKit.framework */ = {isa = PBXFileReference; lastKnownFileType = wrapper.framework; name = SenTestingKit.framework; path = Library/Frameworks/SenTestingKit.framework; sourceTree = DEVELOPER_DIR; };
		57A7DEBE17AA37FB00E74167 /* Obj-C-FusionTablesTests-Info.plist */ = {isa = PBXFileReference; lastKnownFileType = text.plist.xml; path = "Obj-C-FusionTablesTests-Info.plist"; sourceTree = "<group>"; };
		57A7DEC017AA37FB00E74167 /* en */ = {isa = PBXFileReference; lastKnownFileType = text.plist.strings; name = en; path = en.lproj/InfoPlist.strings; sourceTree = "<group>"; };
		57A7DEC217AA37FB00E74167 /* Obj_C_FusionTablesTests.h */ = {isa = PBXFileReference; lastKnownFileType = sourcecode.c.h; path = Obj_C_FusionTablesTests.h; sourceTree = "<group>"; };
		57A7DEC317AA37FB00E74167 /* Obj_C_FusionTablesTests.m */ = {isa = PBXFileReference; lastKnownFileType = sourcecode.c.objc; path = Obj_C_FusionTablesTests.m; sourceTree = "<group>"; };
		57A7DECD17AA385A00E74167 /* AppDelegate.h */ = {isa = PBXFileReference; fileEncoding = 4; lastKnownFileType = sourcecode.c.h; path = AppDelegate.h; sourceTree = "<group>"; };
		57A7DECE17AA385A00E74167 /* AppDelegate.m */ = {isa = PBXFileReference; fileEncoding = 4; lastKnownFileType = sourcecode.c.objc; path = AppDelegate.m; sourceTree = "<group>"; };
		57A7DED117AA387A00E74167 /* AppGeneralServicesController.h */ = {isa = PBXFileReference; fileEncoding = 4; lastKnownFileType = sourcecode.c.h; path = AppGeneralServicesController.h; sourceTree = "<group>"; };
		57A7DED217AA387A00E74167 /* AppGeneralServicesController.m */ = {isa = PBXFileReference; fileEncoding = 4; lastKnownFileType = sourcecode.c.objc; path = AppGeneralServicesController.m; sourceTree = "<group>"; };
		57A7DED717AA394700E74167 /* sampleInsertData.plist */ = {isa = PBXFileReference; fileEncoding = 4; lastKnownFileType = text.plist.xml; path = sampleInsertData.plist; sourceTree = "<group>"; };
		57A7DED817AA394700E74167 /* sampleUpdateData.plist */ = {isa = PBXFileReference; fileEncoding = 4; lastKnownFileType = text.plist.xml; path = sampleUpdateData.plist; sourceTree = "<group>"; };
		57A7DEDD17AA399B00E74167 /* SampleFTQueryBuilder.h */ = {isa = PBXFileReference; fileEncoding = 4; lastKnownFileType = sourcecode.c.h; path = SampleFTQueryBuilder.h; sourceTree = "<group>"; };
		57A7DEDE17AA399B00E74167 /* SampleFTQueryBuilder.m */ = {isa = PBXFileReference; fileEncoding = 4; lastKnownFileType = sourcecode.c.objc; path = SampleFTQueryBuilder.m; sourceTree = "<group>"; };
		57A7DEE017AA39A900E74167 /* SampleViewControllerFTBaseSection.h */ = {isa = PBXFileReference; fileEncoding = 4; lastKnownFileType = sourcecode.c.h; path = SampleViewControllerFTBaseSection.h; sourceTree = "<group>"; };
		57A7DEE117AA39A900E74167 /* SampleViewControllerFTBaseSection.m */ = {isa = PBXFileReference; fileEncoding = 4; lastKnownFileType = sourcecode.c.objc; path = SampleViewControllerFTBaseSection.m; sourceTree = "<group>"; };
		57A7DEE217AA39A900E74167 /* SampleViewControllerFTCreateSection.h */ = {isa = PBXFileReference; fileEncoding = 4; lastKnownFileType = sourcecode.c.h; path = SampleViewControllerFTCreateSection.h; sourceTree = "<group>"; };
		57A7DEE317AA39A900E74167 /* SampleViewControllerFTCreateSection.m */ = {isa = PBXFileReference; fileEncoding = 4; lastKnownFileType = sourcecode.c.objc; path = SampleViewControllerFTCreateSection.m; sourceTree = "<group>"; };
		57A7DEE417AA39A900E74167 /* SampleViewControllerFTStylingSection.h */ = {isa = PBXFileReference; fileEncoding = 4; lastKnownFileType = sourcecode.c.h; path = SampleViewControllerFTStylingSection.h; sourceTree = "<group>"; };
		57A7DEE517AA39A900E74167 /* SampleViewControllerFTStylingSection.m */ = {isa = PBXFileReference; fileEncoding = 4; lastKnownFileType = sourcecode.c.objc; path = SampleViewControllerFTStylingSection.m; sourceTree = "<group>"; };
		57A7DEE617AA39A900E74167 /* SampleViewControllerInsertFTRowsSection.h */ = {isa = PBXFileReference; fileEncoding = 4; lastKnownFileType = sourcecode.c.h; path = SampleViewControllerInsertFTRowsSection.h; sourceTree = "<group>"; };
		57A7DEE717AA39A900E74167 /* SampleViewControllerInsertFTRowsSection.m */ = {isa = PBXFileReference; fileEncoding = 4; lastKnownFileType = sourcecode.c.objc; path = SampleViewControllerInsertFTRowsSection.m; sourceTree = "<group>"; };
		57A7DEE817AA39A900E74167 /* SampleViewControllerFTSharingSection.h */ = {isa = PBXFileReference; fileEncoding = 4; lastKnownFileType = sourcecode.c.h; path = SampleViewControllerFTSharingSection.h; sourceTree = "<group>"; };
		57A7DEE917AA39A900E74167 /* SampleViewControllerFTSharingSection.m */ = {isa = PBXFileReference; fileEncoding = 4; lastKnownFileType = sourcecode.c.objc; path = SampleViewControllerFTSharingSection.m; sourceTree = "<group>"; };
		57A7DEEF17AA39C000E74167 /* SampleViewControllerUIController.h */ = {isa = PBXFileReference; fileEncoding = 4; lastKnownFileType = sourcecode.c.h; path = SampleViewControllerUIController.h; sourceTree = "<group>"; };
		57A7DEF017AA39C000E74167 /* SampleViewControllerUIController.m */ = {isa = PBXFileReference; fileEncoding = 4; lastKnownFileType = sourcecode.c.objc; path = SampleViewControllerUIController.m; sourceTree = "<group>"; };
		57A7DEF117AA39C000E74167 /* SampleViewController.h */ = {isa = PBXFileReference; fileEncoding = 4; lastKnownFileType = sourcecode.c.h; path = SampleViewController.h; sourceTree = "<group>"; };
		57A7DEF217AA39C000E74167 /* SampleViewController.m */ = {isa = PBXFileReference; fileEncoding = 4; lastKnownFileType = sourcecode.c.objc; path = SampleViewController.m; sourceTree = "<group>"; };
		57A7DEF817AA3A0900E74167 /* GroupedTableSectionController.h */ = {isa = PBXFileReference; fileEncoding = 4; lastKnownFileType = sourcecode.c.h; path = GroupedTableSectionController.h; sourceTree = "<group>"; };
		57A7DEF917AA3A0900E74167 /* GroupedTableSectionController.m */ = {isa = PBXFileReference; fileEncoding = 4; lastKnownFileType = sourcecode.c.objc; path = GroupedTableSectionController.m; sourceTree = "<group>"; };
		57A7DEFA17AA3A0900E74167 /* GroupedTableUIController.h */ = {isa = PBXFileReference; fileEncoding = 4; lastKnownFileType = sourcecode.c.h; path = GroupedTableUIController.h; sourceTree = "<group>"; };
		57A7DEFB17AA3A0900E74167 /* GroupedTableUIController.m */ = {isa = PBXFileReference; fileEncoding = 4; lastKnownFileType = sourcecode.c.objc; path = GroupedTableUIController.m; sourceTree = "<group>"; };
		57A7DEFC17AA3A0900E74167 /* GroupedTableViewController.h */ = {isa = PBXFileReference; fileEncoding = 4; lastKnownFileType = sourcecode.c.h; path = GroupedTableViewController.h; sourceTree = "<group>"; };
		57A7DEFD17AA3A0900E74167 /* GroupedTableViewController.m */ = {isa = PBXFileReference; fileEncoding = 4; lastKnownFileType = sourcecode.c.objc; path = GroupedTableViewController.m; sourceTree = "<group>"; };
		57A7DEFE17AA3A0900E74167 /* GroupedTableViewController.xib */ = {isa = PBXFileReference; fileEncoding = 4; lastKnownFileType = file.xib; path = GroupedTableViewController.xib; sourceTree = "<group>"; };
		57A7DF0317AA3A1F00E74167 /* GoogleAPIKeys.plist */ = {isa = PBXFileReference; fileEncoding = 4; lastKnownFileType = text.plist.xml; path = GoogleAPIKeys.plist; sourceTree = "<group>"; };
		57A7DF0417AA3A1F00E74167 /* GoogleAuthorizationController.h */ = {isa = PBXFileReference; fileEncoding = 4; lastKnownFileType = sourcecode.c.h; path = GoogleAuthorizationController.h; sourceTree = "<group>"; };
		57A7DF0517AA3A1F00E74167 /* GoogleAuthorizationController.m */ = {isa = PBXFileReference; fileEncoding = 4; lastKnownFileType = sourcecode.c.objc; path = GoogleAuthorizationController.m; sourceTree = "<group>"; };
		57A7DF0617AA3A1F00E74167 /* FTResource.h */ = {isa = PBXFileReference; fileEncoding = 4; lastKnownFileType = sourcecode.c.h; path = FTResource.h; sourceTree = "<group>"; };
		57A7DF0717AA3A1F00E74167 /* FTResource.m */ = {isa = PBXFileReference; fileEncoding = 4; lastKnownFileType = sourcecode.c.objc; path = FTResource.m; sourceTree = "<group>"; };
		57A7DF0817AA3A1F00E74167 /* FTTable.h */ = {isa = PBXFileReference; fileEncoding = 4; lastKnownFileType = sourcecode.c.h; path = FTTable.h; sourceTree = "<group>"; };
		57A7DF0917AA3A1F00E74167 /* FTTable.m */ = {isa = PBXFileReference; fileEncoding = 4; lastKnownFileType = sourcecode.c.objc; path = FTTable.m; sourceTree = "<group>"; };
		57A7DF0A17AA3A1F00E74167 /* FTStyle.h */ = {isa = PBXFileReference; fileEncoding = 4; lastKnownFileType = sourcecode.c.h; path = FTStyle.h; sourceTree = "<group>"; };
		57A7DF0B17AA3A1F00E74167 /* FTStyle.m */ = {isa = PBXFileReference; fileEncoding = 4; lastKnownFileType = sourcecode.c.objc; path = FTStyle.m; sourceTree = "<group>"; };
		57A7DF0C17AA3A1F00E74167 /* FTTemplate.h */ = {isa = PBXFileReference; fileEncoding = 4; lastKnownFileType = sourcecode.c.h; path = FTTemplate.h; sourceTree = "<group>"; };
		57A7DF0D17AA3A1F00E74167 /* FTTemplate.m */ = {isa = PBXFileReference; fileEncoding = 4; lastKnownFileType = sourcecode.c.objc; path = FTTemplate.m; sourceTree = "<group>"; };
		57A7DF0E17AA3A1F00E74167 /* FTQueryBuilder.h */ = {isa = PBXFileReference; fileEncoding = 4; lastKnownFileType = sourcecode.c.h; path = FTQueryBuilder.h; sourceTree = "<group>"; };
		57A7DF0F17AA3A1F00E74167 /* FTQueryBuilder.m */ = {isa = PBXFileReference; fileEncoding = 4; lastKnownFileType = sourcecode.c.objc; path = FTQueryBuilder.m; sourceTree = "<group>"; };
		57A7DF2717AA3A8900E74167 /* CellAccessoryViewButton.png */ = {isa = PBXFileReference; lastKnownFileType = image.png; path = CellAccessoryViewButton.png; sourceTree = "<group>"; };
		57A7DF2817AA3A8900E74167 /* CellAccessoryViewButtonHighlighted.png */ = {isa = PBXFileReference; lastKnownFileType = image.png; path = CellAccessoryViewButtonHighlighted.png; sourceTree = "<group>"; };
		57A7DF2917AA3A8900E74167 /* CellAccessoryViewButton@2x.png */ = {isa = PBXFileReference; lastKnownFileType = image.png; path = "CellAccessoryViewButton@2x.png"; sourceTree = "<group>"; };
		57A7DF2A17AA3A8900E74167 /* CellAccessoryViewButtonHighlighted@2x.png */ = {isa = PBXFileReference; lastKnownFileType = image.png; path = "CellAccessoryViewButtonHighlighted@2x.png"; sourceTree = "<group>"; };
		57A7DF2B17AA3A8900E74167 /* GenericButtonNormal_54.png */ = {isa = PBXFileReference; lastKnownFileType = image.png; path = GenericButtonNormal_54.png; sourceTree = "<group>"; };
		57A7DF2C17AA3A8900E74167 /* GenericButtonPushed_54.png */ = {isa = PBXFileReference; lastKnownFileType = image.png; path = GenericButtonPushed_54.png; sourceTree = "<group>"; };
		57A7DF3317AA3AA700E74167 /* SystemConfiguration.framework */ = {isa = PBXFileReference; lastKnownFileType = wrapper.framework; name = SystemConfiguration.framework; path = System/Library/Frameworks/SystemConfiguration.framework; sourceTree = SDKROOT; };
		57A7DF3517AA3AAE00E74167 /* Security.framework */ = {isa = PBXFileReference; lastKnownFileType = wrapper.framework; name = Security.framework; path = System/Library/Frameworks/Security.framework; sourceTree = SDKROOT; };
		57B2123517AA5F1C00041BCB /* GTLDrive.h */ = {isa = PBXFileReference; fileEncoding = 4; lastKnownFileType = sourcecode.c.h; path = GTLDrive.h; sourceTree = "<group>"; };
		57B2123617AA5F1C00041BCB /* GTLDriveAbout.h */ = {isa = PBXFileReference; fileEncoding = 4; lastKnownFileType = sourcecode.c.h; path = GTLDriveAbout.h; sourceTree = "<group>"; };
		57B2123717AA5F1C00041BCB /* GTLDriveAbout.m */ = {isa = PBXFileReference; fileEncoding = 4; lastKnownFileType = sourcecode.c.objc; path = GTLDriveAbout.m; sourceTree = "<group>"; };
		57B2123817AA5F1C00041BCB /* GTLDriveApp.h */ = {isa = PBXFileReference; fileEncoding = 4; lastKnownFileType = sourcecode.c.h; path = GTLDriveApp.h; sourceTree = "<group>"; };
		57B2123917AA5F1C00041BCB /* GTLDriveApp.m */ = {isa = PBXFileReference; fileEncoding = 4; lastKnownFileType = sourcecode.c.objc; path = GTLDriveApp.m; sourceTree = "<group>"; };
		57B2123A17AA5F1C00041BCB /* GTLDriveAppList.h */ = {isa = PBXFileReference; fileEncoding = 4; lastKnownFileType = sourcecode.c.h; path = GTLDriveAppList.h; sourceTree = "<group>"; };
		57B2123B17AA5F1C00041BCB /* GTLDriveAppList.m */ = {isa = PBXFileReference; fileEncoding = 4; lastKnownFileType = sourcecode.c.objc; path = GTLDriveAppList.m; sourceTree = "<group>"; };
		57B2123C17AA5F1C00041BCB /* GTLDriveChange.h */ = {isa = PBXFileReference; fileEncoding = 4; lastKnownFileType = sourcecode.c.h; path = GTLDriveChange.h; sourceTree = "<group>"; };
		57B2123D17AA5F1C00041BCB /* GTLDriveChange.m */ = {isa = PBXFileReference; fileEncoding = 4; lastKnownFileType = sourcecode.c.objc; path = GTLDriveChange.m; sourceTree = "<group>"; };
		57B2123E17AA5F1C00041BCB /* GTLDriveChangeList.h */ = {isa = PBXFileReference; fileEncoding = 4; lastKnownFileType = sourcecode.c.h; path = GTLDriveChangeList.h; sourceTree = "<group>"; };
		57B2123F17AA5F1C00041BCB /* GTLDriveChangeList.m */ = {isa = PBXFileReference; fileEncoding = 4; lastKnownFileType = sourcecode.c.objc; path = GTLDriveChangeList.m; sourceTree = "<group>"; };
		57B2124017AA5F1C00041BCB /* GTLDriveChildList.h */ = {isa = PBXFileReference; fileEncoding = 4; lastKnownFileType = sourcecode.c.h; path = GTLDriveChildList.h; sourceTree = "<group>"; };
		57B2124117AA5F1C00041BCB /* GTLDriveChildList.m */ = {isa = PBXFileReference; fileEncoding = 4; lastKnownFileType = sourcecode.c.objc; path = GTLDriveChildList.m; sourceTree = "<group>"; };
		57B2124217AA5F1C00041BCB /* GTLDriveChildReference.h */ = {isa = PBXFileReference; fileEncoding = 4; lastKnownFileType = sourcecode.c.h; path = GTLDriveChildReference.h; sourceTree = "<group>"; };
		57B2124317AA5F1C00041BCB /* GTLDriveChildReference.m */ = {isa = PBXFileReference; fileEncoding = 4; lastKnownFileType = sourcecode.c.objc; path = GTLDriveChildReference.m; sourceTree = "<group>"; };
		57B2124417AA5F1C00041BCB /* GTLDriveConstants.h */ = {isa = PBXFileReference; fileEncoding = 4; lastKnownFileType = sourcecode.c.h; path = GTLDriveConstants.h; sourceTree = "<group>"; };
		57B2124517AA5F1C00041BCB /* GTLDriveConstants.m */ = {isa = PBXFileReference; fileEncoding = 4; lastKnownFileType = sourcecode.c.objc; path = GTLDriveConstants.m; sourceTree = "<group>"; };
		57B2124617AA5F1C00041BCB /* GTLDriveFile.h */ = {isa = PBXFileReference; fileEncoding = 4; lastKnownFileType = sourcecode.c.h; path = GTLDriveFile.h; sourceTree = "<group>"; };
		57B2124717AA5F1C00041BCB /* GTLDriveFile.m */ = {isa = PBXFileReference; fileEncoding = 4; lastKnownFileType = sourcecode.c.objc; path = GTLDriveFile.m; sourceTree = "<group>"; };
		57B2124817AA5F1C00041BCB /* GTLDriveFileList.h */ = {isa = PBXFileReference; fileEncoding = 4; lastKnownFileType = sourcecode.c.h; path = GTLDriveFileList.h; sourceTree = "<group>"; };
		57B2124917AA5F1C00041BCB /* GTLDriveFileList.m */ = {isa = PBXFileReference; fileEncoding = 4; lastKnownFileType = sourcecode.c.objc; path = GTLDriveFileList.m; sourceTree = "<group>"; };
		57B2124A17AA5F1C00041BCB /* GTLDriveParentList.h */ = {isa = PBXFileReference; fileEncoding = 4; lastKnownFileType = sourcecode.c.h; path = GTLDriveParentList.h; sourceTree = "<group>"; };
		57B2124B17AA5F1C00041BCB /* GTLDriveParentList.m */ = {isa = PBXFileReference; fileEncoding = 4; lastKnownFileType = sourcecode.c.objc; path = GTLDriveParentList.m; sourceTree = "<group>"; };
		57B2124C17AA5F1C00041BCB /* GTLDriveParentReference.h */ = {isa = PBXFileReference; fileEncoding = 4; lastKnownFileType = sourcecode.c.h; path = GTLDriveParentReference.h; sourceTree = "<group>"; };
		57B2124D17AA5F1C00041BCB /* GTLDriveParentReference.m */ = {isa = PBXFileReference; fileEncoding = 4; lastKnownFileType = sourcecode.c.objc; path = GTLDriveParentReference.m; sourceTree = "<group>"; };
		57B2124E17AA5F1C00041BCB /* GTLDrivePermission.h */ = {isa = PBXFileReference; fileEncoding = 4; lastKnownFileType = sourcecode.c.h; path = GTLDrivePermission.h; sourceTree = "<group>"; };
		57B2124F17AA5F1C00041BCB /* GTLDrivePermission.m */ = {isa = PBXFileReference; fileEncoding = 4; lastKnownFileType = sourcecode.c.objc; path = GTLDrivePermission.m; sourceTree = "<group>"; };
		57B2125017AA5F1C00041BCB /* GTLDrivePermissionList.h */ = {isa = PBXFileReference; fileEncoding = 4; lastKnownFileType = sourcecode.c.h; path = GTLDrivePermissionList.h; sourceTree = "<group>"; };
		57B2125117AA5F1C00041BCB /* GTLDrivePermissionList.m */ = {isa = PBXFileReference; fileEncoding = 4; lastKnownFileType = sourcecode.c.objc; path = GTLDrivePermissionList.m; sourceTree = "<group>"; };
		57B2125217AA5F1C00041BCB /* GTLDriveRevision.h */ = {isa = PBXFileReference; fileEncoding = 4; lastKnownFileType = sourcecode.c.h; path = GTLDriveRevision.h; sourceTree = "<group>"; };
		57B2125317AA5F1C00041BCB /* GTLDriveRevision.m */ = {isa = PBXFileReference; fileEncoding = 4; lastKnownFileType = sourcecode.c.objc; path = GTLDriveRevision.m; sourceTree = "<group>"; };
		57B2125417AA5F1C00041BCB /* GTLDriveRevisionList.h */ = {isa = PBXFileReference; fileEncoding = 4; lastKnownFileType = sourcecode.c.h; path = GTLDriveRevisionList.h; sourceTree = "<group>"; };
		57B2125517AA5F1C00041BCB /* GTLDriveRevisionList.m */ = {isa = PBXFileReference; fileEncoding = 4; lastKnownFileType = sourcecode.c.objc; path = GTLDriveRevisionList.m; sourceTree = "<group>"; };
		57B2125617AA5F1C00041BCB /* GTLQueryDrive.h */ = {isa = PBXFileReference; fileEncoding = 4; lastKnownFileType = sourcecode.c.h; path = GTLQueryDrive.h; sourceTree = "<group>"; };
		57B2125717AA5F1C00041BCB /* GTLQueryDrive.m */ = {isa = PBXFileReference; fileEncoding = 4; lastKnownFileType = sourcecode.c.objc; path = GTLQueryDrive.m; sourceTree = "<group>"; };
		57B2125817AA5F1C00041BCB /* GTLServiceDrive.h */ = {isa = PBXFileReference; fileEncoding = 4; lastKnownFileType = sourcecode.c.h; path = GTLServiceDrive.h; sourceTree = "<group>"; };
		57B2125917AA5F1C00041BCB /* GTLServiceDrive.m */ = {isa = PBXFileReference; fileEncoding = 4; lastKnownFileType = sourcecode.c.objc; path = GTLServiceDrive.m; sourceTree = "<group>"; };
		57B2126C17AA5F3700041BCB /* GTLDefines.h */ = {isa = PBXFileReference; fileEncoding = 4; lastKnownFileType = sourcecode.c.h; path = GTLDefines.h; sourceTree = "<group>"; };
		57B2126D17AA5F3700041BCB /* GTLObject.h */ = {isa = PBXFileReference; fileEncoding = 4; lastKnownFileType = sourcecode.c.h; path = GTLObject.h; sourceTree = "<group>"; };
		57B2126E17AA5F3700041BCB /* GTLObject.m */ = {isa = PBXFileReference; fileEncoding = 4; lastKnownFileType = sourcecode.c.objc; path = GTLObject.m; sourceTree = "<group>"; };
		57B2126F17AA5F3700041BCB /* GTLQuery.h */ = {isa = PBXFileReference; fileEncoding = 4; lastKnownFileType = sourcecode.c.h; path = GTLQuery.h; sourceTree = "<group>"; };
		57B2127017AA5F3700041BCB /* GTLQuery.m */ = {isa = PBXFileReference; fileEncoding = 4; lastKnownFileType = sourcecode.c.objc; path = GTLQuery.m; sourceTree = "<group>"; };
		57B2127117AA5F3700041BCB /* GTLBatchQuery.h */ = {isa = PBXFileReference; fileEncoding = 4; lastKnownFileType = sourcecode.c.h; path = GTLBatchQuery.h; sourceTree = "<group>"; };
		57B2127217AA5F3700041BCB /* GTLBatchQuery.m */ = {isa = PBXFileReference; fileEncoding = 4; lastKnownFileType = sourcecode.c.objc; path = GTLBatchQuery.m; sourceTree = "<group>"; };
		57B2127317AA5F3700041BCB /* GTLService.h */ = {isa = PBXFileReference; fileEncoding = 4; lastKnownFileType = sourcecode.c.h; path = GTLService.h; sourceTree = "<group>"; };
		57B2127417AA5F3700041BCB /* GTLService.m */ = {isa = PBXFileReference; fileEncoding = 4; lastKnownFileType = sourcecode.c.objc; path = GTLService.m; sourceTree = "<group>"; };
		57B2127517AA5F3700041BCB /* GTLBatchResult.h */ = {isa = PBXFileReference; fileEncoding = 4; lastKnownFileType = sourcecode.c.h; path = GTLBatchResult.h; sourceTree = "<group>"; };
		57B2127617AA5F3700041BCB /* GTLBatchResult.m */ = {isa = PBXFileReference; fileEncoding = 4; lastKnownFileType = sourcecode.c.objc; path = GTLBatchResult.m; sourceTree = "<group>"; };
		57B2127717AA5F3700041BCB /* GTLUploadParameters.h */ = {isa = PBXFileReference; fileEncoding = 4; lastKnownFileType = sourcecode.c.h; path = GTLUploadParameters.h; sourceTree = "<group>"; };
		57B2127817AA5F3700041BCB /* GTLUploadParameters.m */ = {isa = PBXFileReference; fileEncoding = 4; lastKnownFileType = sourcecode.c.objc; path = GTLUploadParameters.m; sourceTree = "<group>"; };
		57B2127917AA5F3700041BCB /* GTLDateTime.h */ = {isa = PBXFileReference; fileEncoding = 4; lastKnownFileType = sourcecode.c.h; path = GTLDateTime.h; sourceTree = "<group>"; };
		57B2127A17AA5F3700041BCB /* GTLDateTime.m */ = {isa = PBXFileReference; fileEncoding = 4; lastKnownFileType = sourcecode.c.objc; path = GTLDateTime.m; sourceTree = "<group>"; };
		57B2127B17AA5F3700041BCB /* GTLErrorObject.h */ = {isa = PBXFileReference; fileEncoding = 4; lastKnownFileType = sourcecode.c.h; path = GTLErrorObject.h; sourceTree = "<group>"; };
		57B2127C17AA5F3700041BCB /* GTLErrorObject.m */ = {isa = PBXFileReference; fileEncoding = 4; lastKnownFileType = sourcecode.c.objc; path = GTLErrorObject.m; sourceTree = "<group>"; };
		57B2127D17AA5F3700041BCB /* GTLRuntimeCommon.h */ = {isa = PBXFileReference; fileEncoding = 4; lastKnownFileType = sourcecode.c.h; path = GTLRuntimeCommon.h; sourceTree = "<group>"; };
		57B2127E17AA5F3700041BCB /* GTLRuntimeCommon.m */ = {isa = PBXFileReference; fileEncoding = 4; lastKnownFileType = sourcecode.c.objc; path = GTLRuntimeCommon.m; sourceTree = "<group>"; };
		57B2127F17AA5F3700041BCB /* GTLFramework.h */ = {isa = PBXFileReference; fileEncoding = 4; lastKnownFileType = sourcecode.c.h; path = GTLFramework.h; sourceTree = "<group>"; };
		57B2128017AA5F3700041BCB /* GTLFramework.m */ = {isa = PBXFileReference; fileEncoding = 4; lastKnownFileType = sourcecode.c.objc; path = GTLFramework.m; sourceTree = "<group>"; };
		57B2128117AA5F3700041BCB /* GTLJSONParser.h */ = {isa = PBXFileReference; fileEncoding = 4; lastKnownFileType = sourcecode.c.h; path = GTLJSONParser.h; sourceTree = "<group>"; };
		57B2128217AA5F3700041BCB /* GTLJSONParser.m */ = {isa = PBXFileReference; fileEncoding = 4; lastKnownFileType = sourcecode.c.objc; path = GTLJSONParser.m; sourceTree = "<group>"; };
		57B2128317AA5F3700041BCB /* GTLTargetNamespace.h */ = {isa = PBXFileReference; fileEncoding = 4; lastKnownFileType = sourcecode.c.h; path = GTLTargetNamespace.h; sourceTree = "<group>"; };
		57B2128417AA5F3700041BCB /* GTLUtilities.h */ = {isa = PBXFileReference; fileEncoding = 4; lastKnownFileType = sourcecode.c.h; path = GTLUtilities.h; sourceTree = "<group>"; };
		57B2128517AA5F3700041BCB /* GTLUtilities.m */ = {isa = PBXFileReference; fileEncoding = 4; lastKnownFileType = sourcecode.c.objc; path = GTLUtilities.m; sourceTree = "<group>"; };
		57B2128617AA5F3700041BCB /* GTLBase64.h */ = {isa = PBXFileReference; fileEncoding = 4; lastKnownFileType = sourcecode.c.h; path = GTLBase64.h; sourceTree = "<group>"; };
		57B2128717AA5F3700041BCB /* GTLBase64.m */ = {isa = PBXFileReference; fileEncoding = 4; lastKnownFileType = sourcecode.c.objc; path = GTLBase64.m; sourceTree = "<group>"; };
		57B2128817AA5F3700041BCB /* GTMHTTPFetcherService.h */ = {isa = PBXFileReference; fileEncoding = 4; lastKnownFileType = sourcecode.c.h; path = GTMHTTPFetcherService.h; sourceTree = "<group>"; };
		57B2128917AA5F3700041BCB /* GTMHTTPFetcherService.m */ = {isa = PBXFileReference; fileEncoding = 4; lastKnownFileType = sourcecode.c.objc; path = GTMHTTPFetcherService.m; sourceTree = "<group>"; };
		57B2128A17AA5F3700041BCB /* GTMHTTPFetcher.h */ = {isa = PBXFileReference; fileEncoding = 4; lastKnownFileType = sourcecode.c.h; path = GTMHTTPFetcher.h; sourceTree = "<group>"; };
		57B2128B17AA5F3700041BCB /* GTMHTTPFetcher.m */ = {isa = PBXFileReference; fileEncoding = 4; lastKnownFileType = sourcecode.c.objc; path = GTMHTTPFetcher.m; sourceTree = "<group>"; };
		57B2128C17AA5F3700041BCB /* GTMHTTPFetcherLogging.h */ = {isa = PBXFileReference; fileEncoding = 4; lastKnownFileType = sourcecode.c.h; path = GTMHTTPFetcherLogging.h; sourceTree = "<group>"; };
		57B2128D17AA5F3700041BCB /* GTMHTTPFetcherLogging.m */ = {isa = PBXFileReference; fileEncoding = 4; lastKnownFileType = sourcecode.c.objc; path = GTMHTTPFetcherLogging.m; sourceTree = "<group>"; };
		57B2128E17AA5F3700041BCB /* GTMHTTPFetchHistory.h */ = {isa = PBXFileReference; fileEncoding = 4; lastKnownFileType = sourcecode.c.h; path = GTMHTTPFetchHistory.h; sourceTree = "<group>"; };
		57B2128F17AA5F3700041BCB /* GTMHTTPFetchHistory.m */ = {isa = PBXFileReference; fileEncoding = 4; lastKnownFileType = sourcecode.c.objc; path = GTMHTTPFetchHistory.m; sourceTree = "<group>"; };
		57B2129017AA5F3700041BCB /* GTMHTTPUploadFetcher.h */ = {isa = PBXFileReference; fileEncoding = 4; lastKnownFileType = sourcecode.c.h; path = GTMHTTPUploadFetcher.h; sourceTree = "<group>"; };
		57B2129117AA5F3700041BCB /* GTMHTTPUploadFetcher.m */ = {isa = PBXFileReference; fileEncoding = 4; lastKnownFileType = sourcecode.c.objc; path = GTMHTTPUploadFetcher.m; sourceTree = "<group>"; };
		57B2129417AA5F3700041BCB /* GTMMIMEDocument.h */ = {isa = PBXFileReference; fileEncoding = 4; lastKnownFileType = sourcecode.c.h; path = GTMMIMEDocument.h; sourceTree = "<group>"; };
		57B2129517AA5F3700041BCB /* GTMMIMEDocument.m */ = {isa = PBXFileReference; fileEncoding = 4; lastKnownFileType = sourcecode.c.objc; path = GTMMIMEDocument.m; sourceTree = "<group>"; };
		57B2129617AA5F3700041BCB /* GTMReadMonitorInputStream.h */ = {isa = PBXFileReference; fileEncoding = 4; lastKnownFileType = sourcecode.c.h; path = GTMReadMonitorInputStream.h; sourceTree = "<group>"; };
		57B2129717AA5F3700041BCB /* GTMReadMonitorInputStream.m */ = {isa = PBXFileReference; fileEncoding = 4; lastKnownFileType = sourcecode.c.objc; path = GTMReadMonitorInputStream.m; sourceTree = "<group>"; };
		57B2129817AA5F3700041BCB /* JSON.h */ = {isa = PBXFileReference; fileEncoding = 4; lastKnownFileType = sourcecode.c.h; path = JSON.h; sourceTree = "<group>"; };
		57B2129917AA5F3700041BCB /* JSON.h */ = {isa = PBXFileReference; fileEncoding = 4; lastKnownFileType = sourcecode.c.h; path = JSON.h; sourceTree = "<group>"; };
		57B2129A17AA5F3700041BCB /* SBJsonBase.h */ = {isa = PBXFileReference; fileEncoding = 4; lastKnownFileType = sourcecode.c.h; path = SBJsonBase.h; sourceTree = "<group>"; };
		57B2129B17AA5F3700041BCB /* SBJsonBase.m */ = {isa = PBXFileReference; fileEncoding = 4; lastKnownFileType = sourcecode.c.objc; path = SBJsonBase.m; sourceTree = "<group>"; };
		57B2129C17AA5F3700041BCB /* SBJsonParser.h */ = {isa = PBXFileReference; fileEncoding = 4; lastKnownFileType = sourcecode.c.h; path = SBJsonParser.h; sourceTree = "<group>"; };
		57B2129D17AA5F3700041BCB /* SBJsonParser.m */ = {isa = PBXFileReference; fileEncoding = 4; lastKnownFileType = sourcecode.c.objc; path = SBJsonParser.m; sourceTree = "<group>"; };
		57B2129E17AA5F3700041BCB /* SBJsonWriter.h */ = {isa = PBXFileReference; fileEncoding = 4; lastKnownFileType = sourcecode.c.h; path = SBJsonWriter.h; sourceTree = "<group>"; };
		57B2129F17AA5F3700041BCB /* SBJsonWriter.m */ = {isa = PBXFileReference; fileEncoding = 4; lastKnownFileType = sourcecode.c.objc; path = SBJsonWriter.m; sourceTree = "<group>"; };
		57B212A017AA5F3700041BCB /* GTMOAuth2Authentication.h */ = {isa = PBXFileReference; fileEncoding = 4; lastKnownFileType = sourcecode.c.h; path = GTMOAuth2Authentication.h; sourceTree = "<group>"; };
		57B212A117AA5F3700041BCB /* GTMOAuth2Authentication.m */ = {isa = PBXFileReference; fileEncoding = 4; lastKnownFileType = sourcecode.c.objc; path = GTMOAuth2Authentication.m; sourceTree = "<group>"; };
		57B212A217AA5F3700041BCB /* GTMOAuth2SignIn.h */ = {isa = PBXFileReference; fileEncoding = 4; lastKnownFileType = sourcecode.c.h; path = GTMOAuth2SignIn.h; sourceTree = "<group>"; };
		57B212A317AA5F3700041BCB /* GTMOAuth2SignIn.m */ = {isa = PBXFileReference; fileEncoding = 4; lastKnownFileType = sourcecode.c.objc; path = GTMOAuth2SignIn.m; sourceTree = "<group>"; };
		57B212A417AA5F3700041BCB /* GTMOAuth2Window.xib */ = {isa = PBXFileReference; fileEncoding = 4; lastKnownFileType = file.xib; path = GTMOAuth2Window.xib; sourceTree = "<group>"; };
		57B212A517AA5F3700041BCB /* GTMOAuth2WindowController.h */ = {isa = PBXFileReference; fileEncoding = 4; lastKnownFileType = sourcecode.c.h; path = GTMOAuth2WindowController.h; sourceTree = "<group>"; };
		57B212A617AA5F3700041BCB /* GTMOAuth2WindowController.m */ = {isa = PBXFileReference; fileEncoding = 4; lastKnownFileType = sourcecode.c.objc; path = GTMOAuth2WindowController.m; sourceTree = "<group>"; };
		57B212A717AA5F3700041BCB /* GTMOAuth2ViewControllerTouch.h */ = {isa = PBXFileReference; fileEncoding = 4; lastKnownFileType = sourcecode.c.h; path = GTMOAuth2ViewControllerTouch.h; sourceTree = "<group>"; };
		57B212A817AA5F3700041BCB /* GTMOAuth2ViewControllerTouch.m */ = {isa = PBXFileReference; fileEncoding = 4; lastKnownFileType = sourcecode.c.objc; path = GTMOAuth2ViewControllerTouch.m; sourceTree = "<group>"; };
		57B212A917AA5F3700041BCB /* GTMOAuth2ViewTouch.xib */ = {isa = PBXFileReference; fileEncoding = 4; lastKnownFileType = file.xib; path = GTMOAuth2ViewTouch.xib; sourceTree = "<group>"; };
		57B212C817AA61E000041BCB /* GTMGatherInputStream.h */ = {isa = PBXFileReference; fileEncoding = 4; lastKnownFileType = sourcecode.c.h; path = GTMGatherInputStream.h; sourceTree = "<group>"; };
		57B212C917AA61E000041BCB /* GTMGatherInputStream.m */ = {isa = PBXFileReference; fileEncoding = 4; lastKnownFileType = sourcecode.c.objc; path = GTMGatherInputStream.m; sourceTree = "<group>"; };
/* End PBXFileReference section */

/* Begin PBXFrameworksBuildPhase section */
		57A7DE8C17AA37FB00E74167 /* Frameworks */ = {
			isa = PBXFrameworksBuildPhase;
			buildActionMask = 2147483647;
			files = (
				57A7DF3617AA3AAE00E74167 /* Security.framework in Frameworks */,
				57A7DF3417AA3AA700E74167 /* SystemConfiguration.framework in Frameworks */,
				57A7DE9317AA37FB00E74167 /* UIKit.framework in Frameworks */,
				57A7DE9517AA37FB00E74167 /* Foundation.framework in Frameworks */,
				57A7DE9717AA37FB00E74167 /* CoreGraphics.framework in Frameworks */,
			);
			runOnlyForDeploymentPostprocessing = 0;
		};
		57A7DEB117AA37FB00E74167 /* Frameworks */ = {
			isa = PBXFrameworksBuildPhase;
			buildActionMask = 2147483647;
			files = (
				57A7DEB717AA37FB00E74167 /* SenTestingKit.framework in Frameworks */,
				57A7DEB817AA37FB00E74167 /* UIKit.framework in Frameworks */,
				57A7DEB917AA37FB00E74167 /* Foundation.framework in Frameworks */,
			);
			runOnlyForDeploymentPostprocessing = 0;
		};
/* End PBXFrameworksBuildPhase section */

/* Begin PBXGroup section */
		57A7DE8617AA37FA00E74167 = {
			isa = PBXGroup;
			children = (
				57A7DE9817AA37FB00E74167 /* Obj-C-FusionTables */,
				57A7DEBC17AA37FB00E74167 /* Obj-C-FusionTablesTests */,
				57A7DE9117AA37FB00E74167 /* Frameworks */,
				57A7DE9017AA37FB00E74167 /* Products */,
			);
			sourceTree = "<group>";
		};
		57A7DE9017AA37FB00E74167 /* Products */ = {
			isa = PBXGroup;
			children = (
				57A7DE8F17AA37FB00E74167 /* Obj-C-FusionTables.app */,
				57A7DEB517AA37FB00E74167 /* Obj-C-FusionTablesTests.octest */,
			);
			name = Products;
			sourceTree = "<group>";
		};
		57A7DE9117AA37FB00E74167 /* Frameworks */ = {
			isa = PBXGroup;
			children = (
				57A7DF3517AA3AAE00E74167 /* Security.framework */,
				57A7DF3317AA3AA700E74167 /* SystemConfiguration.framework */,
				57A7DE9217AA37FB00E74167 /* UIKit.framework */,
				57A7DE9417AA37FB00E74167 /* Foundation.framework */,
				57A7DE9617AA37FB00E74167 /* CoreGraphics.framework */,
				57A7DEB617AA37FB00E74167 /* SenTestingKit.framework */,
			);
			name = Frameworks;
			sourceTree = "<group>";
		};
		57A7DE9817AA37FB00E74167 /* Obj-C-FusionTables */ = {
			isa = PBXGroup;
			children = (
				57A7DECD17AA385A00E74167 /* AppDelegate.h */,
				57A7DECE17AA385A00E74167 /* AppDelegate.m */,
				57A7DED017AA386700E74167 /* App Services */,
				57A7DED517AA38EA00E74167 /* Example */,
				57A7DEF717AA39ED00E74167 /* GroupedUITableViews */,
				57A7DED417AA38C900E74167 /* Obj-C-Fusion Tables Base */,
				57A7DE9917AA37FB00E74167 /* Supporting Files */,
			);
			path = "Obj-C-FusionTables";
			sourceTree = "<group>";
		};
		57A7DE9917AA37FB00E74167 /* Supporting Files */ = {
			isa = PBXGroup;
			children = (
				57A7DF2617AA3A7700E74167 /* Resources */,
				57A7DE9A17AA37FB00E74167 /* Obj-C-FusionTables-Info.plist */,
				57A7DE9B17AA37FB00E74167 /* InfoPlist.strings */,
				57A7DE9E17AA37FB00E74167 /* main.m */,
				57A7DEA017AA37FB00E74167 /* Obj-C-FusionTables-Prefix.pch */,
				57A7DEA417AA37FB00E74167 /* Default.png */,
				57A7DEA617AA37FB00E74167 /* Default@2x.png */,
				57A7DEA817AA37FB00E74167 /* Default-568h@2x.png */,
			);
			name = "Supporting Files";
			sourceTree = "<group>";
		};
		57A7DEBC17AA37FB00E74167 /* Obj-C-FusionTablesTests */ = {
			isa = PBXGroup;
			children = (
				57A7DEC217AA37FB00E74167 /* Obj_C_FusionTablesTests.h */,
				57A7DEC317AA37FB00E74167 /* Obj_C_FusionTablesTests.m */,
				57A7DEBD17AA37FB00E74167 /* Supporting Files */,
			);
			path = "Obj-C-FusionTablesTests";
			sourceTree = "<group>";
		};
		57A7DEBD17AA37FB00E74167 /* Supporting Files */ = {
			isa = PBXGroup;
			children = (
				57A7DEBE17AA37FB00E74167 /* Obj-C-FusionTablesTests-Info.plist */,
				57A7DEBF17AA37FB00E74167 /* InfoPlist.strings */,
			);
			name = "Supporting Files";
			sourceTree = "<group>";
		};
		57A7DED017AA386700E74167 /* App Services */ = {
			isa = PBXGroup;
			children = (
				57A7DED117AA387A00E74167 /* AppGeneralServicesController.h */,
				57A7DED217AA387A00E74167 /* AppGeneralServicesController.m */,
			);
			name = "App Services";
			sourceTree = "<group>";
		};
		57A7DED417AA38C900E74167 /* Obj-C-Fusion Tables Base */ = {
			isa = PBXGroup;
			children = (
				57A7DF1717AA3A2500E74167 /* Google Toolbox */,
				57A7DF0317AA3A1F00E74167 /* GoogleAPIKeys.plist */,
				57A7DF0417AA3A1F00E74167 /* GoogleAuthorizationController.h */,
				57A7DF0517AA3A1F00E74167 /* GoogleAuthorizationController.m */,
				57A7DF0617AA3A1F00E74167 /* FTResource.h */,
				57A7DF0717AA3A1F00E74167 /* FTResource.m */,
				57A7DF0817AA3A1F00E74167 /* FTTable.h */,
				57A7DF0917AA3A1F00E74167 /* FTTable.m */,
				57A7DF0A17AA3A1F00E74167 /* FTStyle.h */,
				57A7DF0B17AA3A1F00E74167 /* FTStyle.m */,
				57A7DF0C17AA3A1F00E74167 /* FTTemplate.h */,
				57A7DF0D17AA3A1F00E74167 /* FTTemplate.m */,
				57A7DF0E17AA3A1F00E74167 /* FTQueryBuilder.h */,
				57A7DF0F17AA3A1F00E74167 /* FTQueryBuilder.m */,
			);
			name = "Obj-C-Fusion Tables Base";
			sourceTree = "<group>";
		};
		57A7DED517AA38EA00E74167 /* Example */ = {
			isa = PBXGroup;
			children = (
				57A7DED617AA392800E74167 /* Sample Data */,
				57A7DEDB17AA395200E74167 /* FT Builder */,
				57A7DEDC17AA396000E74167 /* UI Sections */,
				57A7DEEF17AA39C000E74167 /* SampleViewControllerUIController.h */,
				57A7DEF017AA39C000E74167 /* SampleViewControllerUIController.m */,
				57A7DEF117AA39C000E74167 /* SampleViewController.h */,
				57A7DEF217AA39C000E74167 /* SampleViewController.m */,
			);
			name = Example;
			sourceTree = "<group>";
		};
		57A7DED617AA392800E74167 /* Sample Data */ = {
			isa = PBXGroup;
			children = (
				57A7DED717AA394700E74167 /* sampleInsertData.plist */,
				57A7DED817AA394700E74167 /* sampleUpdateData.plist */,
			);
			name = "Sample Data";
			sourceTree = "<group>";
		};
		57A7DEDB17AA395200E74167 /* FT Builder */ = {
			isa = PBXGroup;
			children = (
				57A7DEDD17AA399B00E74167 /* SampleFTQueryBuilder.h */,
				57A7DEDE17AA399B00E74167 /* SampleFTQueryBuilder.m */,
			);
			name = "FT Builder";
			sourceTree = "<group>";
		};
		57A7DEDC17AA396000E74167 /* UI Sections */ = {
			isa = PBXGroup;
			children = (
				57A7DEE017AA39A900E74167 /* SampleViewControllerFTBaseSection.h */,
				57A7DEE117AA39A900E74167 /* SampleViewControllerFTBaseSection.m */,
				57A7DEE217AA39A900E74167 /* SampleViewControllerFTCreateSection.h */,
				57A7DEE317AA39A900E74167 /* SampleViewControllerFTCreateSection.m */,
				57A7DEE417AA39A900E74167 /* SampleViewControllerFTStylingSection.h */,
				57A7DEE517AA39A900E74167 /* SampleViewControllerFTStylingSection.m */,
				57A7DEE617AA39A900E74167 /* SampleViewControllerInsertFTRowsSection.h */,
				57A7DEE717AA39A900E74167 /* SampleViewControllerInsertFTRowsSection.m */,
				57A7DEE817AA39A900E74167 /* SampleViewControllerFTSharingSection.h */,
				57A7DEE917AA39A900E74167 /* SampleViewControllerFTSharingSection.m */,
			);
			name = "UI Sections";
			sourceTree = "<group>";
		};
		57A7DEF717AA39ED00E74167 /* GroupedUITableViews */ = {
			isa = PBXGroup;
			children = (
				57A7DEF817AA3A0900E74167 /* GroupedTableSectionController.h */,
				57A7DEF917AA3A0900E74167 /* GroupedTableSectionController.m */,
				57A7DEFA17AA3A0900E74167 /* GroupedTableUIController.h */,
				57A7DEFB17AA3A0900E74167 /* GroupedTableUIController.m */,
				57A7DEFC17AA3A0900E74167 /* GroupedTableViewController.h */,
				57A7DEFD17AA3A0900E74167 /* GroupedTableViewController.m */,
				57A7DEFE17AA3A0900E74167 /* GroupedTableViewController.xib */,
			);
			name = GroupedUITableViews;
			sourceTree = "<group>";
		};
		57A7DF1717AA3A2500E74167 /* Google Toolbox */ = {
			isa = PBXGroup;
			children = (
				57B2123417AA5E7B00041BCB /* Client LIbrary */,
				57B2123317AA5E6200041BCB /* Drive API */,
			);
			name = "Google Toolbox";
			sourceTree = "<group>";
		};
		57A7DF2617AA3A7700E74167 /* Resources */ = {
			isa = PBXGroup;
			children = (
				57A7DF2717AA3A8900E74167 /* CellAccessoryViewButton.png */,
				57A7DF2817AA3A8900E74167 /* CellAccessoryViewButtonHighlighted.png */,
				57A7DF2917AA3A8900E74167 /* CellAccessoryViewButton@2x.png */,
				57A7DF2A17AA3A8900E74167 /* CellAccessoryViewButtonHighlighted@2x.png */,
				57A7DF2B17AA3A8900E74167 /* GenericButtonNormal_54.png */,
				57A7DF2C17AA3A8900E74167 /* GenericButtonPushed_54.png */,
			);
			name = Resources;
			sourceTree = "<group>";
		};
		57B2123317AA5E6200041BCB /* Drive API */ = {
			isa = PBXGroup;
			children = (
				57B2123517AA5F1C00041BCB /* GTLDrive.h */,
				57B2123617AA5F1C00041BCB /* GTLDriveAbout.h */,
				57B2123717AA5F1C00041BCB /* GTLDriveAbout.m */,
				57B2123817AA5F1C00041BCB /* GTLDriveApp.h */,
				57B2123917AA5F1C00041BCB /* GTLDriveApp.m */,
				57B2123A17AA5F1C00041BCB /* GTLDriveAppList.h */,
				57B2123B17AA5F1C00041BCB /* GTLDriveAppList.m */,
				57B2123C17AA5F1C00041BCB /* GTLDriveChange.h */,
				57B2123D17AA5F1C00041BCB /* GTLDriveChange.m */,
				57B2123E17AA5F1C00041BCB /* GTLDriveChangeList.h */,
				57B2123F17AA5F1C00041BCB /* GTLDriveChangeList.m */,
				57B2124017AA5F1C00041BCB /* GTLDriveChildList.h */,
				57B2124117AA5F1C00041BCB /* GTLDriveChildList.m */,
				57B2124217AA5F1C00041BCB /* GTLDriveChildReference.h */,
				57B2124317AA5F1C00041BCB /* GTLDriveChildReference.m */,
				57B2124417AA5F1C00041BCB /* GTLDriveConstants.h */,
				57B2124517AA5F1C00041BCB /* GTLDriveConstants.m */,
				57B2124617AA5F1C00041BCB /* GTLDriveFile.h */,
				57B2124717AA5F1C00041BCB /* GTLDriveFile.m */,
				57B2124817AA5F1C00041BCB /* GTLDriveFileList.h */,
				57B2124917AA5F1C00041BCB /* GTLDriveFileList.m */,
				57B2124A17AA5F1C00041BCB /* GTLDriveParentList.h */,
				57B2124B17AA5F1C00041BCB /* GTLDriveParentList.m */,
				57B2124C17AA5F1C00041BCB /* GTLDriveParentReference.h */,
				57B2124D17AA5F1C00041BCB /* GTLDriveParentReference.m */,
				57B2124E17AA5F1C00041BCB /* GTLDrivePermission.h */,
				57B2124F17AA5F1C00041BCB /* GTLDrivePermission.m */,
				57B2125017AA5F1C00041BCB /* GTLDrivePermissionList.h */,
				57B2125117AA5F1C00041BCB /* GTLDrivePermissionList.m */,
				57B2125217AA5F1C00041BCB /* GTLDriveRevision.h */,
				57B2125317AA5F1C00041BCB /* GTLDriveRevision.m */,
				57B2125417AA5F1C00041BCB /* GTLDriveRevisionList.h */,
				57B2125517AA5F1C00041BCB /* GTLDriveRevisionList.m */,
				57B2125617AA5F1C00041BCB /* GTLQueryDrive.h */,
				57B2125717AA5F1C00041BCB /* GTLQueryDrive.m */,
				57B2125817AA5F1C00041BCB /* GTLServiceDrive.h */,
				57B2125917AA5F1C00041BCB /* GTLServiceDrive.m */,
			);
			name = "Drive API";
			sourceTree = "<group>";
		};
		57B2123417AA5E7B00041BCB /* Client LIbrary */ = {
			isa = PBXGroup;
			children = (
				57B2126C17AA5F3700041BCB /* GTLDefines.h */,
				57B2126D17AA5F3700041BCB /* GTLObject.h */,
				57B2126E17AA5F3700041BCB /* GTLObject.m */,
				57B2126F17AA5F3700041BCB /* GTLQuery.h */,
				57B2127017AA5F3700041BCB /* GTLQuery.m */,
				57B2127117AA5F3700041BCB /* GTLBatchQuery.h */,
				57B2127217AA5F3700041BCB /* GTLBatchQuery.m */,
				57B2127317AA5F3700041BCB /* GTLService.h */,
				57B2127417AA5F3700041BCB /* GTLService.m */,
				57B2127517AA5F3700041BCB /* GTLBatchResult.h */,
				57B2127617AA5F3700041BCB /* GTLBatchResult.m */,
				57B2127717AA5F3700041BCB /* GTLUploadParameters.h */,
				57B2127817AA5F3700041BCB /* GTLUploadParameters.m */,
				57B2127917AA5F3700041BCB /* GTLDateTime.h */,
				57B2127A17AA5F3700041BCB /* GTLDateTime.m */,
				57B2127B17AA5F3700041BCB /* GTLErrorObject.h */,
				57B2127C17AA5F3700041BCB /* GTLErrorObject.m */,
				57B2127D17AA5F3700041BCB /* GTLRuntimeCommon.h */,
				57B2127E17AA5F3700041BCB /* GTLRuntimeCommon.m */,
				57B2127F17AA5F3700041BCB /* GTLFramework.h */,
				57B2128017AA5F3700041BCB /* GTLFramework.m */,
				57B2128117AA5F3700041BCB /* GTLJSONParser.h */,
				57B2128217AA5F3700041BCB /* GTLJSONParser.m */,
				57B2128317AA5F3700041BCB /* GTLTargetNamespace.h */,
				57B2128417AA5F3700041BCB /* GTLUtilities.h */,
				57B2128517AA5F3700041BCB /* GTLUtilities.m */,
				57B2128617AA5F3700041BCB /* GTLBase64.h */,
				57B2128717AA5F3700041BCB /* GTLBase64.m */,
				57B2128817AA5F3700041BCB /* GTMHTTPFetcherService.h */,
				57B2128917AA5F3700041BCB /* GTMHTTPFetcherService.m */,
				57B2128A17AA5F3700041BCB /* GTMHTTPFetcher.h */,
				57B2128B17AA5F3700041BCB /* GTMHTTPFetcher.m */,
				57B2128C17AA5F3700041BCB /* GTMHTTPFetcherLogging.h */,
				57B2128D17AA5F3700041BCB /* GTMHTTPFetcherLogging.m */,
				57B2128E17AA5F3700041BCB /* GTMHTTPFetchHistory.h */,
				57B2128F17AA5F3700041BCB /* GTMHTTPFetchHistory.m */,
				57B2129017AA5F3700041BCB /* GTMHTTPUploadFetcher.h */,
				57B2129117AA5F3700041BCB /* GTMHTTPUploadFetcher.m */,
				57B2129417AA5F3700041BCB /* GTMMIMEDocument.h */,
				57B2129517AA5F3700041BCB /* GTMMIMEDocument.m */,
				57B212C817AA61E000041BCB /* GTMGatherInputStream.h */,
				57B212C917AA61E000041BCB /* GTMGatherInputStream.m */,
				57B2129617AA5F3700041BCB /* GTMReadMonitorInputStream.h */,
				57B2129717AA5F3700041BCB /* GTMReadMonitorInputStream.m */,
				57B2129817AA5F3700041BCB /* JSON.h */,
				57B2129917AA5F3700041BCB /* JSON.h */,
				57B2129A17AA5F3700041BCB /* SBJsonBase.h */,
				57B2129B17AA5F3700041BCB /* SBJsonBase.m */,
				57B2129C17AA5F3700041BCB /* SBJsonParser.h */,
				57B2129D17AA5F3700041BCB /* SBJsonParser.m */,
				57B2129E17AA5F3700041BCB /* SBJsonWriter.h */,
				57B2129F17AA5F3700041BCB /* SBJsonWriter.m */,
				57B212A017AA5F3700041BCB /* GTMOAuth2Authentication.h */,
				57B212A117AA5F3700041BCB /* GTMOAuth2Authentication.m */,
				57B212A217AA5F3700041BCB /* GTMOAuth2SignIn.h */,
				57B212A317AA5F3700041BCB /* GTMOAuth2SignIn.m */,
				57B212A417AA5F3700041BCB /* GTMOAuth2Window.xib */,
				57B212A517AA5F3700041BCB /* GTMOAuth2WindowController.h */,
				57B212A617AA5F3700041BCB /* GTMOAuth2WindowController.m */,
				57B212A717AA5F3700041BCB /* GTMOAuth2ViewControllerTouch.h */,
				57B212A817AA5F3700041BCB /* GTMOAuth2ViewControllerTouch.m */,
				57B212A917AA5F3700041BCB /* GTMOAuth2ViewTouch.xib */,
			);
			name = "Client LIbrary";
			sourceTree = "<group>";
		};
/* End PBXGroup section */

/* Begin PBXNativeTarget section */
		57A7DE8E17AA37FB00E74167 /* Obj-C-FusionTables */ = {
			isa = PBXNativeTarget;
			buildConfigurationList = 57A7DEC717AA37FB00E74167 /* Build configuration list for PBXNativeTarget "Obj-C-FusionTables" */;
			buildPhases = (
				57A7DE8B17AA37FB00E74167 /* Sources */,
				57A7DE8C17AA37FB00E74167 /* Frameworks */,
				57A7DE8D17AA37FB00E74167 /* Resources */,
			);
			buildRules = (
			);
			dependencies = (
			);
			name = "Obj-C-FusionTables";
			productName = "Obj-C-FusionTables";
			productReference = 57A7DE8F17AA37FB00E74167 /* Obj-C-FusionTables.app */;
			productType = "com.apple.product-type.application";
		};
		57A7DEB417AA37FB00E74167 /* Obj-C-FusionTablesTests */ = {
			isa = PBXNativeTarget;
			buildConfigurationList = 57A7DECA17AA37FB00E74167 /* Build configuration list for PBXNativeTarget "Obj-C-FusionTablesTests" */;
			buildPhases = (
				57A7DEB017AA37FB00E74167 /* Sources */,
				57A7DEB117AA37FB00E74167 /* Frameworks */,
				57A7DEB217AA37FB00E74167 /* Resources */,
				57A7DEB317AA37FB00E74167 /* ShellScript */,
			);
			buildRules = (
			);
			dependencies = (
				57A7DEBB17AA37FB00E74167 /* PBXTargetDependency */,
			);
			name = "Obj-C-FusionTablesTests";
			productName = "Obj-C-FusionTablesTests";
			productReference = 57A7DEB517AA37FB00E74167 /* Obj-C-FusionTablesTests.octest */;
			productType = "com.apple.product-type.bundle";
		};
/* End PBXNativeTarget section */

/* Begin PBXProject section */
		57A7DE8717AA37FA00E74167 /* Project object */ = {
			isa = PBXProject;
			attributes = {
				LastUpgradeCheck = 0460;
				ORGANIZATIONNAME = "Arseniy Kuznetsov";
			};
			buildConfigurationList = 57A7DE8A17AA37FA00E74167 /* Build configuration list for PBXProject "Obj-C-FusionTables" */;
			compatibilityVersion = "Xcode 3.2";
			developmentRegion = English;
			hasScannedForEncodings = 0;
			knownRegions = (
				en,
			);
			mainGroup = 57A7DE8617AA37FA00E74167;
			productRefGroup = 57A7DE9017AA37FB00E74167 /* Products */;
			projectDirPath = "";
			projectRoot = "";
			targets = (
				57A7DE8E17AA37FB00E74167 /* Obj-C-FusionTables */,
				57A7DEB417AA37FB00E74167 /* Obj-C-FusionTablesTests */,
			);
		};
/* End PBXProject section */

/* Begin PBXResourcesBuildPhase section */
		57A7DE8D17AA37FB00E74167 /* Resources */ = {
			isa = PBXResourcesBuildPhase;
			buildActionMask = 2147483647;
			files = (
				57A7DE9D17AA37FB00E74167 /* InfoPlist.strings in Resources */,
				57A7DEA517AA37FB00E74167 /* Default.png in Resources */,
				57A7DEA717AA37FB00E74167 /* Default@2x.png in Resources */,
				57A7DEA917AA37FB00E74167 /* Default-568h@2x.png in Resources */,
				57A7DED917AA394700E74167 /* sampleInsertData.plist in Resources */,
				57A7DEDA17AA394700E74167 /* sampleUpdateData.plist in Resources */,
				57A7DF0217AA3A0900E74167 /* GroupedTableViewController.xib in Resources */,
				57A7DF1017AA3A1F00E74167 /* GoogleAPIKeys.plist in Resources */,
				57A7DF2D17AA3A8900E74167 /* CellAccessoryViewButton.png in Resources */,
				57A7DF2E17AA3A8900E74167 /* CellAccessoryViewButtonHighlighted.png in Resources */,
				57A7DF2F17AA3A8900E74167 /* CellAccessoryViewButton@2x.png in Resources */,
				57A7DF3017AA3A8900E74167 /* CellAccessoryViewButtonHighlighted@2x.png in Resources */,
				57A7DF3117AA3A8900E74167 /* GenericButtonNormal_54.png in Resources */,
				57A7DF3217AA3A8900E74167 /* GenericButtonPushed_54.png in Resources */,
				57B212C417AA5F3700041BCB /* GTMOAuth2Window.xib in Resources */,
				57B212C717AA5F3700041BCB /* GTMOAuth2ViewTouch.xib in Resources */,
			);
			runOnlyForDeploymentPostprocessing = 0;
		};
		57A7DEB217AA37FB00E74167 /* Resources */ = {
			isa = PBXResourcesBuildPhase;
			buildActionMask = 2147483647;
			files = (
				57A7DEC117AA37FB00E74167 /* InfoPlist.strings in Resources */,
			);
			runOnlyForDeploymentPostprocessing = 0;
		};
/* End PBXResourcesBuildPhase section */

/* Begin PBXShellScriptBuildPhase section */
		57A7DEB317AA37FB00E74167 /* ShellScript */ = {
			isa = PBXShellScriptBuildPhase;
			buildActionMask = 2147483647;
			files = (
			);
			inputPaths = (
			);
			outputPaths = (
			);
			runOnlyForDeploymentPostprocessing = 0;
			shellPath = /bin/sh;
			shellScript = "# Run the unit tests in this test bundle.\n\"${SYSTEM_DEVELOPER_DIR}/Tools/RunUnitTests\"\n";
		};
/* End PBXShellScriptBuildPhase section */

/* Begin PBXSourcesBuildPhase section */
		57A7DE8B17AA37FB00E74167 /* Sources */ = {
			isa = PBXSourcesBuildPhase;
			buildActionMask = 2147483647;
			files = (
				57A7DE9F17AA37FB00E74167 /* main.m in Sources */,
				57A7DECF17AA385A00E74167 /* AppDelegate.m in Sources */,
				57A7DED317AA387A00E74167 /* AppGeneralServicesController.m in Sources */,
				57A7DEDF17AA399B00E74167 /* SampleFTQueryBuilder.m in Sources */,
				57A7DEEA17AA39A900E74167 /* SampleViewControllerFTBaseSection.m in Sources */,
				57A7DEEB17AA39A900E74167 /* SampleViewControllerFTCreateSection.m in Sources */,
				57A7DEEC17AA39A900E74167 /* SampleViewControllerFTStylingSection.m in Sources */,
				57A7DEED17AA39A900E74167 /* SampleViewControllerInsertFTRowsSection.m in Sources */,
				57A7DEEE17AA39A900E74167 /* SampleViewControllerFTSharingSection.m in Sources */,
				57A7DEF417AA39C000E74167 /* SampleViewControllerUIController.m in Sources */,
				57A7DEF517AA39C000E74167 /* SampleViewController.m in Sources */,
				57A7DEFF17AA3A0900E74167 /* GroupedTableSectionController.m in Sources */,
				57A7DF0017AA3A0900E74167 /* GroupedTableUIController.m in Sources */,
				57A7DF0117AA3A0900E74167 /* GroupedTableViewController.m in Sources */,
				57A7DF1117AA3A1F00E74167 /* GoogleAuthorizationController.m in Sources */,
				57A7DF1217AA3A1F00E74167 /* FTResource.m in Sources */,
				57A7DF1317AA3A1F00E74167 /* FTTable.m in Sources */,
				57A7DF1417AA3A1F00E74167 /* FTStyle.m in Sources */,
				57A7DF1517AA3A1F00E74167 /* FTTemplate.m in Sources */,
				57A7DF1617AA3A1F00E74167 /* FTQueryBuilder.m in Sources */,
				57B2125A17AA5F1C00041BCB /* GTLDriveAbout.m in Sources */,
				57B2125B17AA5F1C00041BCB /* GTLDriveApp.m in Sources */,
				57B2125C17AA5F1C00041BCB /* GTLDriveAppList.m in Sources */,
				57B2125D17AA5F1C00041BCB /* GTLDriveChange.m in Sources */,
				57B2125E17AA5F1C00041BCB /* GTLDriveChangeList.m in Sources */,
				57B2125F17AA5F1C00041BCB /* GTLDriveChildList.m in Sources */,
				57B2126017AA5F1C00041BCB /* GTLDriveChildReference.m in Sources */,
				57B2126117AA5F1C00041BCB /* GTLDriveConstants.m in Sources */,
				57B2126217AA5F1C00041BCB /* GTLDriveFile.m in Sources */,
				57B2126317AA5F1C00041BCB /* GTLDriveFileList.m in Sources */,
				57B2126417AA5F1C00041BCB /* GTLDriveParentList.m in Sources */,
				57B2126517AA5F1C00041BCB /* GTLDriveParentReference.m in Sources */,
				57B2126617AA5F1C00041BCB /* GTLDrivePermission.m in Sources */,
				57B2126717AA5F1C00041BCB /* GTLDrivePermissionList.m in Sources */,
				57B2126817AA5F1C00041BCB /* GTLDriveRevision.m in Sources */,
				57B2126917AA5F1C00041BCB /* GTLDriveRevisionList.m in Sources */,
				57B2126A17AA5F1C00041BCB /* GTLQueryDrive.m in Sources */,
				57B2126B17AA5F1C00041BCB /* GTLServiceDrive.m in Sources */,
				57B212AA17AA5F3700041BCB /* GTLObject.m in Sources */,
				57B212AB17AA5F3700041BCB /* GTLQuery.m in Sources */,
				57B212AC17AA5F3700041BCB /* GTLBatchQuery.m in Sources */,
				57B212AD17AA5F3700041BCB /* GTLService.m in Sources */,
				57B212AE17AA5F3700041BCB /* GTLBatchResult.m in Sources */,
				57B212AF17AA5F3700041BCB /* GTLUploadParameters.m in Sources */,
				57B212B017AA5F3700041BCB /* GTLDateTime.m in Sources */,
				57B212B117AA5F3700041BCB /* GTLErrorObject.m in Sources */,
				57B212B217AA5F3700041BCB /* GTLRuntimeCommon.m in Sources */,
				57B212B317AA5F3700041BCB /* GTLFramework.m in Sources */,
				57B212B417AA5F3700041BCB /* GTLJSONParser.m in Sources */,
				57B212B517AA5F3700041BCB /* GTLUtilities.m in Sources */,
				57B212B617AA5F3700041BCB /* GTLBase64.m in Sources */,
				57B212B717AA5F3700041BCB /* GTMHTTPFetcherService.m in Sources */,
				57B212B817AA5F3700041BCB /* GTMHTTPFetcher.m in Sources */,
				57B212B917AA5F3700041BCB /* GTMHTTPFetcherLogging.m in Sources */,
				57B212BA17AA5F3700041BCB /* GTMHTTPFetchHistory.m in Sources */,
				57B212BB17AA5F3700041BCB /* GTMHTTPUploadFetcher.m in Sources */,
				57B212BD17AA5F3700041BCB /* GTMMIMEDocument.m in Sources */,
				57B212BE17AA5F3700041BCB /* GTMReadMonitorInputStream.m in Sources */,
				57B212BF17AA5F3700041BCB /* SBJsonBase.m in Sources */,
				57B212C017AA5F3700041BCB /* SBJsonParser.m in Sources */,
				57B212C117AA5F3700041BCB /* SBJsonWriter.m in Sources */,
				57B212C217AA5F3700041BCB /* GTMOAuth2Authentication.m in Sources */,
				57B212C317AA5F3700041BCB /* GTMOAuth2SignIn.m in Sources */,
				57B212C517AA5F3700041BCB /* GTMOAuth2WindowController.m in Sources */,
				57B212C617AA5F3700041BCB /* GTMOAuth2ViewControllerTouch.m in Sources */,
				57B212CA17AA61E000041BCB /* GTMGatherInputStream.m in Sources */,
			);
			runOnlyForDeploymentPostprocessing = 0;
		};
		57A7DEB017AA37FB00E74167 /* Sources */ = {
			isa = PBXSourcesBuildPhase;
			buildActionMask = 2147483647;
			files = (
				57A7DEC417AA37FB00E74167 /* Obj_C_FusionTablesTests.m in Sources */,
			);
			runOnlyForDeploymentPostprocessing = 0;
		};
/* End PBXSourcesBuildPhase section */

/* Begin PBXTargetDependency section */
		57A7DEBB17AA37FB00E74167 /* PBXTargetDependency */ = {
			isa = PBXTargetDependency;
			target = 57A7DE8E17AA37FB00E74167 /* Obj-C-FusionTables */;
			targetProxy = 57A7DEBA17AA37FB00E74167 /* PBXContainerItemProxy */;
		};
/* End PBXTargetDependency section */

/* Begin PBXVariantGroup section */
		57A7DE9B17AA37FB00E74167 /* InfoPlist.strings */ = {
			isa = PBXVariantGroup;
			children = (
				57A7DE9C17AA37FB00E74167 /* en */,
			);
			name = InfoPlist.strings;
			sourceTree = "<group>";
		};
		57A7DEBF17AA37FB00E74167 /* InfoPlist.strings */ = {
			isa = PBXVariantGroup;
			children = (
				57A7DEC017AA37FB00E74167 /* en */,
			);
			name = InfoPlist.strings;
			sourceTree = "<group>";
		};
/* End PBXVariantGroup section */

/* Begin XCBuildConfiguration section */
		57A7DEC517AA37FB00E74167 /* Debug */ = {
			isa = XCBuildConfiguration;
			buildSettings = {
				ALWAYS_SEARCH_USER_PATHS = NO;
				CLANG_CXX_LANGUAGE_STANDARD = "gnu++0x";
				CLANG_CXX_LIBRARY = "libc++";
				CLANG_ENABLE_OBJC_ARC = YES;
				CLANG_WARN_CONSTANT_CONVERSION = YES;
				CLANG_WARN_EMPTY_BODY = YES;
				CLANG_WARN_ENUM_CONVERSION = YES;
				CLANG_WARN_INT_CONVERSION = YES;
				CLANG_WARN__DUPLICATE_METHOD_MATCH = YES;
				"CODE_SIGN_IDENTITY[sdk=iphoneos*]" = "iPhone Developer";
				COPY_PHASE_STRIP = NO;
				GCC_C_LANGUAGE_STANDARD = gnu99;
				GCC_DYNAMIC_NO_PIC = NO;
				GCC_OPTIMIZATION_LEVEL = 0;
				GCC_PREPROCESSOR_DEFINITIONS = (
					"DEBUG=1",
					"$(inherited)",
				);
				GCC_SYMBOLS_PRIVATE_EXTERN = NO;
				GCC_WARN_ABOUT_RETURN_TYPE = YES;
				GCC_WARN_UNINITIALIZED_AUTOS = YES;
				GCC_WARN_UNUSED_VARIABLE = YES;
				IPHONEOS_DEPLOYMENT_TARGET = 6.1;
				ONLY_ACTIVE_ARCH = YES;
				SDKROOT = iphoneos;
			};
			name = Debug;
		};
		57A7DEC617AA37FB00E74167 /* Release */ = {
			isa = XCBuildConfiguration;
			buildSettings = {
				ALWAYS_SEARCH_USER_PATHS = NO;
				CLANG_CXX_LANGUAGE_STANDARD = "gnu++0x";
				CLANG_CXX_LIBRARY = "libc++";
				CLANG_ENABLE_OBJC_ARC = YES;
				CLANG_WARN_CONSTANT_CONVERSION = YES;
				CLANG_WARN_EMPTY_BODY = YES;
				CLANG_WARN_ENUM_CONVERSION = YES;
				CLANG_WARN_INT_CONVERSION = YES;
				CLANG_WARN__DUPLICATE_METHOD_MATCH = YES;
				"CODE_SIGN_IDENTITY[sdk=iphoneos*]" = "iPhone Developer";
				COPY_PHASE_STRIP = YES;
				GCC_C_LANGUAGE_STANDARD = gnu99;
				GCC_WARN_ABOUT_RETURN_TYPE = YES;
				GCC_WARN_UNINITIALIZED_AUTOS = YES;
				GCC_WARN_UNUSED_VARIABLE = YES;
				IPHONEOS_DEPLOYMENT_TARGET = 6.1;
				OTHER_CFLAGS = "-DNS_BLOCK_ASSERTIONS=1";
				SDKROOT = iphoneos;
				VALIDATE_PRODUCT = YES;
			};
			name = Release;
		};
		57A7DEC817AA37FB00E74167 /* Debug */ = {
			isa = XCBuildConfiguration;
			buildSettings = {
				GCC_PRECOMPILE_PREFIX_HEADER = YES;
				GCC_PREFIX_HEADER = "Obj-C-FusionTables/Obj-C-FusionTables-Prefix.pch";
				INFOPLIST_FILE = "Obj-C-FusionTables/Obj-C-FusionTables-Info.plist";
				PRODUCT_NAME = "$(TARGET_NAME)";
				WRAPPER_EXTENSION = app;
			};
			name = Debug;
		};
		57A7DEC917AA37FB00E74167 /* Release */ = {
			isa = XCBuildConfiguration;
			buildSettings = {
				GCC_PRECOMPILE_PREFIX_HEADER = YES;
				GCC_PREFIX_HEADER = "Obj-C-FusionTables/Obj-C-FusionTables-Prefix.pch";
				INFOPLIST_FILE = "Obj-C-FusionTables/Obj-C-FusionTables-Info.plist";
				PRODUCT_NAME = "$(TARGET_NAME)";
				WRAPPER_EXTENSION = app;
			};
			name = Release;
		};
		57A7DECB17AA37FB00E74167 /* Debug */ = {
			isa = XCBuildConfiguration;
			buildSettings = {
				BUNDLE_LOADER = "$(BUILT_PRODUCTS_DIR)/Obj-C-FusionTables.app/Obj-C-FusionTables";
				FRAMEWORK_SEARCH_PATHS = (
					"\"$(SDKROOT)/Developer/Library/Frameworks\"",
					"\"$(DEVELOPER_LIBRARY_DIR)/Frameworks\"",
				);
				GCC_PRECOMPILE_PREFIX_HEADER = YES;
				GCC_PREFIX_HEADER = "Obj-C-FusionTables/Obj-C-FusionTables-Prefix.pch";
				INFOPLIST_FILE = "Obj-C-FusionTablesTests/Obj-C-FusionTablesTests-Info.plist";
				PRODUCT_NAME = "$(TARGET_NAME)";
				TEST_HOST = "$(BUNDLE_LOADER)";
				WRAPPER_EXTENSION = octest;
			};
			name = Debug;
		};
		57A7DECC17AA37FB00E74167 /* Release */ = {
			isa = XCBuildConfiguration;
			buildSettings = {
				BUNDLE_LOADER = "$(BUILT_PRODUCTS_DIR)/Obj-C-FusionTables.app/Obj-C-FusionTables";
				FRAMEWORK_SEARCH_PATHS = (
					"\"$(SDKROOT)/Developer/Library/Frameworks\"",
					"\"$(DEVELOPER_LIBRARY_DIR)/Frameworks\"",
				);
				GCC_PRECOMPILE_PREFIX_HEADER = YES;
				GCC_PREFIX_HEADER = "Obj-C-FusionTables/Obj-C-FusionTables-Prefix.pch";
				INFOPLIST_FILE = "Obj-C-FusionTablesTests/Obj-C-FusionTablesTests-Info.plist";
				PRODUCT_NAME = "$(TARGET_NAME)";
				TEST_HOST = "$(BUNDLE_LOADER)";
				WRAPPER_EXTENSION = octest;
			};
			name = Release;
		};
/* End XCBuildConfiguration section */

/* Begin XCConfigurationList section */
		57A7DE8A17AA37FA00E74167 /* Build configuration list for PBXProject "Obj-C-FusionTables" */ = {
			isa = XCConfigurationList;
			buildConfigurations = (
				57A7DEC517AA37FB00E74167 /* Debug */,
				57A7DEC617AA37FB00E74167 /* Release */,
			);
			defaultConfigurationIsVisible = 0;
			defaultConfigurationName = Release;
		};
		57A7DEC717AA37FB00E74167 /* Build configuration list for PBXNativeTarget "Obj-C-FusionTables" */ = {
			isa = XCConfigurationList;
			buildConfigurations = (
				57A7DEC817AA37FB00E74167 /* Debug */,
				57A7DEC917AA37FB00E74167 /* Release */,
			);
			defaultConfigurationIsVisible = 0;
			defaultConfigurationName = Release;
		};
		57A7DECA17AA37FB00E74167 /* Build configuration list for PBXNativeTarget "Obj-C-FusionTablesTests" */ = {
			isa = XCConfigurationList;
			buildConfigurations = (
				57A7DECB17AA37FB00E74167 /* Debug */,
				57A7DECC17AA37FB00E74167 /* Release */,
			);
			defaultConfigurationIsVisible = 0;
			defaultConfigurationName = Release;
		};
/* End XCConfigurationList section */
	};
	rootObject = 57A7DE8717AA37FA00E74167 /* Project object */;
}
