// !$*UTF8*$!
{
	archiveVersion = 1;
	classes = {
	};
	objectVersion = 46;
	objects = {

/* Begin PBXBuildFile section */
		5708458F1A59754100D000DE /* FTRowImporter.m in Sources */ = {isa = PBXBuildFile; fileRef = 5708458E1A59754100D000DE /* FTRowImporter.m */; };
		57124BDA17B0D3BF0003A1F9 /* AppGeneralServicesController.m in Sources */ = {isa = PBXBuildFile; fileRef = 57124BD917B0D3BF0003A1F9 /* AppGeneralServicesController.m */; };
		57124BDD17B0D50F0003A1F9 /* DefaultTheme.m in Sources */ = {isa = PBXBuildFile; fileRef = 57124BDC17B0D50F0003A1F9 /* DefaultTheme.m */; };
		57124BE017B0D5260003A1F9 /* TintedTheme.m in Sources */ = {isa = PBXBuildFile; fileRef = 57124BDF17B0D5260003A1F9 /* TintedTheme.m */; };
		57124BE717B0D78F0003A1F9 /* QuartzCore.framework in Frameworks */ = {isa = PBXBuildFile; fileRef = 57124BE617B0D78F0003A1F9 /* QuartzCore.framework */; };
		5713134D1A4EA0D800546DF3 /* Images.xcassets in Resources */ = {isa = PBXBuildFile; fileRef = 5713134C1A4EA0D800546DF3 /* Images.xcassets */; };
		57162A5117AE4DBA007DDDD2 /* FusionTablesViewController.m in Sources */ = {isa = PBXBuildFile; fileRef = 57162A4F17AE4DBA007DDDD2 /* FusionTablesViewController.m */; };
		571A75AA1A46B0F000CF0887 /* EmptyDetailViewController.m in Sources */ = {isa = PBXBuildFile; fileRef = 571A75A91A46B0F000CF0887 /* EmptyDetailViewController.m */; };
		571A75AE1A46B81D00CF0887 /* FTInfoCellTableViewCell.m in Sources */ = {isa = PBXBuildFile; fileRef = 571A75AD1A46B81D00CF0887 /* FTInfoCellTableViewCell.m */; };
		571A75B21A46CA2900CF0887 /* SampleFTTableDelegate.m in Sources */ = {isa = PBXBuildFile; fileRef = 571A75B11A46CA2900CF0887 /* SampleFTTableDelegate.m */; };
		571A75B51A46DBEB00CF0887 /* FTCellTableViewCell.m in Sources */ = {isa = PBXBuildFile; fileRef = 571A75B41A46DBEB00CF0887 /* FTCellTableViewCell.m */; };
		5778303E17B9FBDC002A5CF6 /* FTResourceTestCaseBase.m in Sources */ = {isa = PBXBuildFile; fileRef = 5778303D17B9FBDC002A5CF6 /* FTResourceTestCaseBase.m */; };
		578180E017AA995A00434135 /* GTMHTTPFetcher.m in Sources */ = {isa = PBXBuildFile; fileRef = 578180D817AA995A00434135 /* GTMHTTPFetcher.m */; settings = {COMPILER_FLAGS = "-fno-objc-arc"; }; };
		578180E117AA995A00434135 /* GTMOAuth2Authentication.m in Sources */ = {isa = PBXBuildFile; fileRef = 578180DA17AA995A00434135 /* GTMOAuth2Authentication.m */; settings = {COMPILER_FLAGS = "-fno-objc-arc"; }; };
		578180E217AA995A00434135 /* GTMOAuth2SignIn.m in Sources */ = {isa = PBXBuildFile; fileRef = 578180DC17AA995A00434135 /* GTMOAuth2SignIn.m */; settings = {COMPILER_FLAGS = "-fno-objc-arc"; }; };
		578180E317AA995A00434135 /* GTMOAuth2ViewControllerTouch.m in Sources */ = {isa = PBXBuildFile; fileRef = 578180DE17AA995A00434135 /* GTMOAuth2ViewControllerTouch.m */; settings = {COMPILER_FLAGS = "-fno-objc-arc"; }; };
		578180E417AA995A00434135 /* GTMOAuth2ViewTouch.xib in Resources */ = {isa = PBXBuildFile; fileRef = 578180DF17AA995A00434135 /* GTMOAuth2ViewTouch.xib */; };
		578180E817ABF19700434135 /* MessageUI.framework in Frameworks */ = {isa = PBXBuildFile; fileRef = 578180E717ABF19700434135 /* MessageUI.framework */; };
		578CE61B17BE8D6D003CFD0A /* FTSQLQueryResource.m in Sources */ = {isa = PBXBuildFile; fileRef = 578CE61A17BE8D6D003CFD0A /* FTSQLQueryResource.m */; };
		578CE61E17BF5A02003CFD0A /* FTSQLQuery.m in Sources */ = {isa = PBXBuildFile; fileRef = 578CE61D17BF5A02003CFD0A /* FTSQLQuery.m */; };
		578CE62117BF9C08003CFD0A /* ObjCFusionTablesSQLQueryResourceTests.m in Sources */ = {isa = PBXBuildFile; fileRef = 578CE62017BF9C08003CFD0A /* ObjCFusionTablesSQLQueryResourceTests.m */; };
		578D658019122C0100253F8F /* FTTableResourceTestCaseBase.m in Sources */ = {isa = PBXBuildFile; fileRef = 578D657F19122C0100253F8F /* FTTableResourceTestCaseBase.m */; };
		578D65821912304100253F8F /* ObjCFTAPIResourceStyleTests.m in Sources */ = {isa = PBXBuildFile; fileRef = 578D65811912304100253F8F /* ObjCFTAPIResourceStyleTests.m */; };
		578D6585191234A400253F8F /* ObjCFTAPIResourceTemplateTests.m in Sources */ = {isa = PBXBuildFile; fileRef = 578D6584191234A400253F8F /* ObjCFTAPIResourceTemplateTests.m */; };
		579F704F1A53F88600C72985 /* FusionTableViewerViewController.m in Sources */ = {isa = PBXBuildFile; fileRef = 579F704E1A53F88600C72985 /* FusionTableViewerViewController.m */; };
		57A7DE9317AA37FB00E74167 /* UIKit.framework in Frameworks */ = {isa = PBXBuildFile; fileRef = 57A7DE9217AA37FB00E74167 /* UIKit.framework */; };
		57A7DE9517AA37FB00E74167 /* Foundation.framework in Frameworks */ = {isa = PBXBuildFile; fileRef = 57A7DE9417AA37FB00E74167 /* Foundation.framework */; };
		57A7DE9717AA37FB00E74167 /* CoreGraphics.framework in Frameworks */ = {isa = PBXBuildFile; fileRef = 57A7DE9617AA37FB00E74167 /* CoreGraphics.framework */; };
		57A7DE9D17AA37FB00E74167 /* InfoPlist.strings in Resources */ = {isa = PBXBuildFile; fileRef = 57A7DE9B17AA37FB00E74167 /* InfoPlist.strings */; };
		57A7DE9F17AA37FB00E74167 /* main.m in Sources */ = {isa = PBXBuildFile; fileRef = 57A7DE9E17AA37FB00E74167 /* main.m */; };
		57A7DEB817AA37FB00E74167 /* UIKit.framework in Frameworks */ = {isa = PBXBuildFile; fileRef = 57A7DE9217AA37FB00E74167 /* UIKit.framework */; };
		57A7DEB917AA37FB00E74167 /* Foundation.framework in Frameworks */ = {isa = PBXBuildFile; fileRef = 57A7DE9417AA37FB00E74167 /* Foundation.framework */; };
		57A7DEC117AA37FB00E74167 /* InfoPlist.strings in Resources */ = {isa = PBXBuildFile; fileRef = 57A7DEBF17AA37FB00E74167 /* InfoPlist.strings */; };
		57A7DECF17AA385A00E74167 /* AppDelegate.m in Sources */ = {isa = PBXBuildFile; fileRef = 57A7DECE17AA385A00E74167 /* AppDelegate.m */; };
		57A7DED317AA387A00E74167 /* GoogleServicesHelper.m in Sources */ = {isa = PBXBuildFile; fileRef = 57A7DED217AA387A00E74167 /* GoogleServicesHelper.m */; };
		57A7DED917AA394700E74167 /* sampleInsertData.plist in Resources */ = {isa = PBXBuildFile; fileRef = 57A7DED717AA394700E74167 /* sampleInsertData.plist */; };
		57A7DEDA17AA394700E74167 /* sampleUpdateData.plist in Resources */ = {isa = PBXBuildFile; fileRef = 57A7DED817AA394700E74167 /* sampleUpdateData.plist */; };
		57A7DEEA17AA39A900E74167 /* SampleViewControllerFTBaseSection.m in Sources */ = {isa = PBXBuildFile; fileRef = 57A7DEE117AA39A900E74167 /* SampleViewControllerFTBaseSection.m */; };
		57A7DEEC17AA39A900E74167 /* SampleViewControllerFTStylingSection.m in Sources */ = {isa = PBXBuildFile; fileRef = 57A7DEE517AA39A900E74167 /* SampleViewControllerFTStylingSection.m */; };
		57A7DEED17AA39A900E74167 /* SampleViewControllerInsertFTRowsSection.m in Sources */ = {isa = PBXBuildFile; fileRef = 57A7DEE717AA39A900E74167 /* SampleViewControllerInsertFTRowsSection.m */; };
		57A7DEEE17AA39A900E74167 /* SampleViewControllerFTSharingInfoSection.m in Sources */ = {isa = PBXBuildFile; fileRef = 57A7DEE917AA39A900E74167 /* SampleViewControllerFTSharingInfoSection.m */; };
		57A7DEF417AA39C000E74167 /* SampleViewControllerUIController.m in Sources */ = {isa = PBXBuildFile; fileRef = 57A7DEF017AA39C000E74167 /* SampleViewControllerUIController.m */; };
		57A7DEF517AA39C000E74167 /* SampleViewController.m in Sources */ = {isa = PBXBuildFile; fileRef = 57A7DEF217AA39C000E74167 /* SampleViewController.m */; };
		57A7DEFF17AA3A0900E74167 /* GroupedTableSectionController.m in Sources */ = {isa = PBXBuildFile; fileRef = 57A7DEF917AA3A0900E74167 /* GroupedTableSectionController.m */; };
		57A7DF0017AA3A0900E74167 /* GroupedTableUIController.m in Sources */ = {isa = PBXBuildFile; fileRef = 57A7DEFB17AA3A0900E74167 /* GroupedTableUIController.m */; };
		57A7DF0117AA3A0900E74167 /* GroupedTableViewController.m in Sources */ = {isa = PBXBuildFile; fileRef = 57A7DEFD17AA3A0900E74167 /* GroupedTableViewController.m */; };
		57A7DF1017AA3A1F00E74167 /* GoogleAPIKeys.plist in Resources */ = {isa = PBXBuildFile; fileRef = 57A7DF0317AA3A1F00E74167 /* GoogleAPIKeys.plist */; };
		57A7DF1117AA3A1F00E74167 /* GoogleAuthorizationController.m in Sources */ = {isa = PBXBuildFile; fileRef = 57A7DF0517AA3A1F00E74167 /* GoogleAuthorizationController.m */; };
		57A7DF1217AA3A1F00E74167 /* FTAPIResource.m in Sources */ = {isa = PBXBuildFile; fileRef = 57A7DF0717AA3A1F00E74167 /* FTAPIResource.m */; };
		57A7DF1317AA3A1F00E74167 /* FTTable.m in Sources */ = {isa = PBXBuildFile; fileRef = 57A7DF0917AA3A1F00E74167 /* FTTable.m */; };
		57A7DF1417AA3A1F00E74167 /* FTStyle.m in Sources */ = {isa = PBXBuildFile; fileRef = 57A7DF0B17AA3A1F00E74167 /* FTStyle.m */; };
		57A7DF1517AA3A1F00E74167 /* FTTemplate.m in Sources */ = {isa = PBXBuildFile; fileRef = 57A7DF0D17AA3A1F00E74167 /* FTTemplate.m */; };
		57A7DF3417AA3AA700E74167 /* SystemConfiguration.framework in Frameworks */ = {isa = PBXBuildFile; fileRef = 57A7DF3317AA3AA700E74167 /* SystemConfiguration.framework */; };
		57A7DF3617AA3AAE00E74167 /* Security.framework in Frameworks */ = {isa = PBXBuildFile; fileRef = 57A7DF3517AA3AAE00E74167 /* Security.framework */; };
		57CDB26C1A554F94005DDD99 /* ObjCFTAPIResourceTableTests.m in Sources */ = {isa = PBXBuildFile; fileRef = 57CDB26B1A554F94005DDD99 /* ObjCFTAPIResourceTableTests.m */; };
		57F0B16D17B0EBAA00302E3C /* AppIconsController.m in Sources */ = {isa = PBXBuildFile; fileRef = 57F0B16C17B0EBAA00302E3C /* AppIconsController.m */; };
		57FBFBC617AD6B9B00A275BA /* FTSQLQueryBuilder.m in Sources */ = {isa = PBXBuildFile; fileRef = 57FBFBC517AD6B9B00A275BA /* FTSQLQueryBuilder.m */; };
/* End PBXBuildFile section */

/* Begin PBXContainerItemProxy section */
		57A7DEBA17AA37FB00E74167 /* PBXContainerItemProxy */ = {
			isa = PBXContainerItemProxy;
			containerPortal = 57A7DE8717AA37FA00E74167 /* Project object */;
			proxyType = 1;
			remoteGlobalIDString = 57A7DE8E17AA37FB00E74167;
			remoteInfo = "Obj-C-FusionTables";
		};
/* End PBXContainerItemProxy section */

/* Begin PBXFileReference section */
		5708458D1A59754100D000DE /* FTRowImporter.h */ = {isa = PBXFileReference; fileEncoding = 4; lastKnownFileType = sourcecode.c.h; name = FTRowImporter.h; path = utils/FTRowImporter.h; sourceTree = "<group>"; };
		5708458E1A59754100D000DE /* FTRowImporter.m */ = {isa = PBXFileReference; fileEncoding = 4; lastKnownFileType = sourcecode.c.objc; name = FTRowImporter.m; path = utils/FTRowImporter.m; sourceTree = "<group>"; };
		57124BD817B0D3BF0003A1F9 /* AppGeneralServicesController.h */ = {isa = PBXFileReference; fileEncoding = 4; lastKnownFileType = sourcecode.c.h; path = AppGeneralServicesController.h; sourceTree = "<group>"; };
		57124BD917B0D3BF0003A1F9 /* AppGeneralServicesController.m */ = {isa = PBXFileReference; fileEncoding = 4; lastKnownFileType = sourcecode.c.objc; path = AppGeneralServicesController.m; sourceTree = "<group>"; };
		57124BDB17B0D50F0003A1F9 /* DefaultTheme.h */ = {isa = PBXFileReference; fileEncoding = 4; lastKnownFileType = sourcecode.c.h; path = DefaultTheme.h; sourceTree = "<group>"; };
		57124BDC17B0D50F0003A1F9 /* DefaultTheme.m */ = {isa = PBXFileReference; fileEncoding = 4; lastKnownFileType = sourcecode.c.objc; path = DefaultTheme.m; sourceTree = "<group>"; };
		57124BDE17B0D5260003A1F9 /* TintedTheme.h */ = {isa = PBXFileReference; fileEncoding = 4; lastKnownFileType = sourcecode.c.h; path = TintedTheme.h; sourceTree = "<group>"; };
		57124BDF17B0D5260003A1F9 /* TintedTheme.m */ = {isa = PBXFileReference; fileEncoding = 4; lastKnownFileType = sourcecode.c.objc; path = TintedTheme.m; sourceTree = "<group>"; };
		57124BE617B0D78F0003A1F9 /* QuartzCore.framework */ = {isa = PBXFileReference; lastKnownFileType = wrapper.framework; name = QuartzCore.framework; path = System/Library/Frameworks/QuartzCore.framework; sourceTree = SDKROOT; };
		5713134C1A4EA0D800546DF3 /* Images.xcassets */ = {isa = PBXFileReference; lastKnownFileType = folder.assetcatalog; path = Images.xcassets; sourceTree = "<group>"; };
		57162A4E17AE4DBA007DDDD2 /* FusionTablesViewController.h */ = {isa = PBXFileReference; fileEncoding = 4; lastKnownFileType = sourcecode.c.h; path = FusionTablesViewController.h; sourceTree = "<group>"; };
		57162A4F17AE4DBA007DDDD2 /* FusionTablesViewController.m */ = {isa = PBXFileReference; fileEncoding = 4; lastKnownFileType = sourcecode.c.objc; path = FusionTablesViewController.m; sourceTree = "<group>"; };
		571A75A81A46B0F000CF0887 /* EmptyDetailViewController.h */ = {isa = PBXFileReference; fileEncoding = 4; lastKnownFileType = sourcecode.c.h; path = EmptyDetailViewController.h; sourceTree = "<group>"; };
		571A75A91A46B0F000CF0887 /* EmptyDetailViewController.m */ = {isa = PBXFileReference; fileEncoding = 4; lastKnownFileType = sourcecode.c.objc; path = EmptyDetailViewController.m; sourceTree = "<group>"; };
		571A75AC1A46B81D00CF0887 /* FTInfoCellTableViewCell.h */ = {isa = PBXFileReference; fileEncoding = 4; lastKnownFileType = sourcecode.c.h; path = FTInfoCellTableViewCell.h; sourceTree = "<group>"; };
		571A75AD1A46B81D00CF0887 /* FTInfoCellTableViewCell.m */ = {isa = PBXFileReference; fileEncoding = 4; lastKnownFileType = sourcecode.c.objc; path = FTInfoCellTableViewCell.m; sourceTree = "<group>"; };
		571A75B01A46CA2900CF0887 /* SampleFTTableDelegate.h */ = {isa = PBXFileReference; fileEncoding = 4; lastKnownFileType = sourcecode.c.h; path = SampleFTTableDelegate.h; sourceTree = "<group>"; };
		571A75B11A46CA2900CF0887 /* SampleFTTableDelegate.m */ = {isa = PBXFileReference; fileEncoding = 4; lastKnownFileType = sourcecode.c.objc; path = SampleFTTableDelegate.m; sourceTree = "<group>"; };
		571A75B31A46DBEB00CF0887 /* FTCellTableViewCell.h */ = {isa = PBXFileReference; fileEncoding = 4; lastKnownFileType = sourcecode.c.h; path = FTCellTableViewCell.h; sourceTree = "<group>"; };
		571A75B41A46DBEB00CF0887 /* FTCellTableViewCell.m */ = {isa = PBXFileReference; fileEncoding = 4; lastKnownFileType = sourcecode.c.objc; path = FTCellTableViewCell.m; sourceTree = "<group>"; };
		5778303C17B9FBDC002A5CF6 /* FTResourceTestCaseBase.h */ = {isa = PBXFileReference; fileEncoding = 4; lastKnownFileType = sourcecode.c.h; path = FTResourceTestCaseBase.h; sourceTree = "<group>"; };
		5778303D17B9FBDC002A5CF6 /* FTResourceTestCaseBase.m */ = {isa = PBXFileReference; fileEncoding = 4; lastKnownFileType = sourcecode.c.objc; path = FTResourceTestCaseBase.m; sourceTree = "<group>"; };
		578180D717AA995A00434135 /* GTMHTTPFetcher.h */ = {isa = PBXFileReference; fileEncoding = 4; lastKnownFileType = sourcecode.c.h; path = GTMHTTPFetcher.h; sourceTree = "<group>"; };
		578180D817AA995A00434135 /* GTMHTTPFetcher.m */ = {isa = PBXFileReference; fileEncoding = 4; lastKnownFileType = sourcecode.c.objc; path = GTMHTTPFetcher.m; sourceTree = "<group>"; };
		578180D917AA995A00434135 /* GTMOAuth2Authentication.h */ = {isa = PBXFileReference; fileEncoding = 4; lastKnownFileType = sourcecode.c.h; path = GTMOAuth2Authentication.h; sourceTree = "<group>"; };
		578180DA17AA995A00434135 /* GTMOAuth2Authentication.m */ = {isa = PBXFileReference; fileEncoding = 4; lastKnownFileType = sourcecode.c.objc; path = GTMOAuth2Authentication.m; sourceTree = "<group>"; };
		578180DB17AA995A00434135 /* GTMOAuth2SignIn.h */ = {isa = PBXFileReference; fileEncoding = 4; lastKnownFileType = sourcecode.c.h; path = GTMOAuth2SignIn.h; sourceTree = "<group>"; };
		578180DC17AA995A00434135 /* GTMOAuth2SignIn.m */ = {isa = PBXFileReference; fileEncoding = 4; lastKnownFileType = sourcecode.c.objc; path = GTMOAuth2SignIn.m; sourceTree = "<group>"; };
		578180DD17AA995A00434135 /* GTMOAuth2ViewControllerTouch.h */ = {isa = PBXFileReference; fileEncoding = 4; lastKnownFileType = sourcecode.c.h; path = GTMOAuth2ViewControllerTouch.h; sourceTree = "<group>"; };
		578180DE17AA995A00434135 /* GTMOAuth2ViewControllerTouch.m */ = {isa = PBXFileReference; fileEncoding = 4; lastKnownFileType = sourcecode.c.objc; path = GTMOAuth2ViewControllerTouch.m; sourceTree = "<group>"; };
		578180DF17AA995A00434135 /* GTMOAuth2ViewTouch.xib */ = {isa = PBXFileReference; fileEncoding = 4; lastKnownFileType = file.xib; path = GTMOAuth2ViewTouch.xib; sourceTree = "<group>"; };
		578180E717ABF19700434135 /* MessageUI.framework */ = {isa = PBXFileReference; lastKnownFileType = wrapper.framework; name = MessageUI.framework; path = System/Library/Frameworks/MessageUI.framework; sourceTree = SDKROOT; };
		578CE61917BE8D6C003CFD0A /* FTSQLQueryResource.h */ = {isa = PBXFileReference; fileEncoding = 4; lastKnownFileType = sourcecode.c.h; path = FTSQLQueryResource.h; sourceTree = "<group>"; };
		578CE61A17BE8D6D003CFD0A /* FTSQLQueryResource.m */ = {isa = PBXFileReference; fileEncoding = 4; lastKnownFileType = sourcecode.c.objc; path = FTSQLQueryResource.m; sourceTree = "<group>"; };
		578CE61C17BF5A01003CFD0A /* FTSQLQuery.h */ = {isa = PBXFileReference; fileEncoding = 4; lastKnownFileType = sourcecode.c.h; path = FTSQLQuery.h; sourceTree = "<group>"; };
		578CE61D17BF5A02003CFD0A /* FTSQLQuery.m */ = {isa = PBXFileReference; fileEncoding = 4; lastKnownFileType = sourcecode.c.objc; path = FTSQLQuery.m; sourceTree = "<group>"; };
		578CE62017BF9C08003CFD0A /* ObjCFusionTablesSQLQueryResourceTests.m */ = {isa = PBXFileReference; fileEncoding = 4; lastKnownFileType = sourcecode.c.objc; path = ObjCFusionTablesSQLQueryResourceTests.m; sourceTree = "<group>"; };
		578D657F19122C0100253F8F /* FTTableResourceTestCaseBase.m */ = {isa = PBXFileReference; fileEncoding = 4; lastKnownFileType = sourcecode.c.objc; path = FTTableResourceTestCaseBase.m; sourceTree = "<group>"; };
		578D65811912304100253F8F /* ObjCFTAPIResourceStyleTests.m */ = {isa = PBXFileReference; fileEncoding = 4; lastKnownFileType = sourcecode.c.objc; path = ObjCFTAPIResourceStyleTests.m; sourceTree = "<group>"; };
		578D6583191233CC00253F8F /* FTTableResourceTestCaseBase.h */ = {isa = PBXFileReference; lastKnownFileType = sourcecode.c.h; path = FTTableResourceTestCaseBase.h; sourceTree = "<group>"; };
		578D6584191234A400253F8F /* ObjCFTAPIResourceTemplateTests.m */ = {isa = PBXFileReference; fileEncoding = 4; lastKnownFileType = sourcecode.c.objc; path = ObjCFTAPIResourceTemplateTests.m; sourceTree = "<group>"; };
		579F704D1A53F88600C72985 /* FusionTableViewerViewController.h */ = {isa = PBXFileReference; fileEncoding = 4; lastKnownFileType = sourcecode.c.h; path = FusionTableViewerViewController.h; sourceTree = "<group>"; };
		579F704E1A53F88600C72985 /* FusionTableViewerViewController.m */ = {isa = PBXFileReference; fileEncoding = 4; lastKnownFileType = sourcecode.c.objc; path = FusionTableViewerViewController.m; sourceTree = "<group>"; };
		57A7DE8F17AA37FB00E74167 /* Obj-C-FusionTables.app */ = {isa = PBXFileReference; explicitFileType = wrapper.application; includeInIndex = 0; path = "Obj-C-FusionTables.app"; sourceTree = BUILT_PRODUCTS_DIR; };
		57A7DE9217AA37FB00E74167 /* UIKit.framework */ = {isa = PBXFileReference; lastKnownFileType = wrapper.framework; name = UIKit.framework; path = System/Library/Frameworks/UIKit.framework; sourceTree = SDKROOT; };
		57A7DE9417AA37FB00E74167 /* Foundation.framework */ = {isa = PBXFileReference; lastKnownFileType = wrapper.framework; name = Foundation.framework; path = System/Library/Frameworks/Foundation.framework; sourceTree = SDKROOT; };
		57A7DE9617AA37FB00E74167 /* CoreGraphics.framework */ = {isa = PBXFileReference; lastKnownFileType = wrapper.framework; name = CoreGraphics.framework; path = System/Library/Frameworks/CoreGraphics.framework; sourceTree = SDKROOT; };
		57A7DE9A17AA37FB00E74167 /* Obj-C-FusionTables-Info.plist */ = {isa = PBXFileReference; lastKnownFileType = text.plist.xml; path = "Obj-C-FusionTables-Info.plist"; sourceTree = "<group>"; };
		57A7DE9C17AA37FB00E74167 /* en */ = {isa = PBXFileReference; lastKnownFileType = text.plist.strings; name = en; path = en.lproj/InfoPlist.strings; sourceTree = "<group>"; };
		57A7DE9E17AA37FB00E74167 /* main.m */ = {isa = PBXFileReference; lastKnownFileType = sourcecode.c.objc; path = main.m; sourceTree = "<group>"; };
		57A7DEA017AA37FB00E74167 /* Obj-C-FusionTables-Prefix.pch */ = {isa = PBXFileReference; lastKnownFileType = sourcecode.c.h; path = "Obj-C-FusionTables-Prefix.pch"; sourceTree = "<group>"; };
		57A7DEB517AA37FB00E74167 /* Obj-C-FusionTablesTests.xctest */ = {isa = PBXFileReference; explicitFileType = wrapper.cfbundle; includeInIndex = 0; path = "Obj-C-FusionTablesTests.xctest"; sourceTree = BUILT_PRODUCTS_DIR; };
		57A7DEBE17AA37FB00E74167 /* Obj-C-FusionTablesTests-Info.plist */ = {isa = PBXFileReference; lastKnownFileType = text.plist.xml; path = "Obj-C-FusionTablesTests-Info.plist"; sourceTree = "<group>"; };
		57A7DEC017AA37FB00E74167 /* en */ = {isa = PBXFileReference; lastKnownFileType = text.plist.strings; name = en; path = en.lproj/InfoPlist.strings; sourceTree = "<group>"; };
		57A7DECD17AA385A00E74167 /* AppDelegate.h */ = {isa = PBXFileReference; fileEncoding = 4; lastKnownFileType = sourcecode.c.h; path = AppDelegate.h; sourceTree = "<group>"; };
		57A7DECE17AA385A00E74167 /* AppDelegate.m */ = {isa = PBXFileReference; fileEncoding = 4; lastKnownFileType = sourcecode.c.objc; path = AppDelegate.m; sourceTree = "<group>"; };
		57A7DED117AA387A00E74167 /* GoogleServicesHelper.h */ = {isa = PBXFileReference; fileEncoding = 4; lastKnownFileType = sourcecode.c.h; path = GoogleServicesHelper.h; sourceTree = "<group>"; };
		57A7DED217AA387A00E74167 /* GoogleServicesHelper.m */ = {isa = PBXFileReference; fileEncoding = 4; lastKnownFileType = sourcecode.c.objc; path = GoogleServicesHelper.m; sourceTree = "<group>"; };
		57A7DED717AA394700E74167 /* sampleInsertData.plist */ = {isa = PBXFileReference; fileEncoding = 4; lastKnownFileType = text.plist.xml; path = sampleInsertData.plist; sourceTree = "<group>"; };
		57A7DED817AA394700E74167 /* sampleUpdateData.plist */ = {isa = PBXFileReference; fileEncoding = 4; lastKnownFileType = text.plist.xml; path = sampleUpdateData.plist; sourceTree = "<group>"; };
		57A7DEE017AA39A900E74167 /* SampleViewControllerFTBaseSection.h */ = {isa = PBXFileReference; fileEncoding = 4; lastKnownFileType = sourcecode.c.h; path = SampleViewControllerFTBaseSection.h; sourceTree = "<group>"; };
		57A7DEE117AA39A900E74167 /* SampleViewControllerFTBaseSection.m */ = {isa = PBXFileReference; fileEncoding = 4; lastKnownFileType = sourcecode.c.objc; path = SampleViewControllerFTBaseSection.m; sourceTree = "<group>"; };
		57A7DEE417AA39A900E74167 /* SampleViewControllerFTStylingSection.h */ = {isa = PBXFileReference; fileEncoding = 4; lastKnownFileType = sourcecode.c.h; path = SampleViewControllerFTStylingSection.h; sourceTree = "<group>"; };
		57A7DEE517AA39A900E74167 /* SampleViewControllerFTStylingSection.m */ = {isa = PBXFileReference; fileEncoding = 4; lastKnownFileType = sourcecode.c.objc; path = SampleViewControllerFTStylingSection.m; sourceTree = "<group>"; };
		57A7DEE617AA39A900E74167 /* SampleViewControllerInsertFTRowsSection.h */ = {isa = PBXFileReference; fileEncoding = 4; lastKnownFileType = sourcecode.c.h; path = SampleViewControllerInsertFTRowsSection.h; sourceTree = "<group>"; };
		57A7DEE717AA39A900E74167 /* SampleViewControllerInsertFTRowsSection.m */ = {isa = PBXFileReference; fileEncoding = 4; lastKnownFileType = sourcecode.c.objc; path = SampleViewControllerInsertFTRowsSection.m; sourceTree = "<group>"; };
		57A7DEE817AA39A900E74167 /* SampleViewControllerFTSharingInfoSection.h */ = {isa = PBXFileReference; fileEncoding = 4; lastKnownFileType = sourcecode.c.h; path = SampleViewControllerFTSharingInfoSection.h; sourceTree = "<group>"; };
		57A7DEE917AA39A900E74167 /* SampleViewControllerFTSharingInfoSection.m */ = {isa = PBXFileReference; fileEncoding = 4; lastKnownFileType = sourcecode.c.objc; path = SampleViewControllerFTSharingInfoSection.m; sourceTree = "<group>"; };
		57A7DEEF17AA39C000E74167 /* SampleViewControllerUIController.h */ = {isa = PBXFileReference; fileEncoding = 4; lastKnownFileType = sourcecode.c.h; path = SampleViewControllerUIController.h; sourceTree = "<group>"; };
		57A7DEF017AA39C000E74167 /* SampleViewControllerUIController.m */ = {isa = PBXFileReference; fileEncoding = 4; lastKnownFileType = sourcecode.c.objc; path = SampleViewControllerUIController.m; sourceTree = "<group>"; };
		57A7DEF117AA39C000E74167 /* SampleViewController.h */ = {isa = PBXFileReference; fileEncoding = 4; lastKnownFileType = sourcecode.c.h; path = SampleViewController.h; sourceTree = "<group>"; };
		57A7DEF217AA39C000E74167 /* SampleViewController.m */ = {isa = PBXFileReference; fileEncoding = 4; lastKnownFileType = sourcecode.c.objc; path = SampleViewController.m; sourceTree = "<group>"; };
		57A7DEF817AA3A0900E74167 /* GroupedTableSectionController.h */ = {isa = PBXFileReference; fileEncoding = 4; lastKnownFileType = sourcecode.c.h; path = GroupedTableSectionController.h; sourceTree = "<group>"; };
		57A7DEF917AA3A0900E74167 /* GroupedTableSectionController.m */ = {isa = PBXFileReference; fileEncoding = 4; lastKnownFileType = sourcecode.c.objc; path = GroupedTableSectionController.m; sourceTree = "<group>"; };
		57A7DEFA17AA3A0900E74167 /* GroupedTableUIController.h */ = {isa = PBXFileReference; fileEncoding = 4; lastKnownFileType = sourcecode.c.h; path = GroupedTableUIController.h; sourceTree = "<group>"; };
		57A7DEFB17AA3A0900E74167 /* GroupedTableUIController.m */ = {isa = PBXFileReference; fileEncoding = 4; lastKnownFileType = sourcecode.c.objc; path = GroupedTableUIController.m; sourceTree = "<group>"; };
		57A7DEFC17AA3A0900E74167 /* GroupedTableViewController.h */ = {isa = PBXFileReference; fileEncoding = 4; lastKnownFileType = sourcecode.c.h; path = GroupedTableViewController.h; sourceTree = "<group>"; };
		57A7DEFD17AA3A0900E74167 /* GroupedTableViewController.m */ = {isa = PBXFileReference; fileEncoding = 4; lastKnownFileType = sourcecode.c.objc; path = GroupedTableViewController.m; sourceTree = "<group>"; };
		57A7DF0317AA3A1F00E74167 /* GoogleAPIKeys.plist */ = {isa = PBXFileReference; fileEncoding = 4; lastKnownFileType = text.plist.xml; path = GoogleAPIKeys.plist; sourceTree = "<group>"; };
		57A7DF0417AA3A1F00E74167 /* GoogleAuthorizationController.h */ = {isa = PBXFileReference; fileEncoding = 4; lastKnownFileType = sourcecode.c.h; path = GoogleAuthorizationController.h; sourceTree = "<group>"; };
		57A7DF0517AA3A1F00E74167 /* GoogleAuthorizationController.m */ = {isa = PBXFileReference; fileEncoding = 4; lastKnownFileType = sourcecode.c.objc; path = GoogleAuthorizationController.m; sourceTree = "<group>"; };
		57A7DF0617AA3A1F00E74167 /* FTAPIResource.h */ = {isa = PBXFileReference; fileEncoding = 4; lastKnownFileType = sourcecode.c.h; path = FTAPIResource.h; sourceTree = "<group>"; };
		57A7DF0717AA3A1F00E74167 /* FTAPIResource.m */ = {isa = PBXFileReference; fileEncoding = 4; lastKnownFileType = sourcecode.c.objc; path = FTAPIResource.m; sourceTree = "<group>"; };
		57A7DF0817AA3A1F00E74167 /* FTTable.h */ = {isa = PBXFileReference; fileEncoding = 4; lastKnownFileType = sourcecode.c.h; path = FTTable.h; sourceTree = "<group>"; };
		57A7DF0917AA3A1F00E74167 /* FTTable.m */ = {isa = PBXFileReference; fileEncoding = 4; lastKnownFileType = sourcecode.c.objc; path = FTTable.m; sourceTree = "<group>"; };
		57A7DF0A17AA3A1F00E74167 /* FTStyle.h */ = {isa = PBXFileReference; fileEncoding = 4; lastKnownFileType = sourcecode.c.h; path = FTStyle.h; sourceTree = "<group>"; };
		57A7DF0B17AA3A1F00E74167 /* FTStyle.m */ = {isa = PBXFileReference; fileEncoding = 4; lastKnownFileType = sourcecode.c.objc; path = FTStyle.m; sourceTree = "<group>"; };
		57A7DF0C17AA3A1F00E74167 /* FTTemplate.h */ = {isa = PBXFileReference; fileEncoding = 4; lastKnownFileType = sourcecode.c.h; path = FTTemplate.h; sourceTree = "<group>"; };
		57A7DF0D17AA3A1F00E74167 /* FTTemplate.m */ = {isa = PBXFileReference; fileEncoding = 4; lastKnownFileType = sourcecode.c.objc; path = FTTemplate.m; sourceTree = "<group>"; };
		57A7DF3317AA3AA700E74167 /* SystemConfiguration.framework */ = {isa = PBXFileReference; lastKnownFileType = wrapper.framework; name = SystemConfiguration.framework; path = System/Library/Frameworks/SystemConfiguration.framework; sourceTree = SDKROOT; };
		57A7DF3517AA3AAE00E74167 /* Security.framework */ = {isa = PBXFileReference; lastKnownFileType = wrapper.framework; name = Security.framework; path = System/Library/Frameworks/Security.framework; sourceTree = SDKROOT; };
		57CDB26B1A554F94005DDD99 /* ObjCFTAPIResourceTableTests.m */ = {isa = PBXFileReference; fileEncoding = 4; lastKnownFileType = sourcecode.c.objc; path = ObjCFTAPIResourceTableTests.m; sourceTree = "<group>"; };
		57F0B16B17B0EBAA00302E3C /* AppIconsController.h */ = {isa = PBXFileReference; fileEncoding = 4; lastKnownFileType = sourcecode.c.h; path = AppIconsController.h; sourceTree = "<group>"; };
		57F0B16C17B0EBAA00302E3C /* AppIconsController.m */ = {isa = PBXFileReference; fileEncoding = 4; lastKnownFileType = sourcecode.c.objc; path = AppIconsController.m; sourceTree = "<group>"; };
		57FBFBC417AD6B9B00A275BA /* FTSQLQueryBuilder.h */ = {isa = PBXFileReference; fileEncoding = 4; lastKnownFileType = sourcecode.c.h; path = FTSQLQueryBuilder.h; sourceTree = "<group>"; };
		57FBFBC517AD6B9B00A275BA /* FTSQLQueryBuilder.m */ = {isa = PBXFileReference; fileEncoding = 4; lastKnownFileType = sourcecode.c.objc; path = FTSQLQueryBuilder.m; sourceTree = "<group>"; };
/* End PBXFileReference section */

/* Begin PBXFrameworksBuildPhase section */
		57A7DE8C17AA37FB00E74167 /* Frameworks */ = {
			isa = PBXFrameworksBuildPhase;
			buildActionMask = 2147483647;
			files = (
				57124BE717B0D78F0003A1F9 /* QuartzCore.framework in Frameworks */,
				578180E817ABF19700434135 /* MessageUI.framework in Frameworks */,
				57A7DF3617AA3AAE00E74167 /* Security.framework in Frameworks */,
				57A7DF3417AA3AA700E74167 /* SystemConfiguration.framework in Frameworks */,
				57A7DE9317AA37FB00E74167 /* UIKit.framework in Frameworks */,
				57A7DE9517AA37FB00E74167 /* Foundation.framework in Frameworks */,
				57A7DE9717AA37FB00E74167 /* CoreGraphics.framework in Frameworks */,
			);
			runOnlyForDeploymentPostprocessing = 0;
		};
		57A7DEB117AA37FB00E74167 /* Frameworks */ = {
			isa = PBXFrameworksBuildPhase;
			buildActionMask = 2147483647;
			files = (
				57A7DEB817AA37FB00E74167 /* UIKit.framework in Frameworks */,
				57A7DEB917AA37FB00E74167 /* Foundation.framework in Frameworks */,
			);
			runOnlyForDeploymentPostprocessing = 0;
		};
/* End PBXFrameworksBuildPhase section */

/* Begin PBXGroup section */
		5708458C1A5974EE00D000DE /* utils */ = {
			isa = PBXGroup;
			children = (
				5708458D1A59754100D000DE /* FTRowImporter.h */,
				5708458E1A59754100D000DE /* FTRowImporter.m */,
			);
			name = utils;
			sourceTree = "<group>";
		};
		57124BD717B0D33B0003A1F9 /* App Services */ = {
			isa = PBXGroup;
			children = (
				57F0B16A17B0EAFC00302E3C /* Icons Controller */,
				57124BE117B0D52C0003A1F9 /* Themes */,
				57124BD817B0D3BF0003A1F9 /* AppGeneralServicesController.h */,
				57124BD917B0D3BF0003A1F9 /* AppGeneralServicesController.m */,
			);
			path = "App Services";
			sourceTree = "<group>";
		};
		57124BE117B0D52C0003A1F9 /* Themes */ = {
			isa = PBXGroup;
			children = (
				57124BDB17B0D50F0003A1F9 /* DefaultTheme.h */,
				57124BDC17B0D50F0003A1F9 /* DefaultTheme.m */,
				57124BDE17B0D5260003A1F9 /* TintedTheme.h */,
				57124BDF17B0D5260003A1F9 /* TintedTheme.m */,
			);
			path = Themes;
			sourceTree = "<group>";
		};
		571A75AB1A46B77B00CF0887 /* Cells */ = {
			isa = PBXGroup;
			children = (
				571A75B31A46DBEB00CF0887 /* FTCellTableViewCell.h */,
				571A75B41A46DBEB00CF0887 /* FTCellTableViewCell.m */,
				571A75AC1A46B81D00CF0887 /* FTInfoCellTableViewCell.h */,
				571A75AD1A46B81D00CF0887 /* FTInfoCellTableViewCell.m */,
			);
			path = Cells;
			sourceTree = "<group>";
		};
		571A75AF1A46C9A400CF0887 /* FTDelegate */ = {
			isa = PBXGroup;
			children = (
				571A75B01A46CA2900CF0887 /* SampleFTTableDelegate.h */,
				571A75B11A46CA2900CF0887 /* SampleFTTableDelegate.m */,
			);
			path = FTDelegate;
			sourceTree = "<group>";
		};
		57A7DE8617AA37FA00E74167 = {
			isa = PBXGroup;
			children = (
				57A7DED417AA38C900E74167 /* Obj-C-FusionTablesAPI */,
				57A7DEBC17AA37FB00E74167 /* Obj-C-FusionTablesAPITests */,
				57A7DED517AA38EA00E74167 /* Obj-C-FusionTablesSampleApp */,
				57A7DE9117AA37FB00E74167 /* Frameworks */,
				57A7DE9017AA37FB00E74167 /* Products */,
			);
			sourceTree = "<group>";
		};
		57A7DE9017AA37FB00E74167 /* Products */ = {
			isa = PBXGroup;
			children = (
				57A7DE8F17AA37FB00E74167 /* Obj-C-FusionTables.app */,
				57A7DEB517AA37FB00E74167 /* Obj-C-FusionTablesTests.xctest */,
			);
			name = Products;
			sourceTree = "<group>";
		};
		57A7DE9117AA37FB00E74167 /* Frameworks */ = {
			isa = PBXGroup;
			children = (
				57124BE617B0D78F0003A1F9 /* QuartzCore.framework */,
				578180E717ABF19700434135 /* MessageUI.framework */,
				57A7DF3517AA3AAE00E74167 /* Security.framework */,
				57A7DF3317AA3AA700E74167 /* SystemConfiguration.framework */,
				57A7DE9217AA37FB00E74167 /* UIKit.framework */,
				57A7DE9417AA37FB00E74167 /* Foundation.framework */,
				57A7DE9617AA37FB00E74167 /* CoreGraphics.framework */,
				57FAD01D17BA0F500055BE35 /* Other Frameworks */,
			);
			name = Frameworks;
			sourceTree = "<group>";
		};
		57A7DE9917AA37FB00E74167 /* Supporting Files */ = {
			isa = PBXGroup;
			children = (
				5713134C1A4EA0D800546DF3 /* Images.xcassets */,
				57A7DE9A17AA37FB00E74167 /* Obj-C-FusionTables-Info.plist */,
				57A7DE9B17AA37FB00E74167 /* InfoPlist.strings */,
				57A7DE9E17AA37FB00E74167 /* main.m */,
				57A7DEA017AA37FB00E74167 /* Obj-C-FusionTables-Prefix.pch */,
			);
			path = "Supporting Files";
			sourceTree = "<group>";
		};
		57A7DEBC17AA37FB00E74167 /* Obj-C-FusionTablesAPITests */ = {
			isa = PBXGroup;
			children = (
				57A7DEBD17AA37FB00E74167 /* Supporting Files */,
				5778303C17B9FBDC002A5CF6 /* FTResourceTestCaseBase.h */,
				5778303D17B9FBDC002A5CF6 /* FTResourceTestCaseBase.m */,
				578D6583191233CC00253F8F /* FTTableResourceTestCaseBase.h */,
				578D657F19122C0100253F8F /* FTTableResourceTestCaseBase.m */,
				57CDB26B1A554F94005DDD99 /* ObjCFTAPIResourceTableTests.m */,
				578D65811912304100253F8F /* ObjCFTAPIResourceStyleTests.m */,
				578D6584191234A400253F8F /* ObjCFTAPIResourceTemplateTests.m */,
				578CE62017BF9C08003CFD0A /* ObjCFusionTablesSQLQueryResourceTests.m */,
			);
			path = "Obj-C-FusionTablesAPITests";
			sourceTree = "<group>";
		};
		57A7DEBD17AA37FB00E74167 /* Supporting Files */ = {
			isa = PBXGroup;
			children = (
				57A7DEBE17AA37FB00E74167 /* Obj-C-FusionTablesTests-Info.plist */,
				57A7DEBF17AA37FB00E74167 /* InfoPlist.strings */,
			);
			path = "Supporting Files";
			sourceTree = "<group>";
		};
		57A7DED417AA38C900E74167 /* Obj-C-FusionTablesAPI */ = {
			isa = PBXGroup;
			children = (
				5708458C1A5974EE00D000DE /* utils */,
				57A7DF1717AA3A2500E74167 /* _Google Toolbox */,
				57A7DF0317AA3A1F00E74167 /* GoogleAPIKeys.plist */,
				57A7DF0417AA3A1F00E74167 /* GoogleAuthorizationController.h */,
				57A7DF0517AA3A1F00E74167 /* GoogleAuthorizationController.m */,
				57A7DED117AA387A00E74167 /* GoogleServicesHelper.h */,
				57A7DED217AA387A00E74167 /* GoogleServicesHelper.m */,
				57A7DF0617AA3A1F00E74167 /* FTAPIResource.h */,
				57A7DF0717AA3A1F00E74167 /* FTAPIResource.m */,
				57A7DF0817AA3A1F00E74167 /* FTTable.h */,
				57A7DF0917AA3A1F00E74167 /* FTTable.m */,
				57A7DF0A17AA3A1F00E74167 /* FTStyle.h */,
				57A7DF0B17AA3A1F00E74167 /* FTStyle.m */,
				57A7DF0C17AA3A1F00E74167 /* FTTemplate.h */,
				57A7DF0D17AA3A1F00E74167 /* FTTemplate.m */,
				578CE61917BE8D6C003CFD0A /* FTSQLQueryResource.h */,
				578CE61A17BE8D6D003CFD0A /* FTSQLQueryResource.m */,
				578CE61C17BF5A01003CFD0A /* FTSQLQuery.h */,
				578CE61D17BF5A02003CFD0A /* FTSQLQuery.m */,
				57FBFBC417AD6B9B00A275BA /* FTSQLQueryBuilder.h */,
				57FBFBC517AD6B9B00A275BA /* FTSQLQueryBuilder.m */,
			);
			path = "Obj-C-FusionTablesAPI";
			sourceTree = "<group>";
		};
		57A7DED517AA38EA00E74167 /* Obj-C-FusionTablesSampleApp */ = {
			isa = PBXGroup;
			children = (
				57A7DECD17AA385A00E74167 /* AppDelegate.h */,
				57A7DECE17AA385A00E74167 /* AppDelegate.m */,
				57124BD717B0D33B0003A1F9 /* App Services */,
				57BD698817B77B1F003EF96C /* View Controllers */,
				57A7DED617AA392800E74167 /* Sample Data */,
				57A7DE9917AA37FB00E74167 /* Supporting Files */,
			);
			path = "Obj-C-FusionTablesSampleApp";
			sourceTree = "<group>";
		};
		57A7DED617AA392800E74167 /* Sample Data */ = {
			isa = PBXGroup;
			children = (
				57A7DED717AA394700E74167 /* sampleInsertData.plist */,
				57A7DED817AA394700E74167 /* sampleUpdateData.plist */,
			);
			path = "Sample Data";
			sourceTree = "<group>";
		};
		57A7DEDC17AA396000E74167 /* UI Sections */ = {
			isa = PBXGroup;
			children = (
				57A7DEE017AA39A900E74167 /* SampleViewControllerFTBaseSection.h */,
				57A7DEE117AA39A900E74167 /* SampleViewControllerFTBaseSection.m */,
				57A7DEE417AA39A900E74167 /* SampleViewControllerFTStylingSection.h */,
				57A7DEE517AA39A900E74167 /* SampleViewControllerFTStylingSection.m */,
				57A7DEE617AA39A900E74167 /* SampleViewControllerInsertFTRowsSection.h */,
				57A7DEE717AA39A900E74167 /* SampleViewControllerInsertFTRowsSection.m */,
				57A7DEE817AA39A900E74167 /* SampleViewControllerFTSharingInfoSection.h */,
				57A7DEE917AA39A900E74167 /* SampleViewControllerFTSharingInfoSection.m */,
			);
			path = "UI Sections";
			sourceTree = "<group>";
		};
		57A7DEF717AA39ED00E74167 /* GroupedUITableViews */ = {
			isa = PBXGroup;
			children = (
				57A7DEF817AA3A0900E74167 /* GroupedTableSectionController.h */,
				57A7DEF917AA3A0900E74167 /* GroupedTableSectionController.m */,
				57A7DEFA17AA3A0900E74167 /* GroupedTableUIController.h */,
				57A7DEFB17AA3A0900E74167 /* GroupedTableUIController.m */,
				57A7DEFC17AA3A0900E74167 /* GroupedTableViewController.h */,
				57A7DEFD17AA3A0900E74167 /* GroupedTableViewController.m */,
			);
			path = GroupedUITableViews;
			sourceTree = "<group>";
		};
		57A7DF1717AA3A2500E74167 /* _Google Toolbox */ = {
			isa = PBXGroup;
			children = (
				578180D717AA995A00434135 /* GTMHTTPFetcher.h */,
				578180D817AA995A00434135 /* GTMHTTPFetcher.m */,
				578180D917AA995A00434135 /* GTMOAuth2Authentication.h */,
				578180DA17AA995A00434135 /* GTMOAuth2Authentication.m */,
				578180DB17AA995A00434135 /* GTMOAuth2SignIn.h */,
				578180DC17AA995A00434135 /* GTMOAuth2SignIn.m */,
				578180DD17AA995A00434135 /* GTMOAuth2ViewControllerTouch.h */,
				578180DE17AA995A00434135 /* GTMOAuth2ViewControllerTouch.m */,
				578180DF17AA995A00434135 /* GTMOAuth2ViewTouch.xib */,
			);
			path = "_Google Toolbox";
			sourceTree = "<group>";
		};
		57BD698817B77B1F003EF96C /* View Controllers */ = {
			isa = PBXGroup;
			children = (
				57BD698917B77B55003EF96C /* Master */,
				57BD698A17B77B68003EF96C /* Detail */,
			);
			path = "View Controllers";
			sourceTree = "<group>";
		};
		57BD698917B77B55003EF96C /* Master */ = {
			isa = PBXGroup;
			children = (
				571A75AF1A46C9A400CF0887 /* FTDelegate */,
				571A75AB1A46B77B00CF0887 /* Cells */,
				57162A4E17AE4DBA007DDDD2 /* FusionTablesViewController.h */,
				57162A4F17AE4DBA007DDDD2 /* FusionTablesViewController.m */,
			);
			path = Master;
			sourceTree = "<group>";
		};
		57BD698A17B77B68003EF96C /* Detail */ = {
			isa = PBXGroup;
			children = (
				571A75A81A46B0F000CF0887 /* EmptyDetailViewController.h */,
				571A75A91A46B0F000CF0887 /* EmptyDetailViewController.m */,
				579F704D1A53F88600C72985 /* FusionTableViewerViewController.h */,
				579F704E1A53F88600C72985 /* FusionTableViewerViewController.m */,
				57A7DEF717AA39ED00E74167 /* GroupedUITableViews */,
				57A7DEDC17AA396000E74167 /* UI Sections */,
				57A7DEEF17AA39C000E74167 /* SampleViewControllerUIController.h */,
				57A7DEF017AA39C000E74167 /* SampleViewControllerUIController.m */,
				57A7DEF117AA39C000E74167 /* SampleViewController.h */,
				57A7DEF217AA39C000E74167 /* SampleViewController.m */,
			);
			path = Detail;
			sourceTree = "<group>";
		};
		57F0B16A17B0EAFC00302E3C /* Icons Controller */ = {
			isa = PBXGroup;
			children = (
				57F0B16B17B0EBAA00302E3C /* AppIconsController.h */,
				57F0B16C17B0EBAA00302E3C /* AppIconsController.m */,
			);
			path = "Icons Controller";
			sourceTree = "<group>";
		};
		57FAD01D17BA0F500055BE35 /* Other Frameworks */ = {
			isa = PBXGroup;
			children = (
			);
			name = "Other Frameworks";
			sourceTree = "<group>";
		};
/* End PBXGroup section */

/* Begin PBXNativeTarget section */
		57A7DE8E17AA37FB00E74167 /* Obj-C-FusionTables */ = {
			isa = PBXNativeTarget;
			buildConfigurationList = 57A7DEC717AA37FB00E74167 /* Build configuration list for PBXNativeTarget "Obj-C-FusionTables" */;
			buildPhases = (
				57A7DE8B17AA37FB00E74167 /* Sources */,
				57A7DE8C17AA37FB00E74167 /* Frameworks */,
				57A7DE8D17AA37FB00E74167 /* Resources */,
			);
			buildRules = (
			);
			dependencies = (
			);
			name = "Obj-C-FusionTables";
			productName = "Obj-C-FusionTables";
			productReference = 57A7DE8F17AA37FB00E74167 /* Obj-C-FusionTables.app */;
			productType = "com.apple.product-type.application";
		};
		57A7DEB417AA37FB00E74167 /* Obj-C-FusionTablesTests */ = {
			isa = PBXNativeTarget;
			buildConfigurationList = 57A7DECA17AA37FB00E74167 /* Build configuration list for PBXNativeTarget "Obj-C-FusionTablesTests" */;
			buildPhases = (
				57A7DEB017AA37FB00E74167 /* Sources */,
				57A7DEB117AA37FB00E74167 /* Frameworks */,
				57A7DEB217AA37FB00E74167 /* Resources */,
				57A7DEB317AA37FB00E74167 /* ShellScript */,
			);
			buildRules = (
			);
			dependencies = (
				57A7DEBB17AA37FB00E74167 /* PBXTargetDependency */,
			);
			name = "Obj-C-FusionTablesTests";
			productName = "Obj-C-FusionTablesTests";
			productReference = 57A7DEB517AA37FB00E74167 /* Obj-C-FusionTablesTests.xctest */;
			productType = "com.apple.product-type.bundle.unit-test";
		};
/* End PBXNativeTarget section */

/* Begin PBXProject section */
		57A7DE8717AA37FA00E74167 /* Project object */ = {
			isa = PBXProject;
			attributes = {
				LastTestingUpgradeCheck = 0510;
				LastUpgradeCheck = 0460;
				ORGANIZATIONNAME = "Arseniy Kuznetsov";
				TargetAttributes = {
					57A7DE8E17AA37FB00E74167 = {
						DevelopmentTeam = 73TM6WSTY5;
					};
				};
			};
			buildConfigurationList = 57A7DE8A17AA37FA00E74167 /* Build configuration list for PBXProject "Obj-C-FusionTables" */;
			compatibilityVersion = "Xcode 3.2";
			developmentRegion = English;
			hasScannedForEncodings = 0;
			knownRegions = (
				en,
			);
			mainGroup = 57A7DE8617AA37FA00E74167;
			productRefGroup = 57A7DE9017AA37FB00E74167 /* Products */;
			projectDirPath = "";
			projectRoot = "";
			targets = (
				57A7DE8E17AA37FB00E74167 /* Obj-C-FusionTables */,
				57A7DEB417AA37FB00E74167 /* Obj-C-FusionTablesTests */,
			);
		};
/* End PBXProject section */

/* Begin PBXResourcesBuildPhase section */
		57A7DE8D17AA37FB00E74167 /* Resources */ = {
			isa = PBXResourcesBuildPhase;
			buildActionMask = 2147483647;
			files = (
				57A7DE9D17AA37FB00E74167 /* InfoPlist.strings in Resources */,
				57A7DED917AA394700E74167 /* sampleInsertData.plist in Resources */,
				57A7DEDA17AA394700E74167 /* sampleUpdateData.plist in Resources */,
				57A7DF1017AA3A1F00E74167 /* GoogleAPIKeys.plist in Resources */,
				578180E417AA995A00434135 /* GTMOAuth2ViewTouch.xib in Resources */,
				5713134D1A4EA0D800546DF3 /* Images.xcassets in Resources */,
			);
			runOnlyForDeploymentPostprocessing = 0;
		};
		57A7DEB217AA37FB00E74167 /* Resources */ = {
			isa = PBXResourcesBuildPhase;
			buildActionMask = 2147483647;
			files = (
				57A7DEC117AA37FB00E74167 /* InfoPlist.strings in Resources */,
			);
			runOnlyForDeploymentPostprocessing = 0;
		};
/* End PBXResourcesBuildPhase section */

/* Begin PBXShellScriptBuildPhase section */
		57A7DEB317AA37FB00E74167 /* ShellScript */ = {
			isa = PBXShellScriptBuildPhase;
			buildActionMask = 2147483647;
			files = (
			);
			inputPaths = (
			);
			outputPaths = (
			);
			runOnlyForDeploymentPostprocessing = 0;
			shellPath = /bin/sh;
			shellScript = "# Run the unit tests in this test bundle.\n\"${SYSTEM_DEVELOPER_DIR}/Tools/RunUnitTests\"\n";
		};
/* End PBXShellScriptBuildPhase section */

/* Begin PBXSourcesBuildPhase section */
		57A7DE8B17AA37FB00E74167 /* Sources */ = {
			isa = PBXSourcesBuildPhase;
			buildActionMask = 2147483647;
			files = (
				57A7DE9F17AA37FB00E74167 /* main.m in Sources */,
				571A75AE1A46B81D00CF0887 /* FTInfoCellTableViewCell.m in Sources */,
				5708458F1A59754100D000DE /* FTRowImporter.m in Sources */,
				571A75AA1A46B0F000CF0887 /* EmptyDetailViewController.m in Sources */,
				57A7DECF17AA385A00E74167 /* AppDelegate.m in Sources */,
				571A75B51A46DBEB00CF0887 /* FTCellTableViewCell.m in Sources */,
				579F704F1A53F88600C72985 /* FusionTableViewerViewController.m in Sources */,
				571A75B21A46CA2900CF0887 /* SampleFTTableDelegate.m in Sources */,
				57A7DED317AA387A00E74167 /* GoogleServicesHelper.m in Sources */,
				57A7DEEA17AA39A900E74167 /* SampleViewControllerFTBaseSection.m in Sources */,
				57A7DEEC17AA39A900E74167 /* SampleViewControllerFTStylingSection.m in Sources */,
				57A7DEED17AA39A900E74167 /* SampleViewControllerInsertFTRowsSection.m in Sources */,
				57A7DEEE17AA39A900E74167 /* SampleViewControllerFTSharingInfoSection.m in Sources */,
				57A7DEF417AA39C000E74167 /* SampleViewControllerUIController.m in Sources */,
				57A7DEF517AA39C000E74167 /* SampleViewController.m in Sources */,
				57A7DEFF17AA3A0900E74167 /* GroupedTableSectionController.m in Sources */,
				57A7DF0017AA3A0900E74167 /* GroupedTableUIController.m in Sources */,
				57A7DF0117AA3A0900E74167 /* GroupedTableViewController.m in Sources */,
				57A7DF1117AA3A1F00E74167 /* GoogleAuthorizationController.m in Sources */,
				57A7DF1217AA3A1F00E74167 /* FTAPIResource.m in Sources */,
				57A7DF1317AA3A1F00E74167 /* FTTable.m in Sources */,
				57A7DF1417AA3A1F00E74167 /* FTStyle.m in Sources */,
				57A7DF1517AA3A1F00E74167 /* FTTemplate.m in Sources */,
				578180E017AA995A00434135 /* GTMHTTPFetcher.m in Sources */,
				578180E117AA995A00434135 /* GTMOAuth2Authentication.m in Sources */,
				578180E217AA995A00434135 /* GTMOAuth2SignIn.m in Sources */,
				578180E317AA995A00434135 /* GTMOAuth2ViewControllerTouch.m in Sources */,
				57FBFBC617AD6B9B00A275BA /* FTSQLQueryBuilder.m in Sources */,
				57162A5117AE4DBA007DDDD2 /* FusionTablesViewController.m in Sources */,
				57124BDA17B0D3BF0003A1F9 /* AppGeneralServicesController.m in Sources */,
				57124BDD17B0D50F0003A1F9 /* DefaultTheme.m in Sources */,
				57124BE017B0D5260003A1F9 /* TintedTheme.m in Sources */,
				57F0B16D17B0EBAA00302E3C /* AppIconsController.m in Sources */,
				578CE61B17BE8D6D003CFD0A /* FTSQLQueryResource.m in Sources */,
				578CE61E17BF5A02003CFD0A /* FTSQLQuery.m in Sources */,
			);
			runOnlyForDeploymentPostprocessing = 0;
		};
		57A7DEB017AA37FB00E74167 /* Sources */ = {
			isa = PBXSourcesBuildPhase;
			buildActionMask = 2147483647;
			files = (
				578D658019122C0100253F8F /* FTTableResourceTestCaseBase.m in Sources */,
				578D6585191234A400253F8F /* ObjCFTAPIResourceTemplateTests.m in Sources */,
				5778303E17B9FBDC002A5CF6 /* FTResourceTestCaseBase.m in Sources */,
				57CDB26C1A554F94005DDD99 /* ObjCFTAPIResourceTableTests.m in Sources */,
				578D65821912304100253F8F /* ObjCFTAPIResourceStyleTests.m in Sources */,
				578CE62117BF9C08003CFD0A /* ObjCFusionTablesSQLQueryResourceTests.m in Sources */,
			);
			runOnlyForDeploymentPostprocessing = 0;
		};
/* End PBXSourcesBuildPhase section */

/* Begin PBXTargetDependency section */
		57A7DEBB17AA37FB00E74167 /* PBXTargetDependency */ = {
			isa = PBXTargetDependency;
			target = 57A7DE8E17AA37FB00E74167 /* Obj-C-FusionTables */;
			targetProxy = 57A7DEBA17AA37FB00E74167 /* PBXContainerItemProxy */;
		};
/* End PBXTargetDependency section */

/* Begin PBXVariantGroup section */
		57A7DE9B17AA37FB00E74167 /* InfoPlist.strings */ = {
			isa = PBXVariantGroup;
			children = (
				57A7DE9C17AA37FB00E74167 /* en */,
			);
			name = InfoPlist.strings;
			sourceTree = "<group>";
		};
		57A7DEBF17AA37FB00E74167 /* InfoPlist.strings */ = {
			isa = PBXVariantGroup;
			children = (
				57A7DEC017AA37FB00E74167 /* en */,
			);
			name = InfoPlist.strings;
			sourceTree = "<group>";
		};
/* End PBXVariantGroup section */

/* Begin XCBuildConfiguration section */
		57A7DEC517AA37FB00E74167 /* Debug */ = {
			isa = XCBuildConfiguration;
			buildSettings = {
				ALWAYS_SEARCH_USER_PATHS = NO;
				CLANG_CXX_LANGUAGE_STANDARD = "gnu++0x";
				CLANG_CXX_LIBRARY = "libc++";
				CLANG_ENABLE_OBJC_ARC = YES;
				CLANG_WARN_CONSTANT_CONVERSION = YES;
				CLANG_WARN_EMPTY_BODY = YES;
				CLANG_WARN_ENUM_CONVERSION = YES;
				CLANG_WARN_INT_CONVERSION = YES;
				CLANG_WARN__DUPLICATE_METHOD_MATCH = YES;
				CODE_SIGN_IDENTITY = "iPhone Developer: Arseniy Kuznetsov (FS7C2LRYG7)";
				"CODE_SIGN_IDENTITY[sdk=iphoneos*]" = "iPhone Developer: Arseniy Kuznetsov (FS7C2LRYG7)";
				COPY_PHASE_STRIP = NO;
				GCC_C_LANGUAGE_STANDARD = gnu99;
				GCC_DYNAMIC_NO_PIC = NO;
				GCC_OPTIMIZATION_LEVEL = 0;
				GCC_PREPROCESSOR_DEFINITIONS = (
					"DEBUG=1",
					"$(inherited)",
				);
				GCC_SYMBOLS_PRIVATE_EXTERN = NO;
				GCC_WARN_ABOUT_RETURN_TYPE = YES;
				GCC_WARN_UNINITIALIZED_AUTOS = YES;
				GCC_WARN_UNUSED_VARIABLE = YES;
				IPHONEOS_DEPLOYMENT_TARGET = 8.0;
				ONLY_ACTIVE_ARCH = YES;
				PROVISIONING_PROFILE = "BF9654DC-3492-49F8-BB14-2ABCE2009FB0";
				"PROVISIONING_PROFILE[sdk=iphoneos*]" = "BF9654DC-3492-49F8-BB14-2ABCE2009FB0";
				SDKROOT = iphoneos;
			};
			name = Debug;
		};
		57A7DEC617AA37FB00E74167 /* Release */ = {
			isa = XCBuildConfiguration;
			buildSettings = {
				ALWAYS_SEARCH_USER_PATHS = NO;
				CLANG_CXX_LANGUAGE_STANDARD = "gnu++0x";
				CLANG_CXX_LIBRARY = "libc++";
				CLANG_ENABLE_OBJC_ARC = YES;
				CLANG_WARN_CONSTANT_CONVERSION = YES;
				CLANG_WARN_EMPTY_BODY = YES;
				CLANG_WARN_ENUM_CONVERSION = YES;
				CLANG_WARN_INT_CONVERSION = YES;
				CLANG_WARN__DUPLICATE_METHOD_MATCH = YES;
				CODE_SIGN_IDENTITY = "iPhone Developer: Arseniy Kuznetsov (FS7C2LRYG7)";
				"CODE_SIGN_IDENTITY[sdk=iphoneos*]" = "iPhone Distribution: Arseniy Kuznetsov (73TM6WSTY5)";
				COPY_PHASE_STRIP = YES;
				GCC_C_LANGUAGE_STANDARD = gnu99;
				GCC_WARN_ABOUT_RETURN_TYPE = YES;
				GCC_WARN_UNINITIALIZED_AUTOS = YES;
				GCC_WARN_UNUSED_VARIABLE = YES;
				IPHONEOS_DEPLOYMENT_TARGET = 8.0;
				OTHER_CFLAGS = "-DNS_BLOCK_ASSERTIONS=1";
				PROVISIONING_PROFILE = "BF9654DC-3492-49F8-BB14-2ABCE2009FB0";
				"PROVISIONING_PROFILE[sdk=iphoneos*]" = "8F82E8D2-6885-4054-83A3-47D7C8AD7FA2";
				SDKROOT = iphoneos;
				VALIDATE_PRODUCT = YES;
			};
			name = Release;
		};
		57A7DEC817AA37FB00E74167 /* Debug */ = {
			isa = XCBuildConfiguration;
			buildSettings = {
				ASSETCATALOG_COMPILER_APPICON_NAME = AppIcon;
				ASSETCATALOG_COMPILER_LAUNCHIMAGE_NAME = LaunchImage;
				CODE_SIGN_IDENTITY = "iPhone Developer";
				"CODE_SIGN_IDENTITY[sdk=iphoneos*]" = "iPhone Developer";
				GCC_PRECOMPILE_PREFIX_HEADER = YES;
				GCC_PREFIX_HEADER = "Obj-C-FusionTablesSampleApp/Supporting Files/Obj-C-FusionTables-Prefix.pch";
				INFOPLIST_FILE = "Obj-C-FusionTablesSampleApp/Supporting Files/Obj-C-FusionTables-Info.plist";
				IPHONEOS_DEPLOYMENT_TARGET = 8.0;
				PRODUCT_NAME = "$(TARGET_NAME)";
				PROVISIONING_PROFILE = "";
				TARGETED_DEVICE_FAMILY = "1,2";
				WRAPPER_EXTENSION = app;
			};
			name = Debug;
		};
		57A7DEC917AA37FB00E74167 /* Release */ = {
			isa = XCBuildConfiguration;
			buildSettings = {
				ASSETCATALOG_COMPILER_APPICON_NAME = AppIcon;
				ASSETCATALOG_COMPILER_LAUNCHIMAGE_NAME = LaunchImage;
				CODE_SIGN_IDENTITY = "iPhone Developer";
				"CODE_SIGN_IDENTITY[sdk=iphoneos*]" = "iPhone Developer";
				GCC_PRECOMPILE_PREFIX_HEADER = YES;
				GCC_PREFIX_HEADER = "Obj-C-FusionTablesSampleApp/Supporting Files/Obj-C-FusionTables-Prefix.pch";
				INFOPLIST_FILE = "Obj-C-FusionTablesSampleApp/Supporting Files/Obj-C-FusionTables-Info.plist";
				IPHONEOS_DEPLOYMENT_TARGET = 8.0;
				PRODUCT_NAME = "$(TARGET_NAME)";
				PROVISIONING_PROFILE = "";
				TARGETED_DEVICE_FAMILY = "1,2";
				WRAPPER_EXTENSION = app;
			};
			name = Release;
		};
		57A7DECB17AA37FB00E74167 /* Debug */ = {
			isa = XCBuildConfiguration;
			buildSettings = {
				BUNDLE_LOADER = "$(BUILT_PRODUCTS_DIR)/Obj-C-FusionTables.app/Obj-C-FusionTables";
				FRAMEWORK_SEARCH_PATHS = (
					"\"$(SDKROOT)/Developer/Library/Frameworks\"",
					"\"$(DEVELOPER_LIBRARY_DIR)/Frameworks\"",
					"$(inherited)",
				);
				GCC_PRECOMPILE_PREFIX_HEADER = YES;
				GCC_PREFIX_HEADER = "Obj-C-FusionTablesSampleApp/Supporting Files/Obj-C-FusionTables-Prefix.pch";
				INFOPLIST_FILE = "Obj-C-FusionTablesAPITests/Supporting Files/Obj-C-FusionTablesTests-Info.plist";
				PRODUCT_NAME = "$(TARGET_NAME)";
				TEST_HOST = "$(BUNDLE_LOADER)";
			};
			name = Debug;
		};
		57A7DECC17AA37FB00E74167 /* Release */ = {
			isa = XCBuildConfiguration;
			buildSettings = {
				BUNDLE_LOADER = "$(BUILT_PRODUCTS_DIR)/Obj-C-FusionTables.app/Obj-C-FusionTables";
				FRAMEWORK_SEARCH_PATHS = (
					"\"$(SDKROOT)/Developer/Library/Frameworks\"",
					"\"$(DEVELOPER_LIBRARY_DIR)/Frameworks\"",
					"$(inherited)",
				);
				GCC_PRECOMPILE_PREFIX_HEADER = YES;
				GCC_PREFIX_HEADER = "Obj-C-FusionTablesSampleApp/Supporting Files/Obj-C-FusionTables-Prefix.pch";
				INFOPLIST_FILE = "Obj-C-FusionTablesAPITests/Supporting Files/Obj-C-FusionTablesTests-Info.plist";
				PRODUCT_NAME = "$(TARGET_NAME)";
				TEST_HOST = "$(BUNDLE_LOADER)";
			};
			name = Release;
		};
/* End XCBuildConfiguration section */

/* Begin XCConfigurationList section */
		57A7DE8A17AA37FA00E74167 /* Build configuration list for PBXProject "Obj-C-FusionTables" */ = {
			isa = XCConfigurationList;
			buildConfigurations = (
				57A7DEC517AA37FB00E74167 /* Debug */,
				57A7DEC617AA37FB00E74167 /* Release */,
			);
			defaultConfigurationIsVisible = 0;
			defaultConfigurationName = Release;
		};
		57A7DEC717AA37FB00E74167 /* Build configuration list for PBXNativeTarget "Obj-C-FusionTables" */ = {
			isa = XCConfigurationList;
			buildConfigurations = (
				57A7DEC817AA37FB00E74167 /* Debug */,
				57A7DEC917AA37FB00E74167 /* Release */,
			);
			defaultConfigurationIsVisible = 0;
			defaultConfigurationName = Release;
		};
		57A7DECA17AA37FB00E74167 /* Build configuration list for PBXNativeTarget "Obj-C-FusionTablesTests" */ = {
			isa = XCConfigurationList;
			buildConfigurations = (
				57A7DECB17AA37FB00E74167 /* Debug */,
				57A7DECC17AA37FB00E74167 /* Release */,
			);
			defaultConfigurationIsVisible = 0;
			defaultConfigurationName = Release;
		};
/* End XCConfigurationList section */
	};
	rootObject = 57A7DE8717AA37FA00E74167 /* Project object */;
}
